
Microsoft Visual Studio Solution File, Format Version 12.00
# Visual Studio 14
VisualStudioVersion = 14.0.25420.1
MinimumVisualStudioVersion = 10.0.40219.1
Project("{F2A71F9B-5D33-465A-A702-920D77279786}") = "FSharpTest1", "FSharpTest1\FSharpTest1.fsproj", "{3CD8C0E1-EE1A-4927-A0A0-62FAE22BCE74}"
EndProject
Project("{F2A71F9B-5D33-465A-A702-920D77279786}") = "FSharpTest2", "FSharpTest2\FSharpTest2.fsproj", "{D6EE3E6B-A69B-4EA5-9A00-66ABC2C06E26}"
EndProject
Global
	GlobalSection(SolutionConfigurationPlatforms) = preSolution
		Debug|Any CPU = Debug|Any CPU
		Release|Any CPU = Release|Any CPU
	EndGlobalSection
	GlobalSection(ProjectConfigurationPlatforms) = postSolution
		{3CD8C0E1-EE1A-4927-A0A0-62FAE22BCE74}.Debug|Any CPU.ActiveCfg = Debug|Any CPU
		{3CD8C0E1-EE1A-4927-A0A0-62FAE22BCE74}.Debug|Any CPU.Build.0 = Debug|Any CPU
		{3CD8C0E1-EE1A-4927-A0A0-62FAE22BCE74}.Release|Any CPU.ActiveCfg = Release|Any CPU
		{3CD8C0E1-EE1A-4927-A0A0-62FAE22BCE74}.Release|Any CPU.Build.0 = Release|Any CPU
		{D6EE3E6B-A69B-4EA5-9A00-66ABC2C06E26}.Debug|Any CPU.ActiveCfg = Debug|Any CPU
		{D6EE3E6B-A69B-4EA5-9A00-66ABC2C06E26}.Debug|Any CPU.Build.0 = Debug|Any CPU
		{D6EE3E6B-A69B-4EA5-9A00-66ABC2C06E26}.Release|Any CPU.ActiveCfg = Release|Any CPU
		{D6EE3E6B-A69B-4EA5-9A00-66ABC2C06E26}.Release|Any CPU.Build.0 = Release|Any CPU
	EndGlobalSection
	GlobalSection(SolutionProperties) = preSolution
		HideSolutionNode = FALSE
	EndGlobalSection
EndGlobal
