
Microsoft Visual Studio Solution File, Format Version 12.00
# Visual Studio 14
VisualStudioVersion = 14.0.25420.1
MinimumVisualStudioVersion = 10.0.40219.1
Project("{F2A71F9B-5D33-465A-A702-920D77279786}") = "FSharpTestA1", "FSharpTestA1\FSharpTestA1.fsproj", "{813F426A-A07F-43F1-AB71-C10F0125098E}"
EndProject
Project("{F2A71F9B-5D33-465A-A702-920D77279786}") = "FSharpTestA2", "FSharpTestA2\FSharpTestA2.fsproj", "{6A9A236B-48F8-498F-BA17-EECB9C69B802}"
EndProject
Project("{F2A71F9B-5D33-465A-A702-920D77279786}") = "FSharpTestA3", "FSharpTestA3\FSharpTestA3.fsproj", "{2F2E0BF4-277B-4F3E-A07C-E5A2AD8D8556}"
EndProject
Project("{F2A71F9B-5D33-465A-A702-920D77279786}") = "FSharpTestA4", "FSharpTestA4\FSharpTestA4.fsproj", "{AB2BF746-41BE-4566-BA94-E9EB20B0A40B}"
EndProject
Project("{F2A71F9B-5D33-465A-A702-920D77279786}") = "FSharpTestA5", "FSharpTestA5\FSharpTestA5.fsproj", "{918FF8F4-73B4-484A-9974-7963C63783E1}"
EndProject
Project("{F2A71F9B-5D33-465A-A702-920D77279786}") = "FSharpTestA6", "FSharpTestA6\FSharpTestA6.fsproj", "{60239BA9-9FD2-486F-BAAD-506AA30D800A}"
EndProject
Project("{F2A71F9B-5D33-465A-A702-920D77279786}") = "FSharpTestA7", "FSharpTestA7\FSharpTestA7.fsproj", "{2D1C9DAF-74FD-4355-9E98-4DC827D23F40}"
EndProject
Project("{F2A71F9B-5D33-465A-A702-920D77279786}") = "FSharpTestA8", "FSharpTestA8\FSharpTestA8.fsproj", "{4788E086-220D-46AC-B782-F5783B6AF0D8}"
EndProject
Project("{F2A71F9B-5D33-465A-A702-920D77279786}") = "FSharpTestA9", "FSharpTestA9\FSharpTestA9.fsproj", "{8D773836-5262-4D88-90FC-D28EFF33CFB2}"
EndProject
Project("{F2A71F9B-5D33-465A-A702-920D77279786}") = "FSharpTestA10", "FSharpTestA10\FSharpTestA10.fsproj", "{688FBD95-8AFE-4C4D-BF10-108443DEE1DE}"
EndProject
Project("{F2A71F9B-5D33-465A-A702-920D77279786}") = "FSharpTestA11", "FSharpTestA11\FSharpTestA11.fsproj", "{2DAFC297-0487-4F46-8760-E24E5A7CD16F}"
EndProject
Project("{F2A71F9B-5D33-465A-A702-920D77279786}") = "FSharpTestA12", "FSharpTestA12\FSharpTestA12.fsproj", "{8C3D8C81-E013-4180-93D0-EFDF386F7206}"
EndProject
Project("{F2A71F9B-5D33-465A-A702-920D77279786}") = "FSharpTestA13", "FSharpTestA13\FSharpTestA13.fsproj", "{04A07042-8A0E-46AD-81F1-E973C12A912D}"
EndProject
Project("{F2A71F9B-5D33-465A-A702-920D77279786}") = "FSharpTestA14", "FSharpTestA14\FSharpTestA14.fsproj", "{C2C2D4A7-552D-409D-8FAC-448503885C20}"
EndProject
Project("{F2A71F9B-5D33-465A-A702-920D77279786}") = "FSharpTestA15", "FSharpTestA15\FSharpTestA15.fsproj", "{8DEFB004-52DB-4867-88E0-125758E97699}"
EndProject
Project("{F2A71F9B-5D33-465A-A702-920D77279786}") = "FSharpTestA16", "FSharpTestA16\FSharpTestA16.fsproj", "{285703CA-540C-4C3A-8FCB-08132343C549}"
EndProject
Project("{F2A71F9B-5D33-465A-A702-920D77279786}") = "FSharpTestA17", "FSharpTestA17\FSharpTestA17.fsproj", "{1B41FAFC-7376-41B2-959D-1AB7FF99CA3F}"
EndProject
Project("{F2A71F9B-5D33-465A-A702-920D77279786}") = "FSharpTestA18", "FSharpTestA18\FSharpTestA18.fsproj", "{CDBFF159-3B29-4D50-8F12-BA1D3817442D}"
EndProject
Project("{F2A71F9B-5D33-465A-A702-920D77279786}") = "FSharpTestA19", "FSharpTestA19\FSharpTestA19.fsproj", "{3C396BDB-40AF-4BFE-8945-2C333F9265D6}"
EndProject
Project("{F2A71F9B-5D33-465A-A702-920D77279786}") = "FSharpTestA20", "FSharpTestA20\FSharpTestA20.fsproj", "{1CFFE4A5-A8D0-49CD-95BA-AC54B88977D0}"
EndProject
Project("{F2A71F9B-5D33-465A-A702-920D77279786}") = "FSharpTestA21", "FSharpTestA21\FSharpTestA21.fsproj", "{98D1D3C5-FE44-436C-A0CA-28B6EB3F4B3A}"
EndProject
Project("{F2A71F9B-5D33-465A-A702-920D77279786}") = "FSharpTestA22", "FSharpTestA22\FSharpTestA22.fsproj", "{BB1801DF-1EFF-409D-947E-FFE34DFE7DBA}"
EndProject
Project("{F2A71F9B-5D33-465A-A702-920D77279786}") = "FSharpTestA23", "FSharpTestA23\FSharpTestA23.fsproj", "{C1D523FC-5209-427D-A0F4-9E2E1BA687C4}"
EndProject
Project("{F2A71F9B-5D33-465A-A702-920D77279786}") = "FSharpTestA24", "FSharpTestA24\FSharpTestA24.fsproj", "{01EDDF49-34E0-4E35-9188-03E51110CEB7}"
EndProject
Project("{F2A71F9B-5D33-465A-A702-920D77279786}") = "FSharpTestA25", "FSharpTestA25\FSharpTestA25.fsproj", "{CF2C997A-87B3-4360-8A58-46BE33D0869B}"
EndProject
Project("{F2A71F9B-5D33-465A-A702-920D77279786}") = "FSharpTestA26", "FSharpTestA26\FSharpTestA26.fsproj", "{FE658435-A382-4C1F-B852-7D67B7D41C74}"
EndProject
Project("{F2A71F9B-5D33-465A-A702-920D77279786}") = "FSharpTestA27", "FSharpTestA27\FSharpTestA27.fsproj", "{9235241D-3418-4969-910E-C69A8CC5E38C}"
EndProject
Project("{F2A71F9B-5D33-465A-A702-920D77279786}") = "FSharpTestA28", "FSharpTestA28\FSharpTestA28.fsproj", "{1BCA73AD-D9B8-406A-8D31-FC84E21830FC}"
EndProject
Project("{F2A71F9B-5D33-465A-A702-920D77279786}") = "FSharpTestA29", "FSharpTestA29\FSharpTestA29.fsproj", "{370879C7-1380-4892-A87F-ACDC39B9B677}"
EndProject
Project("{F2A71F9B-5D33-465A-A702-920D77279786}") = "FSharpTestA30", "FSharpTestA30\FSharpTestA30.fsproj", "{92F53F25-F6AE-4875-8B88-AB2DE09CA568}"
EndProject
Project("{F2A71F9B-5D33-465A-A702-920D77279786}") = "FSharpTestA31", "FSharpTestA31\FSharpTestA31.fsproj", "{C7B5E55F-4C25-4DF6-9E74-020D5756D4D4}"
EndProject
Project("{F2A71F9B-5D33-465A-A702-920D77279786}") = "FSharpTestA32", "FSharpTestA32\FSharpTestA32.fsproj", "{57F6C3C0-BE5F-4F34-BFA7-0C40D97921EF}"
EndProject
Project("{F2A71F9B-5D33-465A-A702-920D77279786}") = "FSharpTestA33", "FSharpTestA33\FSharpTestA33.fsproj", "{4BF6E5F4-009A-4F33-A00D-9DDE74202C2F}"
EndProject
Project("{F2A71F9B-5D33-465A-A702-920D77279786}") = "FSharpTestA34", "FSharpTestA34\FSharpTestA34.fsproj", "{1D65DF80-A4B8-4F62-9504-07BCBA40F741}"
EndProject
Project("{F2A71F9B-5D33-465A-A702-920D77279786}") = "FSharpTestA35", "FSharpTestA35\FSharpTestA35.fsproj", "{29F73265-173C-40A4-9D28-76A1ED1D1D5A}"
EndProject
Project("{F2A71F9B-5D33-465A-A702-920D77279786}") = "FSharpTestA36", "FSharpTestA36\FSharpTestA36.fsproj", "{CAFD1E69-91EA-44E1-B8EA-429C3ADB10B5}"
EndProject
Project("{F2A71F9B-5D33-465A-A702-920D77279786}") = "FSharpTestA37", "FSharpTestA37\FSharpTestA37.fsproj", "{B1FEDD54-5A16-4735-9253-1CAC20C6676A}"
EndProject
Project("{F2A71F9B-5D33-465A-A702-920D77279786}") = "FSharpTestA38", "FSharpTestA38\FSharpTestA38.fsproj", "{17CBF86D-3037-4206-BBD8-4E47210B3B04}"
EndProject
Project("{F2A71F9B-5D33-465A-A702-920D77279786}") = "FSharpTestA39", "FSharpTestA39\FSharpTestA39.fsproj", "{D932D15D-9A70-4313-895F-A61069C4417D}"
EndProject
Project("{F2A71F9B-5D33-465A-A702-920D77279786}") = "FSharpTestA40", "FSharpTestA40\FSharpTestA40.fsproj", "{A8E92353-7374-445B-9017-65B7B47AFF52}"
EndProject
Project("{F2A71F9B-5D33-465A-A702-920D77279786}") = "FSharpTestA41", "FSharpTestA41\FSharpTestA41.fsproj", "{88BA3F85-14E6-4124-A54A-420365506C9C}"
EndProject
Project("{F2A71F9B-5D33-465A-A702-920D77279786}") = "FSharpTestA42", "FSharpTestA42\FSharpTestA42.fsproj", "{0160F03E-94C9-4A1D-95E4-FAE8D849A3E2}"
EndProject
Project("{F2A71F9B-5D33-465A-A702-920D77279786}") = "FSharpTestA43", "FSharpTestA43\FSharpTestA43.fsproj", "{AFCD77B3-AB16-4069-B37F-57FD050FF515}"
EndProject
Project("{F2A71F9B-5D33-465A-A702-920D77279786}") = "FSharpTestA44", "FSharpTestA44\FSharpTestA44.fsproj", "{8C9FA250-5DEC-4F97-B53F-FF391C823FE1}"
EndProject
Project("{F2A71F9B-5D33-465A-A702-920D77279786}") = "FSharpTestA45", "FSharpTestA45\FSharpTestA45.fsproj", "{2D307455-8D30-4CF5-A6D9-BD96465F0461}"
EndProject
Project("{F2A71F9B-5D33-465A-A702-920D77279786}") = "FSharpTestA46", "FSharpTestA46\FSharpTestA46.fsproj", "{4D779305-1DE5-430C-94A7-16118D2AC471}"
EndProject
Project("{F2A71F9B-5D33-465A-A702-920D77279786}") = "FSharpTestA47", "FSharpTestA47\FSharpTestA47.fsproj", "{7F0DFC44-47D5-4B50-B397-D3B15F9E6829}"
EndProject
Project("{F2A71F9B-5D33-465A-A702-920D77279786}") = "FSharpTestA48", "FSharpTestA48\FSharpTestA48.fsproj", "{AB05A9D9-CD26-461B-B10E-B1D70C5228FC}"
EndProject
Project("{F2A71F9B-5D33-465A-A702-920D77279786}") = "FSharpTestA49", "FSharpTestA49\FSharpTestA49.fsproj", "{01C411E6-1A68-491D-9D04-CCDDE98E5898}"
EndProject
Project("{F2A71F9B-5D33-465A-A702-920D77279786}") = "FSharpTestA50", "FSharpTestA50\FSharpTestA50.fsproj", "{FFF04215-1664-4ED9-9B01-9CE12CB3ADE5}"
EndProject
Project("{F2A71F9B-5D33-465A-A702-920D77279786}") = "FSharpTestB1", "FSharpTestB1\FSharpTestB1.fsproj", "{0648204D-2AB6-4B40-95C1-58BC6856434D}"
EndProject
Project("{F2A71F9B-5D33-465A-A702-920D77279786}") = "FSharpTestB2", "FSharpTestB2\FSharpTestB2.fsproj", "{C613A37F-9137-4309-8824-E986A35AFF02}"
EndProject
Project("{F2A71F9B-5D33-465A-A702-920D77279786}") = "FSharpTestB3", "FSharpTestB3\FSharpTestB3.fsproj", "{73A0EA40-E7A5-40F8-A531-A846B5D1209F}"
EndProject
Project("{F2A71F9B-5D33-465A-A702-920D77279786}") = "FSharpTestB4", "FSharpTestB4\FSharpTestB4.fsproj", "{1AA943D6-4B44-416E-AA99-450FE5666A0D}"
EndProject
Project("{F2A71F9B-5D33-465A-A702-920D77279786}") = "FSharpTestB5", "FSharpTestB5\FSharpTestB5.fsproj", "{69D96EDE-9CE3-447B-B65F-0157394F15C7}"
EndProject
Project("{F2A71F9B-5D33-465A-A702-920D77279786}") = "FSharpTestB6", "FSharpTestB6\FSharpTestB6.fsproj", "{30C23681-CF88-487C-AEBF-ED6E07530091}"
EndProject
Project("{F2A71F9B-5D33-465A-A702-920D77279786}") = "FSharpTestB7", "FSharpTestB7\FSharpTestB7.fsproj", "{0A1C668A-0E02-43ED-9F1C-75E03FC5DFF7}"
EndProject
Project("{F2A71F9B-5D33-465A-A702-920D77279786}") = "FSharpTestB8", "FSharpTestB8\FSharpTestB8.fsproj", "{398BDD8B-97EE-4036-885A-3E726B9531C1}"
EndProject
Project("{F2A71F9B-5D33-465A-A702-920D77279786}") = "FSharpTestB9", "FSharpTestB9\FSharpTestB9.fsproj", "{94D7D815-C214-4089-A037-BBB69ACE0AB8}"
EndProject
Project("{F2A71F9B-5D33-465A-A702-920D77279786}") = "FSharpTestB10", "FSharpTestB10\FSharpTestB10.fsproj", "{1DE60036-2861-4039-912F-4179EACF41FC}"
EndProject
Project("{F2A71F9B-5D33-465A-A702-920D77279786}") = "FSharpTestB11", "FSharpTestB11\FSharpTestB11.fsproj", "{F48E61D4-395E-44FE-AF14-CD7C53CDE73A}"
EndProject
Project("{F2A71F9B-5D33-465A-A702-920D77279786}") = "FSharpTestB12", "FSharpTestB12\FSharpTestB12.fsproj", "{847A26FC-1CD5-452C-A4F8-99AFBA67EABE}"
EndProject
Project("{F2A71F9B-5D33-465A-A702-920D77279786}") = "FSharpTestB13", "FSharpTestB13\FSharpTestB13.fsproj", "{D424E3B7-CF67-4CB8-81C4-3080E80375EE}"
EndProject
Project("{F2A71F9B-5D33-465A-A702-920D77279786}") = "FSharpTestB14", "FSharpTestB14\FSharpTestB14.fsproj", "{3D5C37FD-3BA4-4CA5-8D69-3E740EDF01FD}"
EndProject
Project("{F2A71F9B-5D33-465A-A702-920D77279786}") = "FSharpTestB15", "FSharpTestB15\FSharpTestB15.fsproj", "{E1A3B123-B756-4D47-BF43-F9EE1783D4EC}"
EndProject
Project("{F2A71F9B-5D33-465A-A702-920D77279786}") = "FSharpTestB16", "FSharpTestB16\FSharpTestB16.fsproj", "{58244D9E-0647-4FCD-B875-3B58FD20710D}"
EndProject
Project("{F2A71F9B-5D33-465A-A702-920D77279786}") = "FSharpTestB17", "FSharpTestB17\FSharpTestB17.fsproj", "{53EBB201-BED8-4B2C-AF49-D9A090587C1A}"
EndProject
Project("{F2A71F9B-5D33-465A-A702-920D77279786}") = "FSharpTestB18", "FSharpTestB18\FSharpTestB18.fsproj", "{2FFF5C7E-E8FE-4A4E-BC60-D8466B2F5166}"
EndProject
Project("{F2A71F9B-5D33-465A-A702-920D77279786}") = "FSharpTestB19", "FSharpTestB19\FSharpTestB19.fsproj", "{2C56DF9F-1CA6-4E3B-815C-8D9CC8752B3F}"
EndProject
Project("{F2A71F9B-5D33-465A-A702-920D77279786}") = "FSharpTestB20", "FSharpTestB20\FSharpTestB20.fsproj", "{788CC261-BFC4-4B6E-BD21-7B394028BFC2}"
EndProject
Project("{F2A71F9B-5D33-465A-A702-920D77279786}") = "FSharpTestB21", "FSharpTestB21\FSharpTestB21.fsproj", "{4F6C2355-4203-4E17-8322-68B3D8738497}"
EndProject
Project("{F2A71F9B-5D33-465A-A702-920D77279786}") = "FSharpTestB22", "FSharpTestB22\FSharpTestB22.fsproj", "{E07A9C9C-11E8-453E-A5C1-F39419BC9889}"
EndProject
Project("{F2A71F9B-5D33-465A-A702-920D77279786}") = "FSharpTestB23", "FSharpTestB23\FSharpTestB23.fsproj", "{3F1382F9-F5C5-48AD-A1D4-27A4BD1448E1}"
EndProject
Project("{F2A71F9B-5D33-465A-A702-920D77279786}") = "FSharpTestB24", "FSharpTestB24\FSharpTestB24.fsproj", "{BACF1386-5E9F-483D-919E-ECBC19FC1A3F}"
EndProject
Project("{F2A71F9B-5D33-465A-A702-920D77279786}") = "FSharpTestB25", "FSharpTestB25\FSharpTestB25.fsproj", "{1D7809F5-E022-4E07-8500-6068B77F14A8}"
EndProject
Project("{F2A71F9B-5D33-465A-A702-920D77279786}") = "FSharpTestB26", "FSharpTestB26\FSharpTestB26.fsproj", "{621976AB-A998-4C9B-8791-2BC72335C287}"
EndProject
Project("{F2A71F9B-5D33-465A-A702-920D77279786}") = "FSharpTestB27", "FSharpTestB27\FSharpTestB27.fsproj", "{8A32E497-B253-4813-8D2D-85728EEDACBC}"
EndProject
Project("{F2A71F9B-5D33-465A-A702-920D77279786}") = "FSharpTestB28", "FSharpTestB28\FSharpTestB28.fsproj", "{AAC573C7-5B6C-48E7-B74F-A9CBD54CBC30}"
EndProject
Project("{F2A71F9B-5D33-465A-A702-920D77279786}") = "FSharpTestB29", "FSharpTestB29\FSharpTestB29.fsproj", "{ED386A9E-AA08-462C-93CB-E8349AFD6849}"
EndProject
Project("{F2A71F9B-5D33-465A-A702-920D77279786}") = "FSharpTestB30", "FSharpTestB30\FSharpTestB30.fsproj", "{EA27DB01-9EA4-411E-B2AD-E549D82FD588}"
EndProject
Project("{F2A71F9B-5D33-465A-A702-920D77279786}") = "FSharpTestB31", "FSharpTestB31\FSharpTestB31.fsproj", "{BA46E9F5-7EEF-4F02-B500-0063B9C61F9A}"
EndProject
Project("{F2A71F9B-5D33-465A-A702-920D77279786}") = "FSharpTestB32", "FSharpTestB32\FSharpTestB32.fsproj", "{A3AD1EBD-0ADF-40BE-8561-D77FEC5D1E1B}"
EndProject
Project("{F2A71F9B-5D33-465A-A702-920D77279786}") = "FSharpTestB33", "FSharpTestB33\FSharpTestB33.fsproj", "{85841BE9-4035-40CF-9056-E0B8D15AED0C}"
EndProject
Project("{F2A71F9B-5D33-465A-A702-920D77279786}") = "FSharpTestB34", "FSharpTestB34\FSharpTestB34.fsproj", "{FE752B64-0445-4F39-9A94-E7522A5A8C10}"
EndProject
Project("{F2A71F9B-5D33-465A-A702-920D77279786}") = "FSharpTestB35", "FSharpTestB35\FSharpTestB35.fsproj", "{B26A1A69-3829-476C-B371-B30FB8672298}"
EndProject
Project("{F2A71F9B-5D33-465A-A702-920D77279786}") = "FSharpTestB36", "FSharpTestB36\FSharpTestB36.fsproj", "{E4756180-EF81-4B76-9CCB-13F4D2755AE8}"
EndProject
Project("{F2A71F9B-5D33-465A-A702-920D77279786}") = "FSharpTestB37", "FSharpTestB37\FSharpTestB37.fsproj", "{DC443BBE-D14C-44DB-B628-3E10BDB078DC}"
EndProject
Project("{F2A71F9B-5D33-465A-A702-920D77279786}") = "FSharpTestB38", "FSharpTestB38\FSharpTestB38.fsproj", "{5573360D-3C27-4B21-8501-780997945D9D}"
EndProject
Project("{F2A71F9B-5D33-465A-A702-920D77279786}") = "FSharpTestB39", "FSharpTestB39\FSharpTestB39.fsproj", "{3DB5658F-7389-4011-A6F0-9D2617787A6A}"
EndProject
Project("{F2A71F9B-5D33-465A-A702-920D77279786}") = "FSharpTestB40", "FSharpTestB40\FSharpTestB40.fsproj", "{3BF6920F-7A69-4FA9-841A-FBFD1E712678}"
EndProject
Project("{F2A71F9B-5D33-465A-A702-920D77279786}") = "FSharpTestB41", "FSharpTestB41\FSharpTestB41.fsproj", "{DC228B1A-A350-433F-A80A-0BAA55925DD0}"
EndProject
Project("{F2A71F9B-5D33-465A-A702-920D77279786}") = "FSharpTestB42", "FSharpTestB42\FSharpTestB42.fsproj", "{94828523-C9CD-4D46-B57C-0387684CEE12}"
EndProject
Project("{F2A71F9B-5D33-465A-A702-920D77279786}") = "FSharpTestB43", "FSharpTestB43\FSharpTestB43.fsproj", "{F26EAAEB-CDC3-4A54-92C3-9D90D80A9ED7}"
EndProject
Project("{F2A71F9B-5D33-465A-A702-920D77279786}") = "FSharpTestB44", "FSharpTestB44\FSharpTestB44.fsproj", "{CE9DA00D-D0EF-443D-8C00-6A2E0F47EE66}"
EndProject
Project("{F2A71F9B-5D33-465A-A702-920D77279786}") = "FSharpTestB45", "FSharpTestB45\FSharpTestB45.fsproj", "{950941D0-FCF9-4888-9834-E22A9F246102}"
EndProject
Project("{F2A71F9B-5D33-465A-A702-920D77279786}") = "FSharpTestB46", "FSharpTestB46\FSharpTestB46.fsproj", "{A309BED2-1C8E-41C7-A3A7-F393B0B3D536}"
EndProject
Project("{F2A71F9B-5D33-465A-A702-920D77279786}") = "FSharpTestB47", "FSharpTestB47\FSharpTestB47.fsproj", "{F6B59F6B-82EC-4ABB-9900-A803341AB212}"
EndProject
Project("{F2A71F9B-5D33-465A-A702-920D77279786}") = "FSharpTestB48", "FSharpTestB48\FSharpTestB48.fsproj", "{8F1F3642-6A8C-4229-B0D6-94CE5CEF7BC3}"
EndProject
Project("{F2A71F9B-5D33-465A-A702-920D77279786}") = "FSharpTestB49", "FSharpTestB49\FSharpTestB49.fsproj", "{A906E427-1B15-4F9B-839A-D470A92F5F92}"
EndProject
Project("{F2A71F9B-5D33-465A-A702-920D77279786}") = "FSharpTestB50", "FSharpTestB50\FSharpTestB50.fsproj", "{CE6DF3B9-FAF2-4FB0-824B-9EF33BBD86DB}"
EndProject
Project("{F2A71F9B-5D33-465A-A702-920D77279786}") = "FSharpTestB51", "FSharpTestB51\FSharpTestB51.fsproj", "{16A94BFD-C2AD-44E5-AD72-41270F30766A}"
EndProject
Project("{F2A71F9B-5D33-465A-A702-920D77279786}") = "FSharpTestB52", "FSharpTestB52\FSharpTestB52.fsproj", "{953C4BCE-FB77-4435-B29C-859CFB63561C}"
EndProject
Project("{F2A71F9B-5D33-465A-A702-920D77279786}") = "FSharpTestB53", "FSharpTestB53\FSharpTestB53.fsproj", "{6E717CE2-9187-4760-9675-6956C732C160}"
EndProject
Project("{F2A71F9B-5D33-465A-A702-920D77279786}") = "FSharpTestB54", "FSharpTestB54\FSharpTestB54.fsproj", "{CDF8F1FF-6ECD-49C4-8AF8-1745E24A6139}"
EndProject
Project("{F2A71F9B-5D33-465A-A702-920D77279786}") = "FSharpTestB55", "FSharpTestB55\FSharpTestB55.fsproj", "{D55D5499-C3BF-416E-9A58-5E0533FCAB37}"
EndProject
Project("{F2A71F9B-5D33-465A-A702-920D77279786}") = "FSharpTestB56", "FSharpTestB56\FSharpTestB56.fsproj", "{9085D9E1-2BEF-42CF-A9AF-14AF08C9842D}"
EndProject
Project("{F2A71F9B-5D33-465A-A702-920D77279786}") = "FSharpTestB57", "FSharpTestB57\FSharpTestB57.fsproj", "{FF73D86D-A0D8-4856-BEF9-3E63A49E4923}"
EndProject
Project("{F2A71F9B-5D33-465A-A702-920D77279786}") = "FSharpTestB58", "FSharpTestB58\FSharpTestB58.fsproj", "{BCEDCF67-D859-4863-B4D8-427BD77CE6F8}"
EndProject
Project("{F2A71F9B-5D33-465A-A702-920D77279786}") = "FSharpTestB59", "FSharpTestB59\FSharpTestB59.fsproj", "{F7E24F97-F45C-4C5F-A866-75E9FD9C0D79}"
EndProject
Project("{F2A71F9B-5D33-465A-A702-920D77279786}") = "FSharpTestB60", "FSharpTestB60\FSharpTestB60.fsproj", "{CE3CEBFF-4EDB-47CD-B977-6CCF97E804BD}"
EndProject
Project("{F2A71F9B-5D33-465A-A702-920D77279786}") = "FSharpTestB61", "FSharpTestB61\FSharpTestB61.fsproj", "{03144E01-0BF8-4D30-8C0F-6A76927F74DE}"
EndProject
Project("{F2A71F9B-5D33-465A-A702-920D77279786}") = "FSharpTestB62", "FSharpTestB62\FSharpTestB62.fsproj", "{894C216B-3162-4B21-BAA4-881639DABEF5}"
EndProject
Project("{F2A71F9B-5D33-465A-A702-920D77279786}") = "FSharpTestB63", "FSharpTestB63\FSharpTestB63.fsproj", "{DDF88567-CBD7-49E3-B655-B76996176834}"
EndProject
Project("{F2A71F9B-5D33-465A-A702-920D77279786}") = "FSharpTestB64", "FSharpTestB64\FSharpTestB64.fsproj", "{D669846E-4A0C-4798-8E28-C62181C54851}"
EndProject
Project("{F2A71F9B-5D33-465A-A702-920D77279786}") = "FSharpTestB65", "FSharpTestB65\FSharpTestB65.fsproj", "{67340688-F086-4E1A-9A74-F974D934D49D}"
EndProject
Project("{F2A71F9B-5D33-465A-A702-920D77279786}") = "FSharpTestB66", "FSharpTestB66\FSharpTestB66.fsproj", "{8BCCB052-F975-4717-8F0E-94D62D635FAA}"
EndProject
Project("{F2A71F9B-5D33-465A-A702-920D77279786}") = "FSharpTestB67", "FSharpTestB67\FSharpTestB67.fsproj", "{AE4BE14A-1CA8-423F-84B2-0C25D8324CBC}"
EndProject
Project("{F2A71F9B-5D33-465A-A702-920D77279786}") = "FSharpTestB68", "FSharpTestB68\FSharpTestB68.fsproj", "{93E7DDD7-D807-4B08-960B-8C566FB6E2F3}"
EndProject
Project("{F2A71F9B-5D33-465A-A702-920D77279786}") = "FSharpTestB69", "FSharpTestB69\FSharpTestB69.fsproj", "{3945CA88-698D-46BA-8621-42710619EEC9}"
EndProject
Project("{F2A71F9B-5D33-465A-A702-920D77279786}") = "FSharpTestB70", "FSharpTestB70\FSharpTestB70.fsproj", "{D29F8732-AD07-4F83-B3BB-F54652440087}"
EndProject
Project("{F2A71F9B-5D33-465A-A702-920D77279786}") = "FSharpTestB71", "FSharpTestB71\FSharpTestB71.fsproj", "{C14E42F3-DD1F-425D-866A-2EC8A24DC0C5}"
EndProject
Project("{F2A71F9B-5D33-465A-A702-920D77279786}") = "FSharpTestB72", "FSharpTestB72\FSharpTestB72.fsproj", "{943F7AF9-C0DF-4AF2-A32C-1724710D71B3}"
EndProject
Project("{F2A71F9B-5D33-465A-A702-920D77279786}") = "FSharpTestB73", "FSharpTestB73\FSharpTestB73.fsproj", "{E0928D1F-8B18-462A-B095-3D474E702547}"
EndProject
Project("{F2A71F9B-5D33-465A-A702-920D77279786}") = "FSharpTestB74", "FSharpTestB74\FSharpTestB74.fsproj", "{BC29B3A2-E906-4726-AEFE-AD4452A39D15}"
EndProject
Project("{F2A71F9B-5D33-465A-A702-920D77279786}") = "FSharpTestB75", "FSharpTestB75\FSharpTestB75.fsproj", "{D6F77D71-09AF-4289-8442-2D2BF7D2325D}"
EndProject
Project("{F2A71F9B-5D33-465A-A702-920D77279786}") = "FSharpTestB76", "FSharpTestB76\FSharpTestB76.fsproj", "{A81523C0-F4D9-4170-BF0A-631178FF06D7}"
EndProject
Project("{F2A71F9B-5D33-465A-A702-920D77279786}") = "FSharpTestB77", "FSharpTestB77\FSharpTestB77.fsproj", "{C29B995D-FB45-43B6-90B4-2817501B9D01}"
EndProject
Project("{F2A71F9B-5D33-465A-A702-920D77279786}") = "FSharpTestB78", "FSharpTestB78\FSharpTestB78.fsproj", "{8E1AAF9B-C7E3-4DF8-AF10-D90A7CA5B3E9}"
EndProject
Project("{F2A71F9B-5D33-465A-A702-920D77279786}") = "FSharpTestB79", "FSharpTestB79\FSharpTestB79.fsproj", "{4D7525BA-EA89-4E1A-A78C-9581B1C2BE61}"
EndProject
Project("{F2A71F9B-5D33-465A-A702-920D77279786}") = "FSharpTestB80", "FSharpTestB80\FSharpTestB80.fsproj", "{4FB7F343-F3B9-4061-A8EE-DEC29602A94C}"
EndProject
Project("{F2A71F9B-5D33-465A-A702-920D77279786}") = "FSharpTestB81", "FSharpTestB81\FSharpTestB81.fsproj", "{C53DC7BC-6BDF-49E1-BDE6-DEAE9F08358F}"
EndProject
Project("{F2A71F9B-5D33-465A-A702-920D77279786}") = "FSharpTestB82", "FSharpTestB82\FSharpTestB82.fsproj", "{402D67F7-B4C5-4132-80F5-2A8A5CF66F08}"
EndProject
Project("{F2A71F9B-5D33-465A-A702-920D77279786}") = "FSharpTestB83", "FSharpTestB83\FSharpTestB83.fsproj", "{90172608-6B4F-4FFF-AFAE-A58319C7B04C}"
EndProject
Project("{F2A71F9B-5D33-465A-A702-920D77279786}") = "FSharpTestB84", "FSharpTestB84\FSharpTestB84.fsproj", "{897E095D-8338-4D0E-8839-CA4D2290B214}"
EndProject
Project("{F2A71F9B-5D33-465A-A702-920D77279786}") = "FSharpTestB85", "FSharpTestB85\FSharpTestB85.fsproj", "{4B424B73-47C1-46B8-9766-F4965220D7C9}"
EndProject
Project("{F2A71F9B-5D33-465A-A702-920D77279786}") = "FSharpTestB86", "FSharpTestB86\FSharpTestB86.fsproj", "{AFC1DD63-5851-48BB-9C00-FAC33B95D8A9}"
EndProject
Project("{F2A71F9B-5D33-465A-A702-920D77279786}") = "FSharpTestB87", "FSharpTestB87\FSharpTestB87.fsproj", "{352DCADB-ECC3-4A6E-9EFC-002368BD0964}"
EndProject
Project("{F2A71F9B-5D33-465A-A702-920D77279786}") = "FSharpTestB88", "FSharpTestB88\FSharpTestB88.fsproj", "{68798FE0-F584-4B4F-8BD2-BCC3558EF48C}"
EndProject
Project("{F2A71F9B-5D33-465A-A702-920D77279786}") = "FSharpTestB89", "FSharpTestB89\FSharpTestB89.fsproj", "{DC144F7B-2719-48FD-8584-921AB63F0FE2}"
EndProject
Project("{F2A71F9B-5D33-465A-A702-920D77279786}") = "FSharpTestB90", "FSharpTestB90\FSharpTestB90.fsproj", "{970EB8EA-5E3F-4C4A-83D3-83095BFD10F2}"
EndProject
Project("{F2A71F9B-5D33-465A-A702-920D77279786}") = "FSharpTestB91", "FSharpTestB91\FSharpTestB91.fsproj", "{00E9505D-F789-4B86-9C6E-06BA991EECD7}"
EndProject
Project("{F2A71F9B-5D33-465A-A702-920D77279786}") = "FSharpTestB92", "FSharpTestB92\FSharpTestB92.fsproj", "{24F6E1C9-B10D-4A6D-AA4D-12AA9C08C9C8}"
EndProject
Project("{F2A71F9B-5D33-465A-A702-920D77279786}") = "FSharpTestB93", "FSharpTestB93\FSharpTestB93.fsproj", "{17A026AD-F18E-410F-B71C-9FD2EE012F35}"
EndProject
Project("{F2A71F9B-5D33-465A-A702-920D77279786}") = "FSharpTestB94", "FSharpTestB94\FSharpTestB94.fsproj", "{A11C14E8-60D9-4BD7-821E-870BA3C2F1CC}"
EndProject
Project("{F2A71F9B-5D33-465A-A702-920D77279786}") = "FSharpTestB95", "FSharpTestB95\FSharpTestB95.fsproj", "{C6E23573-2A48-4339-90F4-07446E9FA48D}"
EndProject
Project("{F2A71F9B-5D33-465A-A702-920D77279786}") = "FSharpTestB96", "FSharpTestB96\FSharpTestB96.fsproj", "{89F4B047-E684-4D7B-9B58-D3057C2B1AF4}"
EndProject
Project("{F2A71F9B-5D33-465A-A702-920D77279786}") = "FSharpTestB97", "FSharpTestB97\FSharpTestB97.fsproj", "{B83A42D1-15BB-4750-ABEB-39BDF74E1380}"
EndProject
Project("{F2A71F9B-5D33-465A-A702-920D77279786}") = "FSharpTestB98", "FSharpTestB98\FSharpTestB98.fsproj", "{4375CD1B-8B22-4DCD-9033-F2B200002864}"
EndProject
Project("{F2A71F9B-5D33-465A-A702-920D77279786}") = "FSharpTestB99", "FSharpTestB99\FSharpTestB99.fsproj", "{A0BE81AF-3E7D-4754-BD4A-F9B9DFFEE75F}"
EndProject
Project("{F2A71F9B-5D33-465A-A702-920D77279786}") = "FSharpTestB100", "FSharpTestB100\FSharpTestB100.fsproj", "{0123EB17-4178-4E35-86ED-BC45FE08997F}"
EndProject
Global
	GlobalSection(SolutionConfigurationPlatforms) = preSolution
		Debug|Any CPU = Debug|Any CPU
		Release|Any CPU = Release|Any CPU
	EndGlobalSection
	GlobalSection(ProjectConfigurationPlatforms) = postSolution
		{813F426A-A07F-43F1-AB71-C10F0125098E}.Debug|Any CPU.ActiveCfg = Debug|Any CPU
		{813F426A-A07F-43F1-AB71-C10F0125098E}.Debug|Any CPU.Build.0 = Debug|Any CPU
		{813F426A-A07F-43F1-AB71-C10F0125098E}.Release|Any CPU.ActiveCfg = Release|Any CPU
		{813F426A-A07F-43F1-AB71-C10F0125098E}.Release|Any CPU.Build.0 = Release|Any CPU
		{6A9A236B-48F8-498F-BA17-EECB9C69B802}.Debug|Any CPU.ActiveCfg = Debug|Any CPU
		{6A9A236B-48F8-498F-BA17-EECB9C69B802}.Debug|Any CPU.Build.0 = Debug|Any CPU
		{6A9A236B-48F8-498F-BA17-EECB9C69B802}.Release|Any CPU.ActiveCfg = Release|Any CPU
		{6A9A236B-48F8-498F-BA17-EECB9C69B802}.Release|Any CPU.Build.0 = Release|Any CPU
		{2F2E0BF4-277B-4F3E-A07C-E5A2AD8D8556}.Debug|Any CPU.ActiveCfg = Debug|Any CPU
		{2F2E0BF4-277B-4F3E-A07C-E5A2AD8D8556}.Debug|Any CPU.Build.0 = Debug|Any CPU
		{2F2E0BF4-277B-4F3E-A07C-E5A2AD8D8556}.Release|Any CPU.ActiveCfg = Release|Any CPU
		{2F2E0BF4-277B-4F3E-A07C-E5A2AD8D8556}.Release|Any CPU.Build.0 = Release|Any CPU
		{AB2BF746-41BE-4566-BA94-E9EB20B0A40B}.Debug|Any CPU.ActiveCfg = Debug|Any CPU
		{AB2BF746-41BE-4566-BA94-E9EB20B0A40B}.Debug|Any CPU.Build.0 = Debug|Any CPU
		{AB2BF746-41BE-4566-BA94-E9EB20B0A40B}.Release|Any CPU.ActiveCfg = Release|Any CPU
		{AB2BF746-41BE-4566-BA94-E9EB20B0A40B}.Release|Any CPU.Build.0 = Release|Any CPU
		{918FF8F4-73B4-484A-9974-7963C63783E1}.Debug|Any CPU.ActiveCfg = Debug|Any CPU
		{918FF8F4-73B4-484A-9974-7963C63783E1}.Debug|Any CPU.Build.0 = Debug|Any CPU
		{918FF8F4-73B4-484A-9974-7963C63783E1}.Release|Any CPU.ActiveCfg = Release|Any CPU
		{918FF8F4-73B4-484A-9974-7963C63783E1}.Release|Any CPU.Build.0 = Release|Any CPU
		{60239BA9-9FD2-486F-BAAD-506AA30D800A}.Debug|Any CPU.ActiveCfg = Debug|Any CPU
		{60239BA9-9FD2-486F-BAAD-506AA30D800A}.Debug|Any CPU.Build.0 = Debug|Any CPU
		{60239BA9-9FD2-486F-BAAD-506AA30D800A}.Release|Any CPU.ActiveCfg = Release|Any CPU
		{60239BA9-9FD2-486F-BAAD-506AA30D800A}.Release|Any CPU.Build.0 = Release|Any CPU
		{2D1C9DAF-74FD-4355-9E98-4DC827D23F40}.Debug|Any CPU.ActiveCfg = Debug|Any CPU
		{2D1C9DAF-74FD-4355-9E98-4DC827D23F40}.Debug|Any CPU.Build.0 = Debug|Any CPU
		{2D1C9DAF-74FD-4355-9E98-4DC827D23F40}.Release|Any CPU.ActiveCfg = Release|Any CPU
		{2D1C9DAF-74FD-4355-9E98-4DC827D23F40}.Release|Any CPU.Build.0 = Release|Any CPU
		{4788E086-220D-46AC-B782-F5783B6AF0D8}.Debug|Any CPU.ActiveCfg = Debug|Any CPU
		{4788E086-220D-46AC-B782-F5783B6AF0D8}.Debug|Any CPU.Build.0 = Debug|Any CPU
		{4788E086-220D-46AC-B782-F5783B6AF0D8}.Release|Any CPU.ActiveCfg = Release|Any CPU
		{4788E086-220D-46AC-B782-F5783B6AF0D8}.Release|Any CPU.Build.0 = Release|Any CPU
		{8D773836-5262-4D88-90FC-D28EFF33CFB2}.Debug|Any CPU.ActiveCfg = Debug|Any CPU
		{8D773836-5262-4D88-90FC-D28EFF33CFB2}.Debug|Any CPU.Build.0 = Debug|Any CPU
		{8D773836-5262-4D88-90FC-D28EFF33CFB2}.Release|Any CPU.ActiveCfg = Release|Any CPU
		{8D773836-5262-4D88-90FC-D28EFF33CFB2}.Release|Any CPU.Build.0 = Release|Any CPU
		{688FBD95-8AFE-4C4D-BF10-108443DEE1DE}.Debug|Any CPU.ActiveCfg = Debug|Any CPU
		{688FBD95-8AFE-4C4D-BF10-108443DEE1DE}.Debug|Any CPU.Build.0 = Debug|Any CPU
		{688FBD95-8AFE-4C4D-BF10-108443DEE1DE}.Release|Any CPU.ActiveCfg = Release|Any CPU
		{688FBD95-8AFE-4C4D-BF10-108443DEE1DE}.Release|Any CPU.Build.0 = Release|Any CPU
		{2DAFC297-0487-4F46-8760-E24E5A7CD16F}.Debug|Any CPU.ActiveCfg = Debug|Any CPU
		{2DAFC297-0487-4F46-8760-E24E5A7CD16F}.Debug|Any CPU.Build.0 = Debug|Any CPU
		{2DAFC297-0487-4F46-8760-E24E5A7CD16F}.Release|Any CPU.ActiveCfg = Release|Any CPU
		{2DAFC297-0487-4F46-8760-E24E5A7CD16F}.Release|Any CPU.Build.0 = Release|Any CPU
		{8C3D8C81-E013-4180-93D0-EFDF386F7206}.Debug|Any CPU.ActiveCfg = Debug|Any CPU
		{8C3D8C81-E013-4180-93D0-EFDF386F7206}.Debug|Any CPU.Build.0 = Debug|Any CPU
		{8C3D8C81-E013-4180-93D0-EFDF386F7206}.Release|Any CPU.ActiveCfg = Release|Any CPU
		{8C3D8C81-E013-4180-93D0-EFDF386F7206}.Release|Any CPU.Build.0 = Release|Any CPU
		{04A07042-8A0E-46AD-81F1-E973C12A912D}.Debug|Any CPU.ActiveCfg = Debug|Any CPU
		{04A07042-8A0E-46AD-81F1-E973C12A912D}.Debug|Any CPU.Build.0 = Debug|Any CPU
		{04A07042-8A0E-46AD-81F1-E973C12A912D}.Release|Any CPU.ActiveCfg = Release|Any CPU
		{04A07042-8A0E-46AD-81F1-E973C12A912D}.Release|Any CPU.Build.0 = Release|Any CPU
		{C2C2D4A7-552D-409D-8FAC-448503885C20}.Debug|Any CPU.ActiveCfg = Debug|Any CPU
		{C2C2D4A7-552D-409D-8FAC-448503885C20}.Debug|Any CPU.Build.0 = Debug|Any CPU
		{C2C2D4A7-552D-409D-8FAC-448503885C20}.Release|Any CPU.ActiveCfg = Release|Any CPU
		{C2C2D4A7-552D-409D-8FAC-448503885C20}.Release|Any CPU.Build.0 = Release|Any CPU
		{8DEFB004-52DB-4867-88E0-125758E97699}.Debug|Any CPU.ActiveCfg = Debug|Any CPU
		{8DEFB004-52DB-4867-88E0-125758E97699}.Debug|Any CPU.Build.0 = Debug|Any CPU
		{8DEFB004-52DB-4867-88E0-125758E97699}.Release|Any CPU.ActiveCfg = Release|Any CPU
		{8DEFB004-52DB-4867-88E0-125758E97699}.Release|Any CPU.Build.0 = Release|Any CPU
		{285703CA-540C-4C3A-8FCB-08132343C549}.Debug|Any CPU.ActiveCfg = Debug|Any CPU
		{285703CA-540C-4C3A-8FCB-08132343C549}.Debug|Any CPU.Build.0 = Debug|Any CPU
		{285703CA-540C-4C3A-8FCB-08132343C549}.Release|Any CPU.ActiveCfg = Release|Any CPU
		{285703CA-540C-4C3A-8FCB-08132343C549}.Release|Any CPU.Build.0 = Release|Any CPU
		{1B41FAFC-7376-41B2-959D-1AB7FF99CA3F}.Debug|Any CPU.ActiveCfg = Debug|Any CPU
		{1B41FAFC-7376-41B2-959D-1AB7FF99CA3F}.Debug|Any CPU.Build.0 = Debug|Any CPU
		{1B41FAFC-7376-41B2-959D-1AB7FF99CA3F}.Release|Any CPU.ActiveCfg = Release|Any CPU
		{1B41FAFC-7376-41B2-959D-1AB7FF99CA3F}.Release|Any CPU.Build.0 = Release|Any CPU
		{CDBFF159-3B29-4D50-8F12-BA1D3817442D}.Debug|Any CPU.ActiveCfg = Debug|Any CPU
		{CDBFF159-3B29-4D50-8F12-BA1D3817442D}.Debug|Any CPU.Build.0 = Debug|Any CPU
		{CDBFF159-3B29-4D50-8F12-BA1D3817442D}.Release|Any CPU.ActiveCfg = Release|Any CPU
		{CDBFF159-3B29-4D50-8F12-BA1D3817442D}.Release|Any CPU.Build.0 = Release|Any CPU
		{3C396BDB-40AF-4BFE-8945-2C333F9265D6}.Debug|Any CPU.ActiveCfg = Debug|Any CPU
		{3C396BDB-40AF-4BFE-8945-2C333F9265D6}.Debug|Any CPU.Build.0 = Debug|Any CPU
		{3C396BDB-40AF-4BFE-8945-2C333F9265D6}.Release|Any CPU.ActiveCfg = Release|Any CPU
		{3C396BDB-40AF-4BFE-8945-2C333F9265D6}.Release|Any CPU.Build.0 = Release|Any CPU
		{1CFFE4A5-A8D0-49CD-95BA-AC54B88977D0}.Debug|Any CPU.ActiveCfg = Debug|Any CPU
		{1CFFE4A5-A8D0-49CD-95BA-AC54B88977D0}.Debug|Any CPU.Build.0 = Debug|Any CPU
		{1CFFE4A5-A8D0-49CD-95BA-AC54B88977D0}.Release|Any CPU.ActiveCfg = Release|Any CPU
		{1CFFE4A5-A8D0-49CD-95BA-AC54B88977D0}.Release|Any CPU.Build.0 = Release|Any CPU
		{98D1D3C5-FE44-436C-A0CA-28B6EB3F4B3A}.Debug|Any CPU.ActiveCfg = Debug|Any CPU
		{98D1D3C5-FE44-436C-A0CA-28B6EB3F4B3A}.Debug|Any CPU.Build.0 = Debug|Any CPU
		{98D1D3C5-FE44-436C-A0CA-28B6EB3F4B3A}.Release|Any CPU.ActiveCfg = Release|Any CPU
		{98D1D3C5-FE44-436C-A0CA-28B6EB3F4B3A}.Release|Any CPU.Build.0 = Release|Any CPU
		{BB1801DF-1EFF-409D-947E-FFE34DFE7DBA}.Debug|Any CPU.ActiveCfg = Debug|Any CPU
		{BB1801DF-1EFF-409D-947E-FFE34DFE7DBA}.Debug|Any CPU.Build.0 = Debug|Any CPU
		{BB1801DF-1EFF-409D-947E-FFE34DFE7DBA}.Release|Any CPU.ActiveCfg = Release|Any CPU
		{BB1801DF-1EFF-409D-947E-FFE34DFE7DBA}.Release|Any CPU.Build.0 = Release|Any CPU
		{C1D523FC-5209-427D-A0F4-9E2E1BA687C4}.Debug|Any CPU.ActiveCfg = Debug|Any CPU
		{C1D523FC-5209-427D-A0F4-9E2E1BA687C4}.Debug|Any CPU.Build.0 = Debug|Any CPU
		{C1D523FC-5209-427D-A0F4-9E2E1BA687C4}.Release|Any CPU.ActiveCfg = Release|Any CPU
		{C1D523FC-5209-427D-A0F4-9E2E1BA687C4}.Release|Any CPU.Build.0 = Release|Any CPU
		{01EDDF49-34E0-4E35-9188-03E51110CEB7}.Debug|Any CPU.ActiveCfg = Debug|Any CPU
		{01EDDF49-34E0-4E35-9188-03E51110CEB7}.Debug|Any CPU.Build.0 = Debug|Any CPU
		{01EDDF49-34E0-4E35-9188-03E51110CEB7}.Release|Any CPU.ActiveCfg = Release|Any CPU
		{01EDDF49-34E0-4E35-9188-03E51110CEB7}.Release|Any CPU.Build.0 = Release|Any CPU
		{CF2C997A-87B3-4360-8A58-46BE33D0869B}.Debug|Any CPU.ActiveCfg = Debug|Any CPU
		{CF2C997A-87B3-4360-8A58-46BE33D0869B}.Debug|Any CPU.Build.0 = Debug|Any CPU
		{CF2C997A-87B3-4360-8A58-46BE33D0869B}.Release|Any CPU.ActiveCfg = Release|Any CPU
		{CF2C997A-87B3-4360-8A58-46BE33D0869B}.Release|Any CPU.Build.0 = Release|Any CPU
		{FE658435-A382-4C1F-B852-7D67B7D41C74}.Debug|Any CPU.ActiveCfg = Debug|Any CPU
		{FE658435-A382-4C1F-B852-7D67B7D41C74}.Debug|Any CPU.Build.0 = Debug|Any CPU
		{FE658435-A382-4C1F-B852-7D67B7D41C74}.Release|Any CPU.ActiveCfg = Release|Any CPU
		{FE658435-A382-4C1F-B852-7D67B7D41C74}.Release|Any CPU.Build.0 = Release|Any CPU
		{9235241D-3418-4969-910E-C69A8CC5E38C}.Debug|Any CPU.ActiveCfg = Debug|Any CPU
		{9235241D-3418-4969-910E-C69A8CC5E38C}.Debug|Any CPU.Build.0 = Debug|Any CPU
		{9235241D-3418-4969-910E-C69A8CC5E38C}.Release|Any CPU.ActiveCfg = Release|Any CPU
		{9235241D-3418-4969-910E-C69A8CC5E38C}.Release|Any CPU.Build.0 = Release|Any CPU
		{1BCA73AD-D9B8-406A-8D31-FC84E21830FC}.Debug|Any CPU.ActiveCfg = Debug|Any CPU
		{1BCA73AD-D9B8-406A-8D31-FC84E21830FC}.Debug|Any CPU.Build.0 = Debug|Any CPU
		{1BCA73AD-D9B8-406A-8D31-FC84E21830FC}.Release|Any CPU.ActiveCfg = Release|Any CPU
		{1BCA73AD-D9B8-406A-8D31-FC84E21830FC}.Release|Any CPU.Build.0 = Release|Any CPU
		{370879C7-1380-4892-A87F-ACDC39B9B677}.Debug|Any CPU.ActiveCfg = Debug|Any CPU
		{370879C7-1380-4892-A87F-ACDC39B9B677}.Debug|Any CPU.Build.0 = Debug|Any CPU
		{370879C7-1380-4892-A87F-ACDC39B9B677}.Release|Any CPU.ActiveCfg = Release|Any CPU
		{370879C7-1380-4892-A87F-ACDC39B9B677}.Release|Any CPU.Build.0 = Release|Any CPU
		{92F53F25-F6AE-4875-8B88-AB2DE09CA568}.Debug|Any CPU.ActiveCfg = Debug|Any CPU
		{92F53F25-F6AE-4875-8B88-AB2DE09CA568}.Debug|Any CPU.Build.0 = Debug|Any CPU
		{92F53F25-F6AE-4875-8B88-AB2DE09CA568}.Release|Any CPU.ActiveCfg = Release|Any CPU
		{92F53F25-F6AE-4875-8B88-AB2DE09CA568}.Release|Any CPU.Build.0 = Release|Any CPU
		{C7B5E55F-4C25-4DF6-9E74-020D5756D4D4}.Debug|Any CPU.ActiveCfg = Debug|Any CPU
		{C7B5E55F-4C25-4DF6-9E74-020D5756D4D4}.Debug|Any CPU.Build.0 = Debug|Any CPU
		{C7B5E55F-4C25-4DF6-9E74-020D5756D4D4}.Release|Any CPU.ActiveCfg = Release|Any CPU
		{C7B5E55F-4C25-4DF6-9E74-020D5756D4D4}.Release|Any CPU.Build.0 = Release|Any CPU
		{57F6C3C0-BE5F-4F34-BFA7-0C40D97921EF}.Debug|Any CPU.ActiveCfg = Debug|Any CPU
		{57F6C3C0-BE5F-4F34-BFA7-0C40D97921EF}.Debug|Any CPU.Build.0 = Debug|Any CPU
		{57F6C3C0-BE5F-4F34-BFA7-0C40D97921EF}.Release|Any CPU.ActiveCfg = Release|Any CPU
		{57F6C3C0-BE5F-4F34-BFA7-0C40D97921EF}.Release|Any CPU.Build.0 = Release|Any CPU
		{4BF6E5F4-009A-4F33-A00D-9DDE74202C2F}.Debug|Any CPU.ActiveCfg = Debug|Any CPU
		{4BF6E5F4-009A-4F33-A00D-9DDE74202C2F}.Debug|Any CPU.Build.0 = Debug|Any CPU
		{4BF6E5F4-009A-4F33-A00D-9DDE74202C2F}.Release|Any CPU.ActiveCfg = Release|Any CPU
		{4BF6E5F4-009A-4F33-A00D-9DDE74202C2F}.Release|Any CPU.Build.0 = Release|Any CPU
		{1D65DF80-A4B8-4F62-9504-07BCBA40F741}.Debug|Any CPU.ActiveCfg = Debug|Any CPU
		{1D65DF80-A4B8-4F62-9504-07BCBA40F741}.Debug|Any CPU.Build.0 = Debug|Any CPU
		{1D65DF80-A4B8-4F62-9504-07BCBA40F741}.Release|Any CPU.ActiveCfg = Release|Any CPU
		{1D65DF80-A4B8-4F62-9504-07BCBA40F741}.Release|Any CPU.Build.0 = Release|Any CPU
		{29F73265-173C-40A4-9D28-76A1ED1D1D5A}.Debug|Any CPU.ActiveCfg = Debug|Any CPU
		{29F73265-173C-40A4-9D28-76A1ED1D1D5A}.Debug|Any CPU.Build.0 = Debug|Any CPU
		{29F73265-173C-40A4-9D28-76A1ED1D1D5A}.Release|Any CPU.ActiveCfg = Release|Any CPU
		{29F73265-173C-40A4-9D28-76A1ED1D1D5A}.Release|Any CPU.Build.0 = Release|Any CPU
		{CAFD1E69-91EA-44E1-B8EA-429C3ADB10B5}.Debug|Any CPU.ActiveCfg = Debug|Any CPU
		{CAFD1E69-91EA-44E1-B8EA-429C3ADB10B5}.Debug|Any CPU.Build.0 = Debug|Any CPU
		{CAFD1E69-91EA-44E1-B8EA-429C3ADB10B5}.Release|Any CPU.ActiveCfg = Release|Any CPU
		{CAFD1E69-91EA-44E1-B8EA-429C3ADB10B5}.Release|Any CPU.Build.0 = Release|Any CPU
		{B1FEDD54-5A16-4735-9253-1CAC20C6676A}.Debug|Any CPU.ActiveCfg = Debug|Any CPU
		{B1FEDD54-5A16-4735-9253-1CAC20C6676A}.Debug|Any CPU.Build.0 = Debug|Any CPU
		{B1FEDD54-5A16-4735-9253-1CAC20C6676A}.Release|Any CPU.ActiveCfg = Release|Any CPU
		{B1FEDD54-5A16-4735-9253-1CAC20C6676A}.Release|Any CPU.Build.0 = Release|Any CPU
		{17CBF86D-3037-4206-BBD8-4E47210B3B04}.Debug|Any CPU.ActiveCfg = Debug|Any CPU
		{17CBF86D-3037-4206-BBD8-4E47210B3B04}.Debug|Any CPU.Build.0 = Debug|Any CPU
		{17CBF86D-3037-4206-BBD8-4E47210B3B04}.Release|Any CPU.ActiveCfg = Release|Any CPU
		{17CBF86D-3037-4206-BBD8-4E47210B3B04}.Release|Any CPU.Build.0 = Release|Any CPU
		{D932D15D-9A70-4313-895F-A61069C4417D}.Debug|Any CPU.ActiveCfg = Debug|Any CPU
		{D932D15D-9A70-4313-895F-A61069C4417D}.Debug|Any CPU.Build.0 = Debug|Any CPU
		{D932D15D-9A70-4313-895F-A61069C4417D}.Release|Any CPU.ActiveCfg = Release|Any CPU
		{D932D15D-9A70-4313-895F-A61069C4417D}.Release|Any CPU.Build.0 = Release|Any CPU
		{A8E92353-7374-445B-9017-65B7B47AFF52}.Debug|Any CPU.ActiveCfg = Debug|Any CPU
		{A8E92353-7374-445B-9017-65B7B47AFF52}.Debug|Any CPU.Build.0 = Debug|Any CPU
		{A8E92353-7374-445B-9017-65B7B47AFF52}.Release|Any CPU.ActiveCfg = Release|Any CPU
		{A8E92353-7374-445B-9017-65B7B47AFF52}.Release|Any CPU.Build.0 = Release|Any CPU
		{88BA3F85-14E6-4124-A54A-420365506C9C}.Debug|Any CPU.ActiveCfg = Debug|Any CPU
		{88BA3F85-14E6-4124-A54A-420365506C9C}.Debug|Any CPU.Build.0 = Debug|Any CPU
		{88BA3F85-14E6-4124-A54A-420365506C9C}.Release|Any CPU.ActiveCfg = Release|Any CPU
		{88BA3F85-14E6-4124-A54A-420365506C9C}.Release|Any CPU.Build.0 = Release|Any CPU
		{0160F03E-94C9-4A1D-95E4-FAE8D849A3E2}.Debug|Any CPU.ActiveCfg = Debug|Any CPU
		{0160F03E-94C9-4A1D-95E4-FAE8D849A3E2}.Debug|Any CPU.Build.0 = Debug|Any CPU
		{0160F03E-94C9-4A1D-95E4-FAE8D849A3E2}.Release|Any CPU.ActiveCfg = Release|Any CPU
		{0160F03E-94C9-4A1D-95E4-FAE8D849A3E2}.Release|Any CPU.Build.0 = Release|Any CPU
		{AFCD77B3-AB16-4069-B37F-57FD050FF515}.Debug|Any CPU.ActiveCfg = Debug|Any CPU
		{AFCD77B3-AB16-4069-B37F-57FD050FF515}.Debug|Any CPU.Build.0 = Debug|Any CPU
		{AFCD77B3-AB16-4069-B37F-57FD050FF515}.Release|Any CPU.ActiveCfg = Release|Any CPU
		{AFCD77B3-AB16-4069-B37F-57FD050FF515}.Release|Any CPU.Build.0 = Release|Any CPU
		{8C9FA250-5DEC-4F97-B53F-FF391C823FE1}.Debug|Any CPU.ActiveCfg = Debug|Any CPU
		{8C9FA250-5DEC-4F97-B53F-FF391C823FE1}.Debug|Any CPU.Build.0 = Debug|Any CPU
		{8C9FA250-5DEC-4F97-B53F-FF391C823FE1}.Release|Any CPU.ActiveCfg = Release|Any CPU
		{8C9FA250-5DEC-4F97-B53F-FF391C823FE1}.Release|Any CPU.Build.0 = Release|Any CPU
		{2D307455-8D30-4CF5-A6D9-BD96465F0461}.Debug|Any CPU.ActiveCfg = Debug|Any CPU
		{2D307455-8D30-4CF5-A6D9-BD96465F0461}.Debug|Any CPU.Build.0 = Debug|Any CPU
		{2D307455-8D30-4CF5-A6D9-BD96465F0461}.Release|Any CPU.ActiveCfg = Release|Any CPU
		{2D307455-8D30-4CF5-A6D9-BD96465F0461}.Release|Any CPU.Build.0 = Release|Any CPU
		{4D779305-1DE5-430C-94A7-16118D2AC471}.Debug|Any CPU.ActiveCfg = Debug|Any CPU
		{4D779305-1DE5-430C-94A7-16118D2AC471}.Debug|Any CPU.Build.0 = Debug|Any CPU
		{4D779305-1DE5-430C-94A7-16118D2AC471}.Release|Any CPU.ActiveCfg = Release|Any CPU
		{4D779305-1DE5-430C-94A7-16118D2AC471}.Release|Any CPU.Build.0 = Release|Any CPU
		{7F0DFC44-47D5-4B50-B397-D3B15F9E6829}.Debug|Any CPU.ActiveCfg = Debug|Any CPU
		{7F0DFC44-47D5-4B50-B397-D3B15F9E6829}.Debug|Any CPU.Build.0 = Debug|Any CPU
		{7F0DFC44-47D5-4B50-B397-D3B15F9E6829}.Release|Any CPU.ActiveCfg = Release|Any CPU
		{7F0DFC44-47D5-4B50-B397-D3B15F9E6829}.Release|Any CPU.Build.0 = Release|Any CPU
		{AB05A9D9-CD26-461B-B10E-B1D70C5228FC}.Debug|Any CPU.ActiveCfg = Debug|Any CPU
		{AB05A9D9-CD26-461B-B10E-B1D70C5228FC}.Debug|Any CPU.Build.0 = Debug|Any CPU
		{AB05A9D9-CD26-461B-B10E-B1D70C5228FC}.Release|Any CPU.ActiveCfg = Release|Any CPU
		{AB05A9D9-CD26-461B-B10E-B1D70C5228FC}.Release|Any CPU.Build.0 = Release|Any CPU
		{01C411E6-1A68-491D-9D04-CCDDE98E5898}.Debug|Any CPU.ActiveCfg = Debug|Any CPU
		{01C411E6-1A68-491D-9D04-CCDDE98E5898}.Debug|Any CPU.Build.0 = Debug|Any CPU
		{01C411E6-1A68-491D-9D04-CCDDE98E5898}.Release|Any CPU.ActiveCfg = Release|Any CPU
		{01C411E6-1A68-491D-9D04-CCDDE98E5898}.Release|Any CPU.Build.0 = Release|Any CPU
		{FFF04215-1664-4ED9-9B01-9CE12CB3ADE5}.Debug|Any CPU.ActiveCfg = Debug|Any CPU
		{FFF04215-1664-4ED9-9B01-9CE12CB3ADE5}.Debug|Any CPU.Build.0 = Debug|Any CPU
		{FFF04215-1664-4ED9-9B01-9CE12CB3ADE5}.Release|Any CPU.ActiveCfg = Release|Any CPU
		{FFF04215-1664-4ED9-9B01-9CE12CB3ADE5}.Release|Any CPU.Build.0 = Release|Any CPU
		{0648204D-2AB6-4B40-95C1-58BC6856434D}.Debug|Any CPU.ActiveCfg = Debug|Any CPU
		{0648204D-2AB6-4B40-95C1-58BC6856434D}.Debug|Any CPU.Build.0 = Debug|Any CPU
		{0648204D-2AB6-4B40-95C1-58BC6856434D}.Release|Any CPU.ActiveCfg = Release|Any CPU
		{0648204D-2AB6-4B40-95C1-58BC6856434D}.Release|Any CPU.Build.0 = Release|Any CPU
		{C613A37F-9137-4309-8824-E986A35AFF02}.Debug|Any CPU.ActiveCfg = Debug|Any CPU
		{C613A37F-9137-4309-8824-E986A35AFF02}.Debug|Any CPU.Build.0 = Debug|Any CPU
		{C613A37F-9137-4309-8824-E986A35AFF02}.Release|Any CPU.ActiveCfg = Release|Any CPU
		{C613A37F-9137-4309-8824-E986A35AFF02}.Release|Any CPU.Build.0 = Release|Any CPU
		{73A0EA40-E7A5-40F8-A531-A846B5D1209F}.Debug|Any CPU.ActiveCfg = Debug|Any CPU
		{73A0EA40-E7A5-40F8-A531-A846B5D1209F}.Debug|Any CPU.Build.0 = Debug|Any CPU
		{73A0EA40-E7A5-40F8-A531-A846B5D1209F}.Release|Any CPU.ActiveCfg = Release|Any CPU
		{73A0EA40-E7A5-40F8-A531-A846B5D1209F}.Release|Any CPU.Build.0 = Release|Any CPU
		{1AA943D6-4B44-416E-AA99-450FE5666A0D}.Debug|Any CPU.ActiveCfg = Debug|Any CPU
		{1AA943D6-4B44-416E-AA99-450FE5666A0D}.Debug|Any CPU.Build.0 = Debug|Any CPU
		{1AA943D6-4B44-416E-AA99-450FE5666A0D}.Release|Any CPU.ActiveCfg = Release|Any CPU
		{1AA943D6-4B44-416E-AA99-450FE5666A0D}.Release|Any CPU.Build.0 = Release|Any CPU
		{69D96EDE-9CE3-447B-B65F-0157394F15C7}.Debug|Any CPU.ActiveCfg = Debug|Any CPU
		{69D96EDE-9CE3-447B-B65F-0157394F15C7}.Debug|Any CPU.Build.0 = Debug|Any CPU
		{69D96EDE-9CE3-447B-B65F-0157394F15C7}.Release|Any CPU.ActiveCfg = Release|Any CPU
		{69D96EDE-9CE3-447B-B65F-0157394F15C7}.Release|Any CPU.Build.0 = Release|Any CPU
		{30C23681-CF88-487C-AEBF-ED6E07530091}.Debug|Any CPU.ActiveCfg = Debug|Any CPU
		{30C23681-CF88-487C-AEBF-ED6E07530091}.Debug|Any CPU.Build.0 = Debug|Any CPU
		{30C23681-CF88-487C-AEBF-ED6E07530091}.Release|Any CPU.ActiveCfg = Release|Any CPU
		{30C23681-CF88-487C-AEBF-ED6E07530091}.Release|Any CPU.Build.0 = Release|Any CPU
		{0A1C668A-0E02-43ED-9F1C-75E03FC5DFF7}.Debug|Any CPU.ActiveCfg = Debug|Any CPU
		{0A1C668A-0E02-43ED-9F1C-75E03FC5DFF7}.Debug|Any CPU.Build.0 = Debug|Any CPU
		{0A1C668A-0E02-43ED-9F1C-75E03FC5DFF7}.Release|Any CPU.ActiveCfg = Release|Any CPU
		{0A1C668A-0E02-43ED-9F1C-75E03FC5DFF7}.Release|Any CPU.Build.0 = Release|Any CPU
		{398BDD8B-97EE-4036-885A-3E726B9531C1}.Debug|Any CPU.ActiveCfg = Debug|Any CPU
		{398BDD8B-97EE-4036-885A-3E726B9531C1}.Debug|Any CPU.Build.0 = Debug|Any CPU
		{398BDD8B-97EE-4036-885A-3E726B9531C1}.Release|Any CPU.ActiveCfg = Release|Any CPU
		{398BDD8B-97EE-4036-885A-3E726B9531C1}.Release|Any CPU.Build.0 = Release|Any CPU
		{94D7D815-C214-4089-A037-BBB69ACE0AB8}.Debug|Any CPU.ActiveCfg = Debug|Any CPU
		{94D7D815-C214-4089-A037-BBB69ACE0AB8}.Debug|Any CPU.Build.0 = Debug|Any CPU
		{94D7D815-C214-4089-A037-BBB69ACE0AB8}.Release|Any CPU.ActiveCfg = Release|Any CPU
		{94D7D815-C214-4089-A037-BBB69ACE0AB8}.Release|Any CPU.Build.0 = Release|Any CPU
		{1DE60036-2861-4039-912F-4179EACF41FC}.Debug|Any CPU.ActiveCfg = Debug|Any CPU
		{1DE60036-2861-4039-912F-4179EACF41FC}.Debug|Any CPU.Build.0 = Debug|Any CPU
		{1DE60036-2861-4039-912F-4179EACF41FC}.Release|Any CPU.ActiveCfg = Release|Any CPU
		{1DE60036-2861-4039-912F-4179EACF41FC}.Release|Any CPU.Build.0 = Release|Any CPU
		{F48E61D4-395E-44FE-AF14-CD7C53CDE73A}.Debug|Any CPU.ActiveCfg = Debug|Any CPU
		{F48E61D4-395E-44FE-AF14-CD7C53CDE73A}.Debug|Any CPU.Build.0 = Debug|Any CPU
		{F48E61D4-395E-44FE-AF14-CD7C53CDE73A}.Release|Any CPU.ActiveCfg = Release|Any CPU
		{F48E61D4-395E-44FE-AF14-CD7C53CDE73A}.Release|Any CPU.Build.0 = Release|Any CPU
		{847A26FC-1CD5-452C-A4F8-99AFBA67EABE}.Debug|Any CPU.ActiveCfg = Debug|Any CPU
		{847A26FC-1CD5-452C-A4F8-99AFBA67EABE}.Debug|Any CPU.Build.0 = Debug|Any CPU
		{847A26FC-1CD5-452C-A4F8-99AFBA67EABE}.Release|Any CPU.ActiveCfg = Release|Any CPU
		{847A26FC-1CD5-452C-A4F8-99AFBA67EABE}.Release|Any CPU.Build.0 = Release|Any CPU
		{D424E3B7-CF67-4CB8-81C4-3080E80375EE}.Debug|Any CPU.ActiveCfg = Debug|Any CPU
		{D424E3B7-CF67-4CB8-81C4-3080E80375EE}.Debug|Any CPU.Build.0 = Debug|Any CPU
		{D424E3B7-CF67-4CB8-81C4-3080E80375EE}.Release|Any CPU.ActiveCfg = Release|Any CPU
		{D424E3B7-CF67-4CB8-81C4-3080E80375EE}.Release|Any CPU.Build.0 = Release|Any CPU
		{3D5C37FD-3BA4-4CA5-8D69-3E740EDF01FD}.Debug|Any CPU.ActiveCfg = Debug|Any CPU
		{3D5C37FD-3BA4-4CA5-8D69-3E740EDF01FD}.Debug|Any CPU.Build.0 = Debug|Any CPU
		{3D5C37FD-3BA4-4CA5-8D69-3E740EDF01FD}.Release|Any CPU.ActiveCfg = Release|Any CPU
		{3D5C37FD-3BA4-4CA5-8D69-3E740EDF01FD}.Release|Any CPU.Build.0 = Release|Any CPU
		{E1A3B123-B756-4D47-BF43-F9EE1783D4EC}.Debug|Any CPU.ActiveCfg = Debug|Any CPU
		{E1A3B123-B756-4D47-BF43-F9EE1783D4EC}.Debug|Any CPU.Build.0 = Debug|Any CPU
		{E1A3B123-B756-4D47-BF43-F9EE1783D4EC}.Release|Any CPU.ActiveCfg = Release|Any CPU
		{E1A3B123-B756-4D47-BF43-F9EE1783D4EC}.Release|Any CPU.Build.0 = Release|Any CPU
		{58244D9E-0647-4FCD-B875-3B58FD20710D}.Debug|Any CPU.ActiveCfg = Debug|Any CPU
		{58244D9E-0647-4FCD-B875-3B58FD20710D}.Debug|Any CPU.Build.0 = Debug|Any CPU
		{58244D9E-0647-4FCD-B875-3B58FD20710D}.Release|Any CPU.ActiveCfg = Release|Any CPU
		{58244D9E-0647-4FCD-B875-3B58FD20710D}.Release|Any CPU.Build.0 = Release|Any CPU
		{53EBB201-BED8-4B2C-AF49-D9A090587C1A}.Debug|Any CPU.ActiveCfg = Debug|Any CPU
		{53EBB201-BED8-4B2C-AF49-D9A090587C1A}.Debug|Any CPU.Build.0 = Debug|Any CPU
		{53EBB201-BED8-4B2C-AF49-D9A090587C1A}.Release|Any CPU.ActiveCfg = Release|Any CPU
		{53EBB201-BED8-4B2C-AF49-D9A090587C1A}.Release|Any CPU.Build.0 = Release|Any CPU
		{2FFF5C7E-E8FE-4A4E-BC60-D8466B2F5166}.Debug|Any CPU.ActiveCfg = Debug|Any CPU
		{2FFF5C7E-E8FE-4A4E-BC60-D8466B2F5166}.Debug|Any CPU.Build.0 = Debug|Any CPU
		{2FFF5C7E-E8FE-4A4E-BC60-D8466B2F5166}.Release|Any CPU.ActiveCfg = Release|Any CPU
		{2FFF5C7E-E8FE-4A4E-BC60-D8466B2F5166}.Release|Any CPU.Build.0 = Release|Any CPU
		{2C56DF9F-1CA6-4E3B-815C-8D9CC8752B3F}.Debug|Any CPU.ActiveCfg = Debug|Any CPU
		{2C56DF9F-1CA6-4E3B-815C-8D9CC8752B3F}.Debug|Any CPU.Build.0 = Debug|Any CPU
		{2C56DF9F-1CA6-4E3B-815C-8D9CC8752B3F}.Release|Any CPU.ActiveCfg = Release|Any CPU
		{2C56DF9F-1CA6-4E3B-815C-8D9CC8752B3F}.Release|Any CPU.Build.0 = Release|Any CPU
		{788CC261-BFC4-4B6E-BD21-7B394028BFC2}.Debug|Any CPU.ActiveCfg = Debug|Any CPU
		{788CC261-BFC4-4B6E-BD21-7B394028BFC2}.Debug|Any CPU.Build.0 = Debug|Any CPU
		{788CC261-BFC4-4B6E-BD21-7B394028BFC2}.Release|Any CPU.ActiveCfg = Release|Any CPU
		{788CC261-BFC4-4B6E-BD21-7B394028BFC2}.Release|Any CPU.Build.0 = Release|Any CPU
		{4F6C2355-4203-4E17-8322-68B3D8738497}.Debug|Any CPU.ActiveCfg = Debug|Any CPU
		{4F6C2355-4203-4E17-8322-68B3D8738497}.Debug|Any CPU.Build.0 = Debug|Any CPU
		{4F6C2355-4203-4E17-8322-68B3D8738497}.Release|Any CPU.ActiveCfg = Release|Any CPU
		{4F6C2355-4203-4E17-8322-68B3D8738497}.Release|Any CPU.Build.0 = Release|Any CPU
		{E07A9C9C-11E8-453E-A5C1-F39419BC9889}.Debug|Any CPU.ActiveCfg = Debug|Any CPU
		{E07A9C9C-11E8-453E-A5C1-F39419BC9889}.Debug|Any CPU.Build.0 = Debug|Any CPU
		{E07A9C9C-11E8-453E-A5C1-F39419BC9889}.Release|Any CPU.ActiveCfg = Release|Any CPU
		{E07A9C9C-11E8-453E-A5C1-F39419BC9889}.Release|Any CPU.Build.0 = Release|Any CPU
		{3F1382F9-F5C5-48AD-A1D4-27A4BD1448E1}.Debug|Any CPU.ActiveCfg = Debug|Any CPU
		{3F1382F9-F5C5-48AD-A1D4-27A4BD1448E1}.Debug|Any CPU.Build.0 = Debug|Any CPU
		{3F1382F9-F5C5-48AD-A1D4-27A4BD1448E1}.Release|Any CPU.ActiveCfg = Release|Any CPU
		{3F1382F9-F5C5-48AD-A1D4-27A4BD1448E1}.Release|Any CPU.Build.0 = Release|Any CPU
		{BACF1386-5E9F-483D-919E-ECBC19FC1A3F}.Debug|Any CPU.ActiveCfg = Debug|Any CPU
		{BACF1386-5E9F-483D-919E-ECBC19FC1A3F}.Debug|Any CPU.Build.0 = Debug|Any CPU
		{BACF1386-5E9F-483D-919E-ECBC19FC1A3F}.Release|Any CPU.ActiveCfg = Release|Any CPU
		{BACF1386-5E9F-483D-919E-ECBC19FC1A3F}.Release|Any CPU.Build.0 = Release|Any CPU
		{1D7809F5-E022-4E07-8500-6068B77F14A8}.Debug|Any CPU.ActiveCfg = Debug|Any CPU
		{1D7809F5-E022-4E07-8500-6068B77F14A8}.Debug|Any CPU.Build.0 = Debug|Any CPU
		{1D7809F5-E022-4E07-8500-6068B77F14A8}.Release|Any CPU.ActiveCfg = Release|Any CPU
		{1D7809F5-E022-4E07-8500-6068B77F14A8}.Release|Any CPU.Build.0 = Release|Any CPU
		{621976AB-A998-4C9B-8791-2BC72335C287}.Debug|Any CPU.ActiveCfg = Debug|Any CPU
		{621976AB-A998-4C9B-8791-2BC72335C287}.Debug|Any CPU.Build.0 = Debug|Any CPU
		{621976AB-A998-4C9B-8791-2BC72335C287}.Release|Any CPU.ActiveCfg = Release|Any CPU
		{621976AB-A998-4C9B-8791-2BC72335C287}.Release|Any CPU.Build.0 = Release|Any CPU
		{8A32E497-B253-4813-8D2D-85728EEDACBC}.Debug|Any CPU.ActiveCfg = Debug|Any CPU
		{8A32E497-B253-4813-8D2D-85728EEDACBC}.Debug|Any CPU.Build.0 = Debug|Any CPU
		{8A32E497-B253-4813-8D2D-85728EEDACBC}.Release|Any CPU.ActiveCfg = Release|Any CPU
		{8A32E497-B253-4813-8D2D-85728EEDACBC}.Release|Any CPU.Build.0 = Release|Any CPU
		{AAC573C7-5B6C-48E7-B74F-A9CBD54CBC30}.Debug|Any CPU.ActiveCfg = Debug|Any CPU
		{AAC573C7-5B6C-48E7-B74F-A9CBD54CBC30}.Debug|Any CPU.Build.0 = Debug|Any CPU
		{AAC573C7-5B6C-48E7-B74F-A9CBD54CBC30}.Release|Any CPU.ActiveCfg = Release|Any CPU
		{AAC573C7-5B6C-48E7-B74F-A9CBD54CBC30}.Release|Any CPU.Build.0 = Release|Any CPU
		{ED386A9E-AA08-462C-93CB-E8349AFD6849}.Debug|Any CPU.ActiveCfg = Debug|Any CPU
		{ED386A9E-AA08-462C-93CB-E8349AFD6849}.Debug|Any CPU.Build.0 = Debug|Any CPU
		{ED386A9E-AA08-462C-93CB-E8349AFD6849}.Release|Any CPU.ActiveCfg = Release|Any CPU
		{ED386A9E-AA08-462C-93CB-E8349AFD6849}.Release|Any CPU.Build.0 = Release|Any CPU
		{EA27DB01-9EA4-411E-B2AD-E549D82FD588}.Debug|Any CPU.ActiveCfg = Debug|Any CPU
		{EA27DB01-9EA4-411E-B2AD-E549D82FD588}.Debug|Any CPU.Build.0 = Debug|Any CPU
		{EA27DB01-9EA4-411E-B2AD-E549D82FD588}.Release|Any CPU.ActiveCfg = Release|Any CPU
		{EA27DB01-9EA4-411E-B2AD-E549D82FD588}.Release|Any CPU.Build.0 = Release|Any CPU
		{BA46E9F5-7EEF-4F02-B500-0063B9C61F9A}.Debug|Any CPU.ActiveCfg = Debug|Any CPU
		{BA46E9F5-7EEF-4F02-B500-0063B9C61F9A}.Debug|Any CPU.Build.0 = Debug|Any CPU
		{BA46E9F5-7EEF-4F02-B500-0063B9C61F9A}.Release|Any CPU.ActiveCfg = Release|Any CPU
		{BA46E9F5-7EEF-4F02-B500-0063B9C61F9A}.Release|Any CPU.Build.0 = Release|Any CPU
		{A3AD1EBD-0ADF-40BE-8561-D77FEC5D1E1B}.Debug|Any CPU.ActiveCfg = Debug|Any CPU
		{A3AD1EBD-0ADF-40BE-8561-D77FEC5D1E1B}.Debug|Any CPU.Build.0 = Debug|Any CPU
		{A3AD1EBD-0ADF-40BE-8561-D77FEC5D1E1B}.Release|Any CPU.ActiveCfg = Release|Any CPU
		{A3AD1EBD-0ADF-40BE-8561-D77FEC5D1E1B}.Release|Any CPU.Build.0 = Release|Any CPU
		{85841BE9-4035-40CF-9056-E0B8D15AED0C}.Debug|Any CPU.ActiveCfg = Debug|Any CPU
		{85841BE9-4035-40CF-9056-E0B8D15AED0C}.Debug|Any CPU.Build.0 = Debug|Any CPU
		{85841BE9-4035-40CF-9056-E0B8D15AED0C}.Release|Any CPU.ActiveCfg = Release|Any CPU
		{85841BE9-4035-40CF-9056-E0B8D15AED0C}.Release|Any CPU.Build.0 = Release|Any CPU
		{FE752B64-0445-4F39-9A94-E7522A5A8C10}.Debug|Any CPU.ActiveCfg = Debug|Any CPU
		{FE752B64-0445-4F39-9A94-E7522A5A8C10}.Debug|Any CPU.Build.0 = Debug|Any CPU
		{FE752B64-0445-4F39-9A94-E7522A5A8C10}.Release|Any CPU.ActiveCfg = Release|Any CPU
		{FE752B64-0445-4F39-9A94-E7522A5A8C10}.Release|Any CPU.Build.0 = Release|Any CPU
		{B26A1A69-3829-476C-B371-B30FB8672298}.Debug|Any CPU.ActiveCfg = Debug|Any CPU
		{B26A1A69-3829-476C-B371-B30FB8672298}.Debug|Any CPU.Build.0 = Debug|Any CPU
		{B26A1A69-3829-476C-B371-B30FB8672298}.Release|Any CPU.ActiveCfg = Release|Any CPU
		{B26A1A69-3829-476C-B371-B30FB8672298}.Release|Any CPU.Build.0 = Release|Any CPU
		{E4756180-EF81-4B76-9CCB-13F4D2755AE8}.Debug|Any CPU.ActiveCfg = Debug|Any CPU
		{E4756180-EF81-4B76-9CCB-13F4D2755AE8}.Debug|Any CPU.Build.0 = Debug|Any CPU
		{E4756180-EF81-4B76-9CCB-13F4D2755AE8}.Release|Any CPU.ActiveCfg = Release|Any CPU
		{E4756180-EF81-4B76-9CCB-13F4D2755AE8}.Release|Any CPU.Build.0 = Release|Any CPU
		{DC443BBE-D14C-44DB-B628-3E10BDB078DC}.Debug|Any CPU.ActiveCfg = Debug|Any CPU
		{DC443BBE-D14C-44DB-B628-3E10BDB078DC}.Debug|Any CPU.Build.0 = Debug|Any CPU
		{DC443BBE-D14C-44DB-B628-3E10BDB078DC}.Release|Any CPU.ActiveCfg = Release|Any CPU
		{DC443BBE-D14C-44DB-B628-3E10BDB078DC}.Release|Any CPU.Build.0 = Release|Any CPU
		{5573360D-3C27-4B21-8501-780997945D9D}.Debug|Any CPU.ActiveCfg = Debug|Any CPU
		{5573360D-3C27-4B21-8501-780997945D9D}.Debug|Any CPU.Build.0 = Debug|Any CPU
		{5573360D-3C27-4B21-8501-780997945D9D}.Release|Any CPU.ActiveCfg = Release|Any CPU
		{5573360D-3C27-4B21-8501-780997945D9D}.Release|Any CPU.Build.0 = Release|Any CPU
		{3DB5658F-7389-4011-A6F0-9D2617787A6A}.Debug|Any CPU.ActiveCfg = Debug|Any CPU
		{3DB5658F-7389-4011-A6F0-9D2617787A6A}.Debug|Any CPU.Build.0 = Debug|Any CPU
		{3DB5658F-7389-4011-A6F0-9D2617787A6A}.Release|Any CPU.ActiveCfg = Release|Any CPU
		{3DB5658F-7389-4011-A6F0-9D2617787A6A}.Release|Any CPU.Build.0 = Release|Any CPU
		{3BF6920F-7A69-4FA9-841A-FBFD1E712678}.Debug|Any CPU.ActiveCfg = Debug|Any CPU
		{3BF6920F-7A69-4FA9-841A-FBFD1E712678}.Debug|Any CPU.Build.0 = Debug|Any CPU
		{3BF6920F-7A69-4FA9-841A-FBFD1E712678}.Release|Any CPU.ActiveCfg = Release|Any CPU
		{3BF6920F-7A69-4FA9-841A-FBFD1E712678}.Release|Any CPU.Build.0 = Release|Any CPU
		{DC228B1A-A350-433F-A80A-0BAA55925DD0}.Debug|Any CPU.ActiveCfg = Debug|Any CPU
		{DC228B1A-A350-433F-A80A-0BAA55925DD0}.Debug|Any CPU.Build.0 = Debug|Any CPU
		{DC228B1A-A350-433F-A80A-0BAA55925DD0}.Release|Any CPU.ActiveCfg = Release|Any CPU
		{DC228B1A-A350-433F-A80A-0BAA55925DD0}.Release|Any CPU.Build.0 = Release|Any CPU
		{94828523-C9CD-4D46-B57C-0387684CEE12}.Debug|Any CPU.ActiveCfg = Debug|Any CPU
		{94828523-C9CD-4D46-B57C-0387684CEE12}.Debug|Any CPU.Build.0 = Debug|Any CPU
		{94828523-C9CD-4D46-B57C-0387684CEE12}.Release|Any CPU.ActiveCfg = Release|Any CPU
		{94828523-C9CD-4D46-B57C-0387684CEE12}.Release|Any CPU.Build.0 = Release|Any CPU
		{F26EAAEB-CDC3-4A54-92C3-9D90D80A9ED7}.Debug|Any CPU.ActiveCfg = Debug|Any CPU
		{F26EAAEB-CDC3-4A54-92C3-9D90D80A9ED7}.Debug|Any CPU.Build.0 = Debug|Any CPU
		{F26EAAEB-CDC3-4A54-92C3-9D90D80A9ED7}.Release|Any CPU.ActiveCfg = Release|Any CPU
		{F26EAAEB-CDC3-4A54-92C3-9D90D80A9ED7}.Release|Any CPU.Build.0 = Release|Any CPU
		{CE9DA00D-D0EF-443D-8C00-6A2E0F47EE66}.Debug|Any CPU.ActiveCfg = Debug|Any CPU
		{CE9DA00D-D0EF-443D-8C00-6A2E0F47EE66}.Debug|Any CPU.Build.0 = Debug|Any CPU
		{CE9DA00D-D0EF-443D-8C00-6A2E0F47EE66}.Release|Any CPU.ActiveCfg = Release|Any CPU
		{CE9DA00D-D0EF-443D-8C00-6A2E0F47EE66}.Release|Any CPU.Build.0 = Release|Any CPU
		{950941D0-FCF9-4888-9834-E22A9F246102}.Debug|Any CPU.ActiveCfg = Debug|Any CPU
		{950941D0-FCF9-4888-9834-E22A9F246102}.Debug|Any CPU.Build.0 = Debug|Any CPU
		{950941D0-FCF9-4888-9834-E22A9F246102}.Release|Any CPU.ActiveCfg = Release|Any CPU
		{950941D0-FCF9-4888-9834-E22A9F246102}.Release|Any CPU.Build.0 = Release|Any CPU
		{A309BED2-1C8E-41C7-A3A7-F393B0B3D536}.Debug|Any CPU.ActiveCfg = Debug|Any CPU
		{A309BED2-1C8E-41C7-A3A7-F393B0B3D536}.Debug|Any CPU.Build.0 = Debug|Any CPU
		{A309BED2-1C8E-41C7-A3A7-F393B0B3D536}.Release|Any CPU.ActiveCfg = Release|Any CPU
		{A309BED2-1C8E-41C7-A3A7-F393B0B3D536}.Release|Any CPU.Build.0 = Release|Any CPU
		{F6B59F6B-82EC-4ABB-9900-A803341AB212}.Debug|Any CPU.ActiveCfg = Debug|Any CPU
		{F6B59F6B-82EC-4ABB-9900-A803341AB212}.Debug|Any CPU.Build.0 = Debug|Any CPU
		{F6B59F6B-82EC-4ABB-9900-A803341AB212}.Release|Any CPU.ActiveCfg = Release|Any CPU
		{F6B59F6B-82EC-4ABB-9900-A803341AB212}.Release|Any CPU.Build.0 = Release|Any CPU
		{8F1F3642-6A8C-4229-B0D6-94CE5CEF7BC3}.Debug|Any CPU.ActiveCfg = Debug|Any CPU
		{8F1F3642-6A8C-4229-B0D6-94CE5CEF7BC3}.Debug|Any CPU.Build.0 = Debug|Any CPU
		{8F1F3642-6A8C-4229-B0D6-94CE5CEF7BC3}.Release|Any CPU.ActiveCfg = Release|Any CPU
		{8F1F3642-6A8C-4229-B0D6-94CE5CEF7BC3}.Release|Any CPU.Build.0 = Release|Any CPU
		{A906E427-1B15-4F9B-839A-D470A92F5F92}.Debug|Any CPU.ActiveCfg = Debug|Any CPU
		{A906E427-1B15-4F9B-839A-D470A92F5F92}.Debug|Any CPU.Build.0 = Debug|Any CPU
		{A906E427-1B15-4F9B-839A-D470A92F5F92}.Release|Any CPU.ActiveCfg = Release|Any CPU
		{A906E427-1B15-4F9B-839A-D470A92F5F92}.Release|Any CPU.Build.0 = Release|Any CPU
		{CE6DF3B9-FAF2-4FB0-824B-9EF33BBD86DB}.Debug|Any CPU.ActiveCfg = Debug|Any CPU
		{CE6DF3B9-FAF2-4FB0-824B-9EF33BBD86DB}.Debug|Any CPU.Build.0 = Debug|Any CPU
		{CE6DF3B9-FAF2-4FB0-824B-9EF33BBD86DB}.Release|Any CPU.ActiveCfg = Release|Any CPU
		{CE6DF3B9-FAF2-4FB0-824B-9EF33BBD86DB}.Release|Any CPU.Build.0 = Release|Any CPU
		{16A94BFD-C2AD-44E5-AD72-41270F30766A}.Debug|Any CPU.ActiveCfg = Debug|Any CPU
		{16A94BFD-C2AD-44E5-AD72-41270F30766A}.Debug|Any CPU.Build.0 = Debug|Any CPU
		{16A94BFD-C2AD-44E5-AD72-41270F30766A}.Release|Any CPU.ActiveCfg = Release|Any CPU
		{16A94BFD-C2AD-44E5-AD72-41270F30766A}.Release|Any CPU.Build.0 = Release|Any CPU
		{953C4BCE-FB77-4435-B29C-859CFB63561C}.Debug|Any CPU.ActiveCfg = Debug|Any CPU
		{953C4BCE-FB77-4435-B29C-859CFB63561C}.Debug|Any CPU.Build.0 = Debug|Any CPU
		{953C4BCE-FB77-4435-B29C-859CFB63561C}.Release|Any CPU.ActiveCfg = Release|Any CPU
		{953C4BCE-FB77-4435-B29C-859CFB63561C}.Release|Any CPU.Build.0 = Release|Any CPU
		{6E717CE2-9187-4760-9675-6956C732C160}.Debug|Any CPU.ActiveCfg = Debug|Any CPU
		{6E717CE2-9187-4760-9675-6956C732C160}.Debug|Any CPU.Build.0 = Debug|Any CPU
		{6E717CE2-9187-4760-9675-6956C732C160}.Release|Any CPU.ActiveCfg = Release|Any CPU
		{6E717CE2-9187-4760-9675-6956C732C160}.Release|Any CPU.Build.0 = Release|Any CPU
		{CDF8F1FF-6ECD-49C4-8AF8-1745E24A6139}.Debug|Any CPU.ActiveCfg = Debug|Any CPU
		{CDF8F1FF-6ECD-49C4-8AF8-1745E24A6139}.Debug|Any CPU.Build.0 = Debug|Any CPU
		{CDF8F1FF-6ECD-49C4-8AF8-1745E24A6139}.Release|Any CPU.ActiveCfg = Release|Any CPU
		{CDF8F1FF-6ECD-49C4-8AF8-1745E24A6139}.Release|Any CPU.Build.0 = Release|Any CPU
		{D55D5499-C3BF-416E-9A58-5E0533FCAB37}.Debug|Any CPU.ActiveCfg = Debug|Any CPU
		{D55D5499-C3BF-416E-9A58-5E0533FCAB37}.Debug|Any CPU.Build.0 = Debug|Any CPU
		{D55D5499-C3BF-416E-9A58-5E0533FCAB37}.Release|Any CPU.ActiveCfg = Release|Any CPU
		{D55D5499-C3BF-416E-9A58-5E0533FCAB37}.Release|Any CPU.Build.0 = Release|Any CPU
		{9085D9E1-2BEF-42CF-A9AF-14AF08C9842D}.Debug|Any CPU.ActiveCfg = Debug|Any CPU
		{9085D9E1-2BEF-42CF-A9AF-14AF08C9842D}.Debug|Any CPU.Build.0 = Debug|Any CPU
		{9085D9E1-2BEF-42CF-A9AF-14AF08C9842D}.Release|Any CPU.ActiveCfg = Release|Any CPU
		{9085D9E1-2BEF-42CF-A9AF-14AF08C9842D}.Release|Any CPU.Build.0 = Release|Any CPU
		{FF73D86D-A0D8-4856-BEF9-3E63A49E4923}.Debug|Any CPU.ActiveCfg = Debug|Any CPU
		{FF73D86D-A0D8-4856-BEF9-3E63A49E4923}.Debug|Any CPU.Build.0 = Debug|Any CPU
		{FF73D86D-A0D8-4856-BEF9-3E63A49E4923}.Release|Any CPU.ActiveCfg = Release|Any CPU
		{FF73D86D-A0D8-4856-BEF9-3E63A49E4923}.Release|Any CPU.Build.0 = Release|Any CPU
		{BCEDCF67-D859-4863-B4D8-427BD77CE6F8}.Debug|Any CPU.ActiveCfg = Debug|Any CPU
		{BCEDCF67-D859-4863-B4D8-427BD77CE6F8}.Debug|Any CPU.Build.0 = Debug|Any CPU
		{BCEDCF67-D859-4863-B4D8-427BD77CE6F8}.Release|Any CPU.ActiveCfg = Release|Any CPU
		{BCEDCF67-D859-4863-B4D8-427BD77CE6F8}.Release|Any CPU.Build.0 = Release|Any CPU
		{F7E24F97-F45C-4C5F-A866-75E9FD9C0D79}.Debug|Any CPU.ActiveCfg = Debug|Any CPU
		{F7E24F97-F45C-4C5F-A866-75E9FD9C0D79}.Debug|Any CPU.Build.0 = Debug|Any CPU
		{F7E24F97-F45C-4C5F-A866-75E9FD9C0D79}.Release|Any CPU.ActiveCfg = Release|Any CPU
		{F7E24F97-F45C-4C5F-A866-75E9FD9C0D79}.Release|Any CPU.Build.0 = Release|Any CPU
		{CE3CEBFF-4EDB-47CD-B977-6CCF97E804BD}.Debug|Any CPU.ActiveCfg = Debug|Any CPU
		{CE3CEBFF-4EDB-47CD-B977-6CCF97E804BD}.Debug|Any CPU.Build.0 = Debug|Any CPU
		{CE3CEBFF-4EDB-47CD-B977-6CCF97E804BD}.Release|Any CPU.ActiveCfg = Release|Any CPU
		{CE3CEBFF-4EDB-47CD-B977-6CCF97E804BD}.Release|Any CPU.Build.0 = Release|Any CPU
		{03144E01-0BF8-4D30-8C0F-6A76927F74DE}.Debug|Any CPU.ActiveCfg = Debug|Any CPU
		{03144E01-0BF8-4D30-8C0F-6A76927F74DE}.Debug|Any CPU.Build.0 = Debug|Any CPU
		{03144E01-0BF8-4D30-8C0F-6A76927F74DE}.Release|Any CPU.ActiveCfg = Release|Any CPU
		{03144E01-0BF8-4D30-8C0F-6A76927F74DE}.Release|Any CPU.Build.0 = Release|Any CPU
		{894C216B-3162-4B21-BAA4-881639DABEF5}.Debug|Any CPU.ActiveCfg = Debug|Any CPU
		{894C216B-3162-4B21-BAA4-881639DABEF5}.Debug|Any CPU.Build.0 = Debug|Any CPU
		{894C216B-3162-4B21-BAA4-881639DABEF5}.Release|Any CPU.ActiveCfg = Release|Any CPU
		{894C216B-3162-4B21-BAA4-881639DABEF5}.Release|Any CPU.Build.0 = Release|Any CPU
		{DDF88567-CBD7-49E3-B655-B76996176834}.Debug|Any CPU.ActiveCfg = Debug|Any CPU
		{DDF88567-CBD7-49E3-B655-B76996176834}.Debug|Any CPU.Build.0 = Debug|Any CPU
		{DDF88567-CBD7-49E3-B655-B76996176834}.Release|Any CPU.ActiveCfg = Release|Any CPU
		{DDF88567-CBD7-49E3-B655-B76996176834}.Release|Any CPU.Build.0 = Release|Any CPU
		{D669846E-4A0C-4798-8E28-C62181C54851}.Debug|Any CPU.ActiveCfg = Debug|Any CPU
		{D669846E-4A0C-4798-8E28-C62181C54851}.Debug|Any CPU.Build.0 = Debug|Any CPU
		{D669846E-4A0C-4798-8E28-C62181C54851}.Release|Any CPU.ActiveCfg = Release|Any CPU
		{D669846E-4A0C-4798-8E28-C62181C54851}.Release|Any CPU.Build.0 = Release|Any CPU
		{67340688-F086-4E1A-9A74-F974D934D49D}.Debug|Any CPU.ActiveCfg = Debug|Any CPU
		{67340688-F086-4E1A-9A74-F974D934D49D}.Debug|Any CPU.Build.0 = Debug|Any CPU
		{67340688-F086-4E1A-9A74-F974D934D49D}.Release|Any CPU.ActiveCfg = Release|Any CPU
		{67340688-F086-4E1A-9A74-F974D934D49D}.Release|Any CPU.Build.0 = Release|Any CPU
		{8BCCB052-F975-4717-8F0E-94D62D635FAA}.Debug|Any CPU.ActiveCfg = Debug|Any CPU
		{8BCCB052-F975-4717-8F0E-94D62D635FAA}.Debug|Any CPU.Build.0 = Debug|Any CPU
		{8BCCB052-F975-4717-8F0E-94D62D635FAA}.Release|Any CPU.ActiveCfg = Release|Any CPU
		{8BCCB052-F975-4717-8F0E-94D62D635FAA}.Release|Any CPU.Build.0 = Release|Any CPU
		{AE4BE14A-1CA8-423F-84B2-0C25D8324CBC}.Debug|Any CPU.ActiveCfg = Debug|Any CPU
		{AE4BE14A-1CA8-423F-84B2-0C25D8324CBC}.Debug|Any CPU.Build.0 = Debug|Any CPU
		{AE4BE14A-1CA8-423F-84B2-0C25D8324CBC}.Release|Any CPU.ActiveCfg = Release|Any CPU
		{AE4BE14A-1CA8-423F-84B2-0C25D8324CBC}.Release|Any CPU.Build.0 = Release|Any CPU
		{93E7DDD7-D807-4B08-960B-8C566FB6E2F3}.Debug|Any CPU.ActiveCfg = Debug|Any CPU
		{93E7DDD7-D807-4B08-960B-8C566FB6E2F3}.Debug|Any CPU.Build.0 = Debug|Any CPU
		{93E7DDD7-D807-4B08-960B-8C566FB6E2F3}.Release|Any CPU.ActiveCfg = Release|Any CPU
		{93E7DDD7-D807-4B08-960B-8C566FB6E2F3}.Release|Any CPU.Build.0 = Release|Any CPU
		{3945CA88-698D-46BA-8621-42710619EEC9}.Debug|Any CPU.ActiveCfg = Debug|Any CPU
		{3945CA88-698D-46BA-8621-42710619EEC9}.Debug|Any CPU.Build.0 = Debug|Any CPU
		{3945CA88-698D-46BA-8621-42710619EEC9}.Release|Any CPU.ActiveCfg = Release|Any CPU
		{3945CA88-698D-46BA-8621-42710619EEC9}.Release|Any CPU.Build.0 = Release|Any CPU
		{D29F8732-AD07-4F83-B3BB-F54652440087}.Debug|Any CPU.ActiveCfg = Debug|Any CPU
		{D29F8732-AD07-4F83-B3BB-F54652440087}.Debug|Any CPU.Build.0 = Debug|Any CPU
		{D29F8732-AD07-4F83-B3BB-F54652440087}.Release|Any CPU.ActiveCfg = Release|Any CPU
		{D29F8732-AD07-4F83-B3BB-F54652440087}.Release|Any CPU.Build.0 = Release|Any CPU
		{C14E42F3-DD1F-425D-866A-2EC8A24DC0C5}.Debug|Any CPU.ActiveCfg = Debug|Any CPU
		{C14E42F3-DD1F-425D-866A-2EC8A24DC0C5}.Debug|Any CPU.Build.0 = Debug|Any CPU
		{C14E42F3-DD1F-425D-866A-2EC8A24DC0C5}.Release|Any CPU.ActiveCfg = Release|Any CPU
		{C14E42F3-DD1F-425D-866A-2EC8A24DC0C5}.Release|Any CPU.Build.0 = Release|Any CPU
		{943F7AF9-C0DF-4AF2-A32C-1724710D71B3}.Debug|Any CPU.ActiveCfg = Debug|Any CPU
		{943F7AF9-C0DF-4AF2-A32C-1724710D71B3}.Debug|Any CPU.Build.0 = Debug|Any CPU
		{943F7AF9-C0DF-4AF2-A32C-1724710D71B3}.Release|Any CPU.ActiveCfg = Release|Any CPU
		{943F7AF9-C0DF-4AF2-A32C-1724710D71B3}.Release|Any CPU.Build.0 = Release|Any CPU
		{E0928D1F-8B18-462A-B095-3D474E702547}.Debug|Any CPU.ActiveCfg = Debug|Any CPU
		{E0928D1F-8B18-462A-B095-3D474E702547}.Debug|Any CPU.Build.0 = Debug|Any CPU
		{E0928D1F-8B18-462A-B095-3D474E702547}.Release|Any CPU.ActiveCfg = Release|Any CPU
		{E0928D1F-8B18-462A-B095-3D474E702547}.Release|Any CPU.Build.0 = Release|Any CPU
		{BC29B3A2-E906-4726-AEFE-AD4452A39D15}.Debug|Any CPU.ActiveCfg = Debug|Any CPU
		{BC29B3A2-E906-4726-AEFE-AD4452A39D15}.Debug|Any CPU.Build.0 = Debug|Any CPU
		{BC29B3A2-E906-4726-AEFE-AD4452A39D15}.Release|Any CPU.ActiveCfg = Release|Any CPU
		{BC29B3A2-E906-4726-AEFE-AD4452A39D15}.Release|Any CPU.Build.0 = Release|Any CPU
		{D6F77D71-09AF-4289-8442-2D2BF7D2325D}.Debug|Any CPU.ActiveCfg = Debug|Any CPU
		{D6F77D71-09AF-4289-8442-2D2BF7D2325D}.Debug|Any CPU.Build.0 = Debug|Any CPU
		{D6F77D71-09AF-4289-8442-2D2BF7D2325D}.Release|Any CPU.ActiveCfg = Release|Any CPU
		{D6F77D71-09AF-4289-8442-2D2BF7D2325D}.Release|Any CPU.Build.0 = Release|Any CPU
		{A81523C0-F4D9-4170-BF0A-631178FF06D7}.Debug|Any CPU.ActiveCfg = Debug|Any CPU
		{A81523C0-F4D9-4170-BF0A-631178FF06D7}.Debug|Any CPU.Build.0 = Debug|Any CPU
		{A81523C0-F4D9-4170-BF0A-631178FF06D7}.Release|Any CPU.ActiveCfg = Release|Any CPU
		{A81523C0-F4D9-4170-BF0A-631178FF06D7}.Release|Any CPU.Build.0 = Release|Any CPU
		{C29B995D-FB45-43B6-90B4-2817501B9D01}.Debug|Any CPU.ActiveCfg = Debug|Any CPU
		{C29B995D-FB45-43B6-90B4-2817501B9D01}.Debug|Any CPU.Build.0 = Debug|Any CPU
		{C29B995D-FB45-43B6-90B4-2817501B9D01}.Release|Any CPU.ActiveCfg = Release|Any CPU
		{C29B995D-FB45-43B6-90B4-2817501B9D01}.Release|Any CPU.Build.0 = Release|Any CPU
		{8E1AAF9B-C7E3-4DF8-AF10-D90A7CA5B3E9}.Debug|Any CPU.ActiveCfg = Debug|Any CPU
		{8E1AAF9B-C7E3-4DF8-AF10-D90A7CA5B3E9}.Debug|Any CPU.Build.0 = Debug|Any CPU
		{8E1AAF9B-C7E3-4DF8-AF10-D90A7CA5B3E9}.Release|Any CPU.ActiveCfg = Release|Any CPU
		{8E1AAF9B-C7E3-4DF8-AF10-D90A7CA5B3E9}.Release|Any CPU.Build.0 = Release|Any CPU
		{4D7525BA-EA89-4E1A-A78C-9581B1C2BE61}.Debug|Any CPU.ActiveCfg = Debug|Any CPU
		{4D7525BA-EA89-4E1A-A78C-9581B1C2BE61}.Debug|Any CPU.Build.0 = Debug|Any CPU
		{4D7525BA-EA89-4E1A-A78C-9581B1C2BE61}.Release|Any CPU.ActiveCfg = Release|Any CPU
		{4D7525BA-EA89-4E1A-A78C-9581B1C2BE61}.Release|Any CPU.Build.0 = Release|Any CPU
		{4FB7F343-F3B9-4061-A8EE-DEC29602A94C}.Debug|Any CPU.ActiveCfg = Debug|Any CPU
		{4FB7F343-F3B9-4061-A8EE-DEC29602A94C}.Debug|Any CPU.Build.0 = Debug|Any CPU
		{4FB7F343-F3B9-4061-A8EE-DEC29602A94C}.Release|Any CPU.ActiveCfg = Release|Any CPU
		{4FB7F343-F3B9-4061-A8EE-DEC29602A94C}.Release|Any CPU.Build.0 = Release|Any CPU
		{C53DC7BC-6BDF-49E1-BDE6-DEAE9F08358F}.Debug|Any CPU.ActiveCfg = Debug|Any CPU
		{C53DC7BC-6BDF-49E1-BDE6-DEAE9F08358F}.Debug|Any CPU.Build.0 = Debug|Any CPU
		{C53DC7BC-6BDF-49E1-BDE6-DEAE9F08358F}.Release|Any CPU.ActiveCfg = Release|Any CPU
		{C53DC7BC-6BDF-49E1-BDE6-DEAE9F08358F}.Release|Any CPU.Build.0 = Release|Any CPU
		{402D67F7-B4C5-4132-80F5-2A8A5CF66F08}.Debug|Any CPU.ActiveCfg = Debug|Any CPU
		{402D67F7-B4C5-4132-80F5-2A8A5CF66F08}.Debug|Any CPU.Build.0 = Debug|Any CPU
		{402D67F7-B4C5-4132-80F5-2A8A5CF66F08}.Release|Any CPU.ActiveCfg = Release|Any CPU
		{402D67F7-B4C5-4132-80F5-2A8A5CF66F08}.Release|Any CPU.Build.0 = Release|Any CPU
		{90172608-6B4F-4FFF-AFAE-A58319C7B04C}.Debug|Any CPU.ActiveCfg = Debug|Any CPU
		{90172608-6B4F-4FFF-AFAE-A58319C7B04C}.Debug|Any CPU.Build.0 = Debug|Any CPU
		{90172608-6B4F-4FFF-AFAE-A58319C7B04C}.Release|Any CPU.ActiveCfg = Release|Any CPU
		{90172608-6B4F-4FFF-AFAE-A58319C7B04C}.Release|Any CPU.Build.0 = Release|Any CPU
		{897E095D-8338-4D0E-8839-CA4D2290B214}.Debug|Any CPU.ActiveCfg = Debug|Any CPU
		{897E095D-8338-4D0E-8839-CA4D2290B214}.Debug|Any CPU.Build.0 = Debug|Any CPU
		{897E095D-8338-4D0E-8839-CA4D2290B214}.Release|Any CPU.ActiveCfg = Release|Any CPU
		{897E095D-8338-4D0E-8839-CA4D2290B214}.Release|Any CPU.Build.0 = Release|Any CPU
		{4B424B73-47C1-46B8-9766-F4965220D7C9}.Debug|Any CPU.ActiveCfg = Debug|Any CPU
		{4B424B73-47C1-46B8-9766-F4965220D7C9}.Debug|Any CPU.Build.0 = Debug|Any CPU
		{4B424B73-47C1-46B8-9766-F4965220D7C9}.Release|Any CPU.ActiveCfg = Release|Any CPU
		{4B424B73-47C1-46B8-9766-F4965220D7C9}.Release|Any CPU.Build.0 = Release|Any CPU
		{AFC1DD63-5851-48BB-9C00-FAC33B95D8A9}.Debug|Any CPU.ActiveCfg = Debug|Any CPU
		{AFC1DD63-5851-48BB-9C00-FAC33B95D8A9}.Debug|Any CPU.Build.0 = Debug|Any CPU
		{AFC1DD63-5851-48BB-9C00-FAC33B95D8A9}.Release|Any CPU.ActiveCfg = Release|Any CPU
		{AFC1DD63-5851-48BB-9C00-FAC33B95D8A9}.Release|Any CPU.Build.0 = Release|Any CPU
		{352DCADB-ECC3-4A6E-9EFC-002368BD0964}.Debug|Any CPU.ActiveCfg = Debug|Any CPU
		{352DCADB-ECC3-4A6E-9EFC-002368BD0964}.Debug|Any CPU.Build.0 = Debug|Any CPU
		{352DCADB-ECC3-4A6E-9EFC-002368BD0964}.Release|Any CPU.ActiveCfg = Release|Any CPU
		{352DCADB-ECC3-4A6E-9EFC-002368BD0964}.Release|Any CPU.Build.0 = Release|Any CPU
		{68798FE0-F584-4B4F-8BD2-BCC3558EF48C}.Debug|Any CPU.ActiveCfg = Debug|Any CPU
		{68798FE0-F584-4B4F-8BD2-BCC3558EF48C}.Debug|Any CPU.Build.0 = Debug|Any CPU
		{68798FE0-F584-4B4F-8BD2-BCC3558EF48C}.Release|Any CPU.ActiveCfg = Release|Any CPU
		{68798FE0-F584-4B4F-8BD2-BCC3558EF48C}.Release|Any CPU.Build.0 = Release|Any CPU
		{DC144F7B-2719-48FD-8584-921AB63F0FE2}.Debug|Any CPU.ActiveCfg = Debug|Any CPU
		{DC144F7B-2719-48FD-8584-921AB63F0FE2}.Debug|Any CPU.Build.0 = Debug|Any CPU
		{DC144F7B-2719-48FD-8584-921AB63F0FE2}.Release|Any CPU.ActiveCfg = Release|Any CPU
		{DC144F7B-2719-48FD-8584-921AB63F0FE2}.Release|Any CPU.Build.0 = Release|Any CPU
		{970EB8EA-5E3F-4C4A-83D3-83095BFD10F2}.Debug|Any CPU.ActiveCfg = Debug|Any CPU
		{970EB8EA-5E3F-4C4A-83D3-83095BFD10F2}.Debug|Any CPU.Build.0 = Debug|Any CPU
		{970EB8EA-5E3F-4C4A-83D3-83095BFD10F2}.Release|Any CPU.ActiveCfg = Release|Any CPU
		{970EB8EA-5E3F-4C4A-83D3-83095BFD10F2}.Release|Any CPU.Build.0 = Release|Any CPU
		{00E9505D-F789-4B86-9C6E-06BA991EECD7}.Debug|Any CPU.ActiveCfg = Debug|Any CPU
		{00E9505D-F789-4B86-9C6E-06BA991EECD7}.Debug|Any CPU.Build.0 = Debug|Any CPU
		{00E9505D-F789-4B86-9C6E-06BA991EECD7}.Release|Any CPU.ActiveCfg = Release|Any CPU
		{00E9505D-F789-4B86-9C6E-06BA991EECD7}.Release|Any CPU.Build.0 = Release|Any CPU
		{24F6E1C9-B10D-4A6D-AA4D-12AA9C08C9C8}.Debug|Any CPU.ActiveCfg = Debug|Any CPU
		{24F6E1C9-B10D-4A6D-AA4D-12AA9C08C9C8}.Debug|Any CPU.Build.0 = Debug|Any CPU
		{24F6E1C9-B10D-4A6D-AA4D-12AA9C08C9C8}.Release|Any CPU.ActiveCfg = Release|Any CPU
		{24F6E1C9-B10D-4A6D-AA4D-12AA9C08C9C8}.Release|Any CPU.Build.0 = Release|Any CPU
		{17A026AD-F18E-410F-B71C-9FD2EE012F35}.Debug|Any CPU.ActiveCfg = Debug|Any CPU
		{17A026AD-F18E-410F-B71C-9FD2EE012F35}.Debug|Any CPU.Build.0 = Debug|Any CPU
		{17A026AD-F18E-410F-B71C-9FD2EE012F35}.Release|Any CPU.ActiveCfg = Release|Any CPU
		{17A026AD-F18E-410F-B71C-9FD2EE012F35}.Release|Any CPU.Build.0 = Release|Any CPU
		{A11C14E8-60D9-4BD7-821E-870BA3C2F1CC}.Debug|Any CPU.ActiveCfg = Debug|Any CPU
		{A11C14E8-60D9-4BD7-821E-870BA3C2F1CC}.Debug|Any CPU.Build.0 = Debug|Any CPU
		{A11C14E8-60D9-4BD7-821E-870BA3C2F1CC}.Release|Any CPU.ActiveCfg = Release|Any CPU
		{A11C14E8-60D9-4BD7-821E-870BA3C2F1CC}.Release|Any CPU.Build.0 = Release|Any CPU
		{C6E23573-2A48-4339-90F4-07446E9FA48D}.Debug|Any CPU.ActiveCfg = Debug|Any CPU
		{C6E23573-2A48-4339-90F4-07446E9FA48D}.Debug|Any CPU.Build.0 = Debug|Any CPU
		{C6E23573-2A48-4339-90F4-07446E9FA48D}.Release|Any CPU.ActiveCfg = Release|Any CPU
		{C6E23573-2A48-4339-90F4-07446E9FA48D}.Release|Any CPU.Build.0 = Release|Any CPU
		{89F4B047-E684-4D7B-9B58-D3057C2B1AF4}.Debug|Any CPU.ActiveCfg = Debug|Any CPU
		{89F4B047-E684-4D7B-9B58-D3057C2B1AF4}.Debug|Any CPU.Build.0 = Debug|Any CPU
		{89F4B047-E684-4D7B-9B58-D3057C2B1AF4}.Release|Any CPU.ActiveCfg = Release|Any CPU
		{89F4B047-E684-4D7B-9B58-D3057C2B1AF4}.Release|Any CPU.Build.0 = Release|Any CPU
		{B83A42D1-15BB-4750-ABEB-39BDF74E1380}.Debug|Any CPU.ActiveCfg = Debug|Any CPU
		{B83A42D1-15BB-4750-ABEB-39BDF74E1380}.Debug|Any CPU.Build.0 = Debug|Any CPU
		{B83A42D1-15BB-4750-ABEB-39BDF74E1380}.Release|Any CPU.ActiveCfg = Release|Any CPU
		{B83A42D1-15BB-4750-ABEB-39BDF74E1380}.Release|Any CPU.Build.0 = Release|Any CPU
		{4375CD1B-8B22-4DCD-9033-F2B200002864}.Debug|Any CPU.ActiveCfg = Debug|Any CPU
		{4375CD1B-8B22-4DCD-9033-F2B200002864}.Debug|Any CPU.Build.0 = Debug|Any CPU
		{4375CD1B-8B22-4DCD-9033-F2B200002864}.Release|Any CPU.ActiveCfg = Release|Any CPU
		{4375CD1B-8B22-4DCD-9033-F2B200002864}.Release|Any CPU.Build.0 = Release|Any CPU
		{A0BE81AF-3E7D-4754-BD4A-F9B9DFFEE75F}.Debug|Any CPU.ActiveCfg = Debug|Any CPU
		{A0BE81AF-3E7D-4754-BD4A-F9B9DFFEE75F}.Debug|Any CPU.Build.0 = Debug|Any CPU
		{A0BE81AF-3E7D-4754-BD4A-F9B9DFFEE75F}.Release|Any CPU.ActiveCfg = Release|Any CPU
		{A0BE81AF-3E7D-4754-BD4A-F9B9DFFEE75F}.Release|Any CPU.Build.0 = Release|Any CPU
		{0123EB17-4178-4E35-86ED-BC45FE08997F}.Debug|Any CPU.ActiveCfg = Debug|Any CPU
		{0123EB17-4178-4E35-86ED-BC45FE08997F}.Debug|Any CPU.Build.0 = Debug|Any CPU
		{0123EB17-4178-4E35-86ED-BC45FE08997F}.Release|Any CPU.ActiveCfg = Release|Any CPU
		{0123EB17-4178-4E35-86ED-BC45FE08997F}.Release|Any CPU.Build.0 = Release|Any CPU
	EndGlobalSection
	GlobalSection(SolutionProperties) = preSolution
		HideSolutionNode = FALSE
	EndGlobalSection
EndGlobal
