
Microsoft Visual Studio Solution File, Format Version 12.00
# Visual Studio 14
VisualStudioVersion = 14.0.25420.1
MinimumVisualStudioVersion = 10.0.40219.1
Project("{F2A71F9B-5D33-465A-A702-920D77279786}") = "FSharpTest1", "FSharpTest1\FSharpTest1.fsproj", "{BD41FB0C-CB7C-44C9-B9F8-AC17B3EC638D}"
EndProject
Project("{F2A71F9B-5D33-465A-A702-920D77279786}") = "FSharpTest2", "FSharpTest2\FSharpTest2.fsproj", "{BF39C439-1A0D-4C24-9D3B-DE9471C24912}"
EndProject
Project("{F2A71F9B-5D33-465A-A702-920D77279786}") = "FSharpTest3", "FSharpTest3\FSharpTest3.fsproj", "{22EFEE13-0BC0-45E2-B642-56E8F02125F9}"
EndProject
Project("{F2A71F9B-5D33-465A-A702-920D77279786}") = "FSharpTest4", "FSharpTest4\FSharpTest4.fsproj", "{F14EA14E-AE5D-46AA-A8FC-15E7EBD37A8A}"
EndProject
Project("{F2A71F9B-5D33-465A-A702-920D77279786}") = "FSharpTest5", "FSharpTest5\FSharpTest5.fsproj", "{81CD2088-6B42-4312-B57C-B0FBBCFEEE66}"
EndProject
Project("{F2A71F9B-5D33-465A-A702-920D77279786}") = "FSharpTest6", "FSharpTest6\FSharpTest6.fsproj", "{2EDB517B-6C5B-4CB6-9C60-96BAE5B32AF6}"
EndProject
Project("{F2A71F9B-5D33-465A-A702-920D77279786}") = "FSharpTest7", "FSharpTest7\FSharpTest7.fsproj", "{374C5364-D733-4932-8D33-880DCDF4AC86}"
EndProject
Project("{F2A71F9B-5D33-465A-A702-920D77279786}") = "FSharpTest8", "FSharpTest8\FSharpTest8.fsproj", "{34D68B24-2477-44C3-AFB0-C3D4835FB088}"
EndProject
Project("{F2A71F9B-5D33-465A-A702-920D77279786}") = "FSharpTest9", "FSharpTest9\FSharpTest9.fsproj", "{2F41CE26-8674-42DE-B844-BE74788AE31F}"
EndProject
Project("{F2A71F9B-5D33-465A-A702-920D77279786}") = "FSharpTest10", "FSharpTest10\FSharpTest10.fsproj", "{AE53B037-2059-4014-B989-E2A7414C6CBD}"
EndProject
Project("{F2A71F9B-5D33-465A-A702-920D77279786}") = "FSharpTest11", "FSharpTest11\FSharpTest11.fsproj", "{95F87CB5-F62E-4813-8B89-00C70FD3F742}"
EndProject
Project("{F2A71F9B-5D33-465A-A702-920D77279786}") = "FSharpTest12", "FSharpTest12\FSharpTest12.fsproj", "{3F35E192-30D1-484B-A8B0-78BBCFF0395B}"
EndProject
Project("{F2A71F9B-5D33-465A-A702-920D77279786}") = "FSharpTest13", "FSharpTest13\FSharpTest13.fsproj", "{3A9AF118-ED86-412A-81BE-2AF9060DE62D}"
EndProject
Project("{F2A71F9B-5D33-465A-A702-920D77279786}") = "FSharpTest14", "FSharpTest14\FSharpTest14.fsproj", "{C723B399-7BC7-486D-A4C2-2420EFC079C6}"
EndProject
Project("{F2A71F9B-5D33-465A-A702-920D77279786}") = "FSharpTest15", "FSharpTest15\FSharpTest15.fsproj", "{E09D818A-F776-44A7-89FC-AE2E7CD1A6C1}"
EndProject
Project("{F2A71F9B-5D33-465A-A702-920D77279786}") = "FSharpTest16", "FSharpTest16\FSharpTest16.fsproj", "{D9F35BFE-9224-482A-9291-88341CFE04BF}"
EndProject
Project("{F2A71F9B-5D33-465A-A702-920D77279786}") = "FSharpTest17", "FSharpTest17\FSharpTest17.fsproj", "{6F5CBC22-BCBD-4F22-88C0-E00723C10044}"
EndProject
Project("{F2A71F9B-5D33-465A-A702-920D77279786}") = "FSharpTest18", "FSharpTest18\FSharpTest18.fsproj", "{70B84B3E-F9E1-4E22-946C-6B4E5118C68B}"
EndProject
Project("{F2A71F9B-5D33-465A-A702-920D77279786}") = "FSharpTest19", "FSharpTest19\FSharpTest19.fsproj", "{8DBAB98A-E961-4FCB-AF7B-433B2A592781}"
EndProject
Project("{F2A71F9B-5D33-465A-A702-920D77279786}") = "FSharpTest20", "FSharpTest20\FSharpTest20.fsproj", "{4F2D81DA-CB1D-476A-B37F-74B9C8F2ACCE}"
EndProject
Project("{F2A71F9B-5D33-465A-A702-920D77279786}") = "FSharpTest21", "FSharpTest21\FSharpTest21.fsproj", "{8B03541C-B764-4E92-ADBA-8F5EEA3508BA}"
EndProject
Project("{F2A71F9B-5D33-465A-A702-920D77279786}") = "FSharpTest22", "FSharpTest22\FSharpTest22.fsproj", "{41D17DB5-BACD-4C7B-9DBA-09758CC76F72}"
EndProject
Project("{F2A71F9B-5D33-465A-A702-920D77279786}") = "FSharpTest23", "FSharpTest23\FSharpTest23.fsproj", "{BA1D669E-D9B7-407F-B0CE-81537243D145}"
EndProject
Project("{F2A71F9B-5D33-465A-A702-920D77279786}") = "FSharpTest24", "FSharpTest24\FSharpTest24.fsproj", "{D44C05FC-23B5-456D-A156-E9FDEC20E898}"
EndProject
Project("{F2A71F9B-5D33-465A-A702-920D77279786}") = "FSharpTest25", "FSharpTest25\FSharpTest25.fsproj", "{1DD109C5-189D-4CEB-A84F-D6A4F270ED1D}"
EndProject
Project("{F2A71F9B-5D33-465A-A702-920D77279786}") = "FSharpTest26", "FSharpTest26\FSharpTest26.fsproj", "{7F882FCE-21F0-49BC-81E2-42D658396828}"
EndProject
Project("{F2A71F9B-5D33-465A-A702-920D77279786}") = "FSharpTest27", "FSharpTest27\FSharpTest27.fsproj", "{51AB57C4-BBA4-4409-94B7-00BF94E526B2}"
EndProject
Project("{F2A71F9B-5D33-465A-A702-920D77279786}") = "FSharpTest28", "FSharpTest28\FSharpTest28.fsproj", "{B5C3D4F8-66E6-4BAD-ADD4-89EA9C1CB57A}"
EndProject
Project("{F2A71F9B-5D33-465A-A702-920D77279786}") = "FSharpTest29", "FSharpTest29\FSharpTest29.fsproj", "{8E60CA89-E6C8-4B7C-BD57-8EF521399E0B}"
EndProject
Project("{F2A71F9B-5D33-465A-A702-920D77279786}") = "FSharpTest30", "FSharpTest30\FSharpTest30.fsproj", "{C4323BAE-0D29-4088-8686-2B62D0D8AF04}"
EndProject
Project("{F2A71F9B-5D33-465A-A702-920D77279786}") = "FSharpTest31", "FSharpTest31\FSharpTest31.fsproj", "{E68F623E-DFC1-41E8-A529-7CBBCC5F3BFB}"
EndProject
Project("{F2A71F9B-5D33-465A-A702-920D77279786}") = "FSharpTest32", "FSharpTest32\FSharpTest32.fsproj", "{65549BC8-6B81-443F-AE96-06C78062E455}"
EndProject
Project("{F2A71F9B-5D33-465A-A702-920D77279786}") = "FSharpTest33", "FSharpTest33\FSharpTest33.fsproj", "{85AAA451-74B5-46B6-9A9F-2F6D34546B5F}"
EndProject
Project("{F2A71F9B-5D33-465A-A702-920D77279786}") = "FSharpTest34", "FSharpTest34\FSharpTest34.fsproj", "{EB7F8C51-8C57-4EF1-865A-3D1A16FFC072}"
EndProject
Project("{F2A71F9B-5D33-465A-A702-920D77279786}") = "FSharpTest35", "FSharpTest35\FSharpTest35.fsproj", "{3CC50791-5ED7-4D07-9BF4-75AD9CCC9875}"
EndProject
Project("{F2A71F9B-5D33-465A-A702-920D77279786}") = "FSharpTest36", "FSharpTest36\FSharpTest36.fsproj", "{1CA6F38E-BA86-418D-9676-5B2FF7AA6363}"
EndProject
Project("{F2A71F9B-5D33-465A-A702-920D77279786}") = "FSharpTest37", "FSharpTest37\FSharpTest37.fsproj", "{C7421958-1D78-4BBB-A49F-E693ACB21BEA}"
EndProject
Project("{F2A71F9B-5D33-465A-A702-920D77279786}") = "FSharpTest38", "FSharpTest38\FSharpTest38.fsproj", "{F71FE195-ACD1-4B1E-81AD-9492B454BA34}"
EndProject
Project("{F2A71F9B-5D33-465A-A702-920D77279786}") = "FSharpTest39", "FSharpTest39\FSharpTest39.fsproj", "{DCC9BC0C-E309-420F-9961-429A12DBD7F9}"
EndProject
Project("{F2A71F9B-5D33-465A-A702-920D77279786}") = "FSharpTest40", "FSharpTest40\FSharpTest40.fsproj", "{50830F6C-0AE8-4F9C-B8D4-F3D52CBFB786}"
EndProject
Project("{F2A71F9B-5D33-465A-A702-920D77279786}") = "FSharpTest41", "FSharpTest41\FSharpTest41.fsproj", "{386285BF-3271-489B-83CD-5C609A9C2A0A}"
EndProject
Project("{F2A71F9B-5D33-465A-A702-920D77279786}") = "FSharpTest42", "FSharpTest42\FSharpTest42.fsproj", "{AF537411-8D94-4E9B-BDD0-00B2ABFFD091}"
EndProject
Project("{F2A71F9B-5D33-465A-A702-920D77279786}") = "FSharpTest43", "FSharpTest43\FSharpTest43.fsproj", "{B9DF7C18-F51F-43AB-8296-E8150356A53A}"
EndProject
Project("{F2A71F9B-5D33-465A-A702-920D77279786}") = "FSharpTest44", "FSharpTest44\FSharpTest44.fsproj", "{D49DC53E-F20F-4EF6-A953-22BC2EF86DA0}"
EndProject
Project("{F2A71F9B-5D33-465A-A702-920D77279786}") = "FSharpTest45", "FSharpTest45\FSharpTest45.fsproj", "{4EE94117-2ADA-43BE-AFDF-8CAFF434E723}"
EndProject
Project("{F2A71F9B-5D33-465A-A702-920D77279786}") = "FSharpTest46", "FSharpTest46\FSharpTest46.fsproj", "{D7FEC0F3-CE5C-4F88-BD42-2E64DA5DF09C}"
EndProject
Project("{F2A71F9B-5D33-465A-A702-920D77279786}") = "FSharpTest47", "FSharpTest47\FSharpTest47.fsproj", "{1CB49552-07A6-43C8-843B-0D400E2AE93C}"
EndProject
Project("{F2A71F9B-5D33-465A-A702-920D77279786}") = "FSharpTest48", "FSharpTest48\FSharpTest48.fsproj", "{ABC0F597-EC8C-4DC2-96B2-FB8002954AB5}"
EndProject
Project("{F2A71F9B-5D33-465A-A702-920D77279786}") = "FSharpTest49", "FSharpTest49\FSharpTest49.fsproj", "{77E7B006-0B98-4B36-81E8-2E81C15B2CEB}"
EndProject
Project("{F2A71F9B-5D33-465A-A702-920D77279786}") = "FSharpTest50", "FSharpTest50\FSharpTest50.fsproj", "{57565F41-376D-4576-AC3E-4A970526D7FF}"
EndProject
Project("{F2A71F9B-5D33-465A-A702-920D77279786}") = "FSharpTest51", "FSharpTest51\FSharpTest51.fsproj", "{0DDD9F6B-4C58-4A7A-844C-7A27F20E6012}"
EndProject
Project("{F2A71F9B-5D33-465A-A702-920D77279786}") = "FSharpTest52", "FSharpTest52\FSharpTest52.fsproj", "{1A243F39-07FF-465B-BAA3-5AF45B03D829}"
EndProject
Project("{F2A71F9B-5D33-465A-A702-920D77279786}") = "FSharpTest53", "FSharpTest53\FSharpTest53.fsproj", "{97F7DF7F-AAE9-490A-BD1E-640EFD3FDA50}"
EndProject
Project("{F2A71F9B-5D33-465A-A702-920D77279786}") = "FSharpTest54", "FSharpTest54\FSharpTest54.fsproj", "{BB5DAD55-0400-4ECA-99EE-CEF665C2C5BD}"
EndProject
Project("{F2A71F9B-5D33-465A-A702-920D77279786}") = "FSharpTest55", "FSharpTest55\FSharpTest55.fsproj", "{B85EFEB7-DBF9-4C1C-9626-FFA161D18646}"
EndProject
Project("{F2A71F9B-5D33-465A-A702-920D77279786}") = "FSharpTest56", "FSharpTest56\FSharpTest56.fsproj", "{B812D542-644C-4CFE-8A0E-5F498859EB1D}"
EndProject
Project("{F2A71F9B-5D33-465A-A702-920D77279786}") = "FSharpTest57", "FSharpTest57\FSharpTest57.fsproj", "{340006B0-4222-4ECA-9FC3-38CC6F980EA1}"
EndProject
Project("{F2A71F9B-5D33-465A-A702-920D77279786}") = "FSharpTest58", "FSharpTest58\FSharpTest58.fsproj", "{5C1CD959-7677-43B9-91AE-1C0FE30DBD08}"
EndProject
Project("{F2A71F9B-5D33-465A-A702-920D77279786}") = "FSharpTest59", "FSharpTest59\FSharpTest59.fsproj", "{71F0AF67-2AA1-4FE4-A79C-EFDB4C9C7A0B}"
EndProject
Project("{F2A71F9B-5D33-465A-A702-920D77279786}") = "FSharpTest60", "FSharpTest60\FSharpTest60.fsproj", "{84373D62-E39C-428B-B2D8-BE8CBB11526C}"
EndProject
Project("{F2A71F9B-5D33-465A-A702-920D77279786}") = "FSharpTest61", "FSharpTest61\FSharpTest61.fsproj", "{4BB8C0D9-18D4-4CE4-8ACF-CC39398CFA71}"
EndProject
Project("{F2A71F9B-5D33-465A-A702-920D77279786}") = "FSharpTest62", "FSharpTest62\FSharpTest62.fsproj", "{624CB1B1-CEBB-4A64-955A-5C17B188EA61}"
EndProject
Project("{F2A71F9B-5D33-465A-A702-920D77279786}") = "FSharpTest63", "FSharpTest63\FSharpTest63.fsproj", "{4379376D-C71E-4218-AEF5-3677211C21FD}"
EndProject
Project("{F2A71F9B-5D33-465A-A702-920D77279786}") = "FSharpTest64", "FSharpTest64\FSharpTest64.fsproj", "{E6F46EE9-E68D-46BE-89AE-D50680E85AB4}"
EndProject
Project("{F2A71F9B-5D33-465A-A702-920D77279786}") = "FSharpTest65", "FSharpTest65\FSharpTest65.fsproj", "{2549401A-6265-463B-BF7B-468B89B472EC}"
EndProject
Project("{F2A71F9B-5D33-465A-A702-920D77279786}") = "FSharpTest66", "FSharpTest66\FSharpTest66.fsproj", "{5BFC0FB8-5BA7-4374-A620-FCCD3F45FBCB}"
EndProject
Project("{F2A71F9B-5D33-465A-A702-920D77279786}") = "FSharpTest67", "FSharpTest67\FSharpTest67.fsproj", "{67E099FF-69B8-432D-84F2-FD24D9207B38}"
EndProject
Project("{F2A71F9B-5D33-465A-A702-920D77279786}") = "FSharpTest68", "FSharpTest68\FSharpTest68.fsproj", "{5157A647-0A4D-4B48-8B64-88AE85896563}"
EndProject
Project("{F2A71F9B-5D33-465A-A702-920D77279786}") = "FSharpTest69", "FSharpTest69\FSharpTest69.fsproj", "{2F030521-044D-4651-A711-83AB9690E8EA}"
EndProject
Project("{F2A71F9B-5D33-465A-A702-920D77279786}") = "FSharpTest70", "FSharpTest70\FSharpTest70.fsproj", "{26927C2F-7537-4F85-8D8F-7BFA377F70B3}"
EndProject
Project("{F2A71F9B-5D33-465A-A702-920D77279786}") = "FSharpTest71", "FSharpTest71\FSharpTest71.fsproj", "{BD601527-04C0-491F-96FE-7ECCC3785F1A}"
EndProject
Project("{F2A71F9B-5D33-465A-A702-920D77279786}") = "FSharpTest72", "FSharpTest72\FSharpTest72.fsproj", "{10ADBCA9-EC68-4C13-902A-80F0E4A1131B}"
EndProject
Project("{F2A71F9B-5D33-465A-A702-920D77279786}") = "FSharpTest73", "FSharpTest73\FSharpTest73.fsproj", "{DB9A611D-6A39-46D4-8036-C4DC092A0B46}"
EndProject
Project("{F2A71F9B-5D33-465A-A702-920D77279786}") = "FSharpTest74", "FSharpTest74\FSharpTest74.fsproj", "{79DEA24D-CD73-470D-81E4-77731008F091}"
EndProject
Project("{F2A71F9B-5D33-465A-A702-920D77279786}") = "FSharpTest75", "FSharpTest75\FSharpTest75.fsproj", "{47188F03-1859-472B-BEDE-C69053C273E1}"
EndProject
Project("{F2A71F9B-5D33-465A-A702-920D77279786}") = "FSharpTest76", "FSharpTest76\FSharpTest76.fsproj", "{FC917A5C-63BF-4540-B640-3F33914EB92E}"
EndProject
Project("{F2A71F9B-5D33-465A-A702-920D77279786}") = "FSharpTest77", "FSharpTest77\FSharpTest77.fsproj", "{6082FF93-D74A-471D-9BF4-4A7CA187866E}"
EndProject
Project("{F2A71F9B-5D33-465A-A702-920D77279786}") = "FSharpTest78", "FSharpTest78\FSharpTest78.fsproj", "{766280B1-A0C3-4DCE-AF06-B1F7DE73E36E}"
EndProject
Project("{F2A71F9B-5D33-465A-A702-920D77279786}") = "FSharpTest79", "FSharpTest79\FSharpTest79.fsproj", "{CD5350E6-4331-4171-BFD2-A6BE7CD8937C}"
EndProject
Project("{F2A71F9B-5D33-465A-A702-920D77279786}") = "FSharpTest80", "FSharpTest80\FSharpTest80.fsproj", "{BE1CB0F4-4F21-4173-BD0B-F70FD4F7F525}"
EndProject
Project("{F2A71F9B-5D33-465A-A702-920D77279786}") = "FSharpTest81", "FSharpTest81\FSharpTest81.fsproj", "{9B38C723-E1B1-450C-8795-185380C421CF}"
EndProject
Project("{F2A71F9B-5D33-465A-A702-920D77279786}") = "FSharpTest82", "FSharpTest82\FSharpTest82.fsproj", "{9B397E37-326E-44CD-9735-995B3892708A}"
EndProject
Project("{F2A71F9B-5D33-465A-A702-920D77279786}") = "FSharpTest83", "FSharpTest83\FSharpTest83.fsproj", "{9C973775-6E26-4A1A-95E0-FAE34D2A07CB}"
EndProject
Project("{F2A71F9B-5D33-465A-A702-920D77279786}") = "FSharpTest84", "FSharpTest84\FSharpTest84.fsproj", "{666B5EF0-9065-404C-9EA1-BF6B25ECE10E}"
EndProject
Project("{F2A71F9B-5D33-465A-A702-920D77279786}") = "FSharpTest85", "FSharpTest85\FSharpTest85.fsproj", "{DDD60608-93D3-4D60-86C0-BC3FE7786671}"
EndProject
Project("{F2A71F9B-5D33-465A-A702-920D77279786}") = "FSharpTest86", "FSharpTest86\FSharpTest86.fsproj", "{BD27995A-754B-4D6C-8FC1-23B93A0AE0E9}"
EndProject
Project("{F2A71F9B-5D33-465A-A702-920D77279786}") = "FSharpTest87", "FSharpTest87\FSharpTest87.fsproj", "{C2D6931D-288E-42E6-BC98-17C429520B1C}"
EndProject
Project("{F2A71F9B-5D33-465A-A702-920D77279786}") = "FSharpTest88", "FSharpTest88\FSharpTest88.fsproj", "{E36F150C-A5C2-41E9-A9B6-F484B97A14E8}"
EndProject
Project("{F2A71F9B-5D33-465A-A702-920D77279786}") = "FSharpTest89", "FSharpTest89\FSharpTest89.fsproj", "{CACB3C62-E7E7-4411-A9EC-AAC3A4C70F8B}"
EndProject
Project("{F2A71F9B-5D33-465A-A702-920D77279786}") = "FSharpTest90", "FSharpTest90\FSharpTest90.fsproj", "{479C8295-5783-4934-8400-BF8FBD2454BC}"
EndProject
Project("{F2A71F9B-5D33-465A-A702-920D77279786}") = "FSharpTest91", "FSharpTest91\FSharpTest91.fsproj", "{0D25D375-3A6F-4CE6-A069-CD6C46C1B2B8}"
EndProject
Project("{F2A71F9B-5D33-465A-A702-920D77279786}") = "FSharpTest92", "FSharpTest92\FSharpTest92.fsproj", "{44B3C8B4-E50E-49C2-8EEC-DC276750372F}"
EndProject
Project("{F2A71F9B-5D33-465A-A702-920D77279786}") = "FSharpTest93", "FSharpTest93\FSharpTest93.fsproj", "{1C38F1AE-FE86-49C0-8833-5ACDC6831301}"
EndProject
Project("{F2A71F9B-5D33-465A-A702-920D77279786}") = "FSharpTest94", "FSharpTest94\FSharpTest94.fsproj", "{6C369FA7-6897-41AA-BDA5-F8965DCA783F}"
EndProject
Project("{F2A71F9B-5D33-465A-A702-920D77279786}") = "FSharpTest95", "FSharpTest95\FSharpTest95.fsproj", "{44105007-93AB-4553-90CF-5933E75FEDD2}"
EndProject
Project("{F2A71F9B-5D33-465A-A702-920D77279786}") = "FSharpTest96", "FSharpTest96\FSharpTest96.fsproj", "{BBBE80AB-EDAD-40E3-8453-23322F8E1204}"
EndProject
Project("{F2A71F9B-5D33-465A-A702-920D77279786}") = "FSharpTest97", "FSharpTest97\FSharpTest97.fsproj", "{85019762-3B87-417C-AC4A-563DEF2AF081}"
EndProject
Project("{F2A71F9B-5D33-465A-A702-920D77279786}") = "FSharpTest98", "FSharpTest98\FSharpTest98.fsproj", "{9714FC2A-0F79-4557-9634-F49E6CA990CB}"
EndProject
Project("{F2A71F9B-5D33-465A-A702-920D77279786}") = "FSharpTest99", "FSharpTest99\FSharpTest99.fsproj", "{B3FA60C4-474A-4CD1-8B5E-0C4D811D7899}"
EndProject
Project("{F2A71F9B-5D33-465A-A702-920D77279786}") = "FSharpTest100", "FSharpTest100\FSharpTest100.fsproj", "{588ED3CA-8358-4DCA-82A3-158035C7D271}"
EndProject
Global
	GlobalSection(SolutionConfigurationPlatforms) = preSolution
		Debug|Any CPU = Debug|Any CPU
		Release|Any CPU = Release|Any CPU
	EndGlobalSection
	GlobalSection(ProjectConfigurationPlatforms) = postSolution
		{BD41FB0C-CB7C-44C9-B9F8-AC17B3EC638D}.Debug|Any CPU.ActiveCfg = Debug|Any CPU
		{BD41FB0C-CB7C-44C9-B9F8-AC17B3EC638D}.Debug|Any CPU.Build.0 = Debug|Any CPU
		{BD41FB0C-CB7C-44C9-B9F8-AC17B3EC638D}.Release|Any CPU.ActiveCfg = Release|Any CPU
		{BD41FB0C-CB7C-44C9-B9F8-AC17B3EC638D}.Release|Any CPU.Build.0 = Release|Any CPU
		{BF39C439-1A0D-4C24-9D3B-DE9471C24912}.Debug|Any CPU.ActiveCfg = Debug|Any CPU
		{BF39C439-1A0D-4C24-9D3B-DE9471C24912}.Debug|Any CPU.Build.0 = Debug|Any CPU
		{BF39C439-1A0D-4C24-9D3B-DE9471C24912}.Release|Any CPU.ActiveCfg = Release|Any CPU
		{BF39C439-1A0D-4C24-9D3B-DE9471C24912}.Release|Any CPU.Build.0 = Release|Any CPU
		{22EFEE13-0BC0-45E2-B642-56E8F02125F9}.Debug|Any CPU.ActiveCfg = Debug|Any CPU
		{22EFEE13-0BC0-45E2-B642-56E8F02125F9}.Debug|Any CPU.Build.0 = Debug|Any CPU
		{22EFEE13-0BC0-45E2-B642-56E8F02125F9}.Release|Any CPU.ActiveCfg = Release|Any CPU
		{22EFEE13-0BC0-45E2-B642-56E8F02125F9}.Release|Any CPU.Build.0 = Release|Any CPU
		{F14EA14E-AE5D-46AA-A8FC-15E7EBD37A8A}.Debug|Any CPU.ActiveCfg = Debug|Any CPU
		{F14EA14E-AE5D-46AA-A8FC-15E7EBD37A8A}.Debug|Any CPU.Build.0 = Debug|Any CPU
		{F14EA14E-AE5D-46AA-A8FC-15E7EBD37A8A}.Release|Any CPU.ActiveCfg = Release|Any CPU
		{F14EA14E-AE5D-46AA-A8FC-15E7EBD37A8A}.Release|Any CPU.Build.0 = Release|Any CPU
		{81CD2088-6B42-4312-B57C-B0FBBCFEEE66}.Debug|Any CPU.ActiveCfg = Debug|Any CPU
		{81CD2088-6B42-4312-B57C-B0FBBCFEEE66}.Debug|Any CPU.Build.0 = Debug|Any CPU
		{81CD2088-6B42-4312-B57C-B0FBBCFEEE66}.Release|Any CPU.ActiveCfg = Release|Any CPU
		{81CD2088-6B42-4312-B57C-B0FBBCFEEE66}.Release|Any CPU.Build.0 = Release|Any CPU
		{2EDB517B-6C5B-4CB6-9C60-96BAE5B32AF6}.Debug|Any CPU.ActiveCfg = Debug|Any CPU
		{2EDB517B-6C5B-4CB6-9C60-96BAE5B32AF6}.Debug|Any CPU.Build.0 = Debug|Any CPU
		{2EDB517B-6C5B-4CB6-9C60-96BAE5B32AF6}.Release|Any CPU.ActiveCfg = Release|Any CPU
		{2EDB517B-6C5B-4CB6-9C60-96BAE5B32AF6}.Release|Any CPU.Build.0 = Release|Any CPU
		{374C5364-D733-4932-8D33-880DCDF4AC86}.Debug|Any CPU.ActiveCfg = Debug|Any CPU
		{374C5364-D733-4932-8D33-880DCDF4AC86}.Debug|Any CPU.Build.0 = Debug|Any CPU
		{374C5364-D733-4932-8D33-880DCDF4AC86}.Release|Any CPU.ActiveCfg = Release|Any CPU
		{374C5364-D733-4932-8D33-880DCDF4AC86}.Release|Any CPU.Build.0 = Release|Any CPU
		{34D68B24-2477-44C3-AFB0-C3D4835FB088}.Debug|Any CPU.ActiveCfg = Debug|Any CPU
		{34D68B24-2477-44C3-AFB0-C3D4835FB088}.Debug|Any CPU.Build.0 = Debug|Any CPU
		{34D68B24-2477-44C3-AFB0-C3D4835FB088}.Release|Any CPU.ActiveCfg = Release|Any CPU
		{34D68B24-2477-44C3-AFB0-C3D4835FB088}.Release|Any CPU.Build.0 = Release|Any CPU
		{2F41CE26-8674-42DE-B844-BE74788AE31F}.Debug|Any CPU.ActiveCfg = Debug|Any CPU
		{2F41CE26-8674-42DE-B844-BE74788AE31F}.Debug|Any CPU.Build.0 = Debug|Any CPU
		{2F41CE26-8674-42DE-B844-BE74788AE31F}.Release|Any CPU.ActiveCfg = Release|Any CPU
		{2F41CE26-8674-42DE-B844-BE74788AE31F}.Release|Any CPU.Build.0 = Release|Any CPU
		{AE53B037-2059-4014-B989-E2A7414C6CBD}.Debug|Any CPU.ActiveCfg = Debug|Any CPU
		{AE53B037-2059-4014-B989-E2A7414C6CBD}.Debug|Any CPU.Build.0 = Debug|Any CPU
		{AE53B037-2059-4014-B989-E2A7414C6CBD}.Release|Any CPU.ActiveCfg = Release|Any CPU
		{AE53B037-2059-4014-B989-E2A7414C6CBD}.Release|Any CPU.Build.0 = Release|Any CPU
		{95F87CB5-F62E-4813-8B89-00C70FD3F742}.Debug|Any CPU.ActiveCfg = Debug|Any CPU
		{95F87CB5-F62E-4813-8B89-00C70FD3F742}.Debug|Any CPU.Build.0 = Debug|Any CPU
		{95F87CB5-F62E-4813-8B89-00C70FD3F742}.Release|Any CPU.ActiveCfg = Release|Any CPU
		{95F87CB5-F62E-4813-8B89-00C70FD3F742}.Release|Any CPU.Build.0 = Release|Any CPU
		{3F35E192-30D1-484B-A8B0-78BBCFF0395B}.Debug|Any CPU.ActiveCfg = Debug|Any CPU
		{3F35E192-30D1-484B-A8B0-78BBCFF0395B}.Debug|Any CPU.Build.0 = Debug|Any CPU
		{3F35E192-30D1-484B-A8B0-78BBCFF0395B}.Release|Any CPU.ActiveCfg = Release|Any CPU
		{3F35E192-30D1-484B-A8B0-78BBCFF0395B}.Release|Any CPU.Build.0 = Release|Any CPU
		{3A9AF118-ED86-412A-81BE-2AF9060DE62D}.Debug|Any CPU.ActiveCfg = Debug|Any CPU
		{3A9AF118-ED86-412A-81BE-2AF9060DE62D}.Debug|Any CPU.Build.0 = Debug|Any CPU
		{3A9AF118-ED86-412A-81BE-2AF9060DE62D}.Release|Any CPU.ActiveCfg = Release|Any CPU
		{3A9AF118-ED86-412A-81BE-2AF9060DE62D}.Release|Any CPU.Build.0 = Release|Any CPU
		{C723B399-7BC7-486D-A4C2-2420EFC079C6}.Debug|Any CPU.ActiveCfg = Debug|Any CPU
		{C723B399-7BC7-486D-A4C2-2420EFC079C6}.Debug|Any CPU.Build.0 = Debug|Any CPU
		{C723B399-7BC7-486D-A4C2-2420EFC079C6}.Release|Any CPU.ActiveCfg = Release|Any CPU
		{C723B399-7BC7-486D-A4C2-2420EFC079C6}.Release|Any CPU.Build.0 = Release|Any CPU
		{E09D818A-F776-44A7-89FC-AE2E7CD1A6C1}.Debug|Any CPU.ActiveCfg = Debug|Any CPU
		{E09D818A-F776-44A7-89FC-AE2E7CD1A6C1}.Debug|Any CPU.Build.0 = Debug|Any CPU
		{E09D818A-F776-44A7-89FC-AE2E7CD1A6C1}.Release|Any CPU.ActiveCfg = Release|Any CPU
		{E09D818A-F776-44A7-89FC-AE2E7CD1A6C1}.Release|Any CPU.Build.0 = Release|Any CPU
		{D9F35BFE-9224-482A-9291-88341CFE04BF}.Debug|Any CPU.ActiveCfg = Debug|Any CPU
		{D9F35BFE-9224-482A-9291-88341CFE04BF}.Debug|Any CPU.Build.0 = Debug|Any CPU
		{D9F35BFE-9224-482A-9291-88341CFE04BF}.Release|Any CPU.ActiveCfg = Release|Any CPU
		{D9F35BFE-9224-482A-9291-88341CFE04BF}.Release|Any CPU.Build.0 = Release|Any CPU
		{6F5CBC22-BCBD-4F22-88C0-E00723C10044}.Debug|Any CPU.ActiveCfg = Debug|Any CPU
		{6F5CBC22-BCBD-4F22-88C0-E00723C10044}.Debug|Any CPU.Build.0 = Debug|Any CPU
		{6F5CBC22-BCBD-4F22-88C0-E00723C10044}.Release|Any CPU.ActiveCfg = Release|Any CPU
		{6F5CBC22-BCBD-4F22-88C0-E00723C10044}.Release|Any CPU.Build.0 = Release|Any CPU
		{70B84B3E-F9E1-4E22-946C-6B4E5118C68B}.Debug|Any CPU.ActiveCfg = Debug|Any CPU
		{70B84B3E-F9E1-4E22-946C-6B4E5118C68B}.Debug|Any CPU.Build.0 = Debug|Any CPU
		{70B84B3E-F9E1-4E22-946C-6B4E5118C68B}.Release|Any CPU.ActiveCfg = Release|Any CPU
		{70B84B3E-F9E1-4E22-946C-6B4E5118C68B}.Release|Any CPU.Build.0 = Release|Any CPU
		{8DBAB98A-E961-4FCB-AF7B-433B2A592781}.Debug|Any CPU.ActiveCfg = Debug|Any CPU
		{8DBAB98A-E961-4FCB-AF7B-433B2A592781}.Debug|Any CPU.Build.0 = Debug|Any CPU
		{8DBAB98A-E961-4FCB-AF7B-433B2A592781}.Release|Any CPU.ActiveCfg = Release|Any CPU
		{8DBAB98A-E961-4FCB-AF7B-433B2A592781}.Release|Any CPU.Build.0 = Release|Any CPU
		{4F2D81DA-CB1D-476A-B37F-74B9C8F2ACCE}.Debug|Any CPU.ActiveCfg = Debug|Any CPU
		{4F2D81DA-CB1D-476A-B37F-74B9C8F2ACCE}.Debug|Any CPU.Build.0 = Debug|Any CPU
		{4F2D81DA-CB1D-476A-B37F-74B9C8F2ACCE}.Release|Any CPU.ActiveCfg = Release|Any CPU
		{4F2D81DA-CB1D-476A-B37F-74B9C8F2ACCE}.Release|Any CPU.Build.0 = Release|Any CPU
		{8B03541C-B764-4E92-ADBA-8F5EEA3508BA}.Debug|Any CPU.ActiveCfg = Debug|Any CPU
		{8B03541C-B764-4E92-ADBA-8F5EEA3508BA}.Debug|Any CPU.Build.0 = Debug|Any CPU
		{8B03541C-B764-4E92-ADBA-8F5EEA3508BA}.Release|Any CPU.ActiveCfg = Release|Any CPU
		{8B03541C-B764-4E92-ADBA-8F5EEA3508BA}.Release|Any CPU.Build.0 = Release|Any CPU
		{41D17DB5-BACD-4C7B-9DBA-09758CC76F72}.Debug|Any CPU.ActiveCfg = Debug|Any CPU
		{41D17DB5-BACD-4C7B-9DBA-09758CC76F72}.Debug|Any CPU.Build.0 = Debug|Any CPU
		{41D17DB5-BACD-4C7B-9DBA-09758CC76F72}.Release|Any CPU.ActiveCfg = Release|Any CPU
		{41D17DB5-BACD-4C7B-9DBA-09758CC76F72}.Release|Any CPU.Build.0 = Release|Any CPU
		{BA1D669E-D9B7-407F-B0CE-81537243D145}.Debug|Any CPU.ActiveCfg = Debug|Any CPU
		{BA1D669E-D9B7-407F-B0CE-81537243D145}.Debug|Any CPU.Build.0 = Debug|Any CPU
		{BA1D669E-D9B7-407F-B0CE-81537243D145}.Release|Any CPU.ActiveCfg = Release|Any CPU
		{BA1D669E-D9B7-407F-B0CE-81537243D145}.Release|Any CPU.Build.0 = Release|Any CPU
		{D44C05FC-23B5-456D-A156-E9FDEC20E898}.Debug|Any CPU.ActiveCfg = Debug|Any CPU
		{D44C05FC-23B5-456D-A156-E9FDEC20E898}.Debug|Any CPU.Build.0 = Debug|Any CPU
		{D44C05FC-23B5-456D-A156-E9FDEC20E898}.Release|Any CPU.ActiveCfg = Release|Any CPU
		{D44C05FC-23B5-456D-A156-E9FDEC20E898}.Release|Any CPU.Build.0 = Release|Any CPU
		{1DD109C5-189D-4CEB-A84F-D6A4F270ED1D}.Debug|Any CPU.ActiveCfg = Debug|Any CPU
		{1DD109C5-189D-4CEB-A84F-D6A4F270ED1D}.Debug|Any CPU.Build.0 = Debug|Any CPU
		{1DD109C5-189D-4CEB-A84F-D6A4F270ED1D}.Release|Any CPU.ActiveCfg = Release|Any CPU
		{1DD109C5-189D-4CEB-A84F-D6A4F270ED1D}.Release|Any CPU.Build.0 = Release|Any CPU
		{7F882FCE-21F0-49BC-81E2-42D658396828}.Debug|Any CPU.ActiveCfg = Debug|Any CPU
		{7F882FCE-21F0-49BC-81E2-42D658396828}.Debug|Any CPU.Build.0 = Debug|Any CPU
		{7F882FCE-21F0-49BC-81E2-42D658396828}.Release|Any CPU.ActiveCfg = Release|Any CPU
		{7F882FCE-21F0-49BC-81E2-42D658396828}.Release|Any CPU.Build.0 = Release|Any CPU
		{51AB57C4-BBA4-4409-94B7-00BF94E526B2}.Debug|Any CPU.ActiveCfg = Debug|Any CPU
		{51AB57C4-BBA4-4409-94B7-00BF94E526B2}.Debug|Any CPU.Build.0 = Debug|Any CPU
		{51AB57C4-BBA4-4409-94B7-00BF94E526B2}.Release|Any CPU.ActiveCfg = Release|Any CPU
		{51AB57C4-BBA4-4409-94B7-00BF94E526B2}.Release|Any CPU.Build.0 = Release|Any CPU
		{B5C3D4F8-66E6-4BAD-ADD4-89EA9C1CB57A}.Debug|Any CPU.ActiveCfg = Debug|Any CPU
		{B5C3D4F8-66E6-4BAD-ADD4-89EA9C1CB57A}.Debug|Any CPU.Build.0 = Debug|Any CPU
		{B5C3D4F8-66E6-4BAD-ADD4-89EA9C1CB57A}.Release|Any CPU.ActiveCfg = Release|Any CPU
		{B5C3D4F8-66E6-4BAD-ADD4-89EA9C1CB57A}.Release|Any CPU.Build.0 = Release|Any CPU
		{8E60CA89-E6C8-4B7C-BD57-8EF521399E0B}.Debug|Any CPU.ActiveCfg = Debug|Any CPU
		{8E60CA89-E6C8-4B7C-BD57-8EF521399E0B}.Debug|Any CPU.Build.0 = Debug|Any CPU
		{8E60CA89-E6C8-4B7C-BD57-8EF521399E0B}.Release|Any CPU.ActiveCfg = Release|Any CPU
		{8E60CA89-E6C8-4B7C-BD57-8EF521399E0B}.Release|Any CPU.Build.0 = Release|Any CPU
		{C4323BAE-0D29-4088-8686-2B62D0D8AF04}.Debug|Any CPU.ActiveCfg = Debug|Any CPU
		{C4323BAE-0D29-4088-8686-2B62D0D8AF04}.Debug|Any CPU.Build.0 = Debug|Any CPU
		{C4323BAE-0D29-4088-8686-2B62D0D8AF04}.Release|Any CPU.ActiveCfg = Release|Any CPU
		{C4323BAE-0D29-4088-8686-2B62D0D8AF04}.Release|Any CPU.Build.0 = Release|Any CPU
		{E68F623E-DFC1-41E8-A529-7CBBCC5F3BFB}.Debug|Any CPU.ActiveCfg = Debug|Any CPU
		{E68F623E-DFC1-41E8-A529-7CBBCC5F3BFB}.Debug|Any CPU.Build.0 = Debug|Any CPU
		{E68F623E-DFC1-41E8-A529-7CBBCC5F3BFB}.Release|Any CPU.ActiveCfg = Release|Any CPU
		{E68F623E-DFC1-41E8-A529-7CBBCC5F3BFB}.Release|Any CPU.Build.0 = Release|Any CPU
		{65549BC8-6B81-443F-AE96-06C78062E455}.Debug|Any CPU.ActiveCfg = Debug|Any CPU
		{65549BC8-6B81-443F-AE96-06C78062E455}.Debug|Any CPU.Build.0 = Debug|Any CPU
		{65549BC8-6B81-443F-AE96-06C78062E455}.Release|Any CPU.ActiveCfg = Release|Any CPU
		{65549BC8-6B81-443F-AE96-06C78062E455}.Release|Any CPU.Build.0 = Release|Any CPU
		{85AAA451-74B5-46B6-9A9F-2F6D34546B5F}.Debug|Any CPU.ActiveCfg = Debug|Any CPU
		{85AAA451-74B5-46B6-9A9F-2F6D34546B5F}.Debug|Any CPU.Build.0 = Debug|Any CPU
		{85AAA451-74B5-46B6-9A9F-2F6D34546B5F}.Release|Any CPU.ActiveCfg = Release|Any CPU
		{85AAA451-74B5-46B6-9A9F-2F6D34546B5F}.Release|Any CPU.Build.0 = Release|Any CPU
		{EB7F8C51-8C57-4EF1-865A-3D1A16FFC072}.Debug|Any CPU.ActiveCfg = Debug|Any CPU
		{EB7F8C51-8C57-4EF1-865A-3D1A16FFC072}.Debug|Any CPU.Build.0 = Debug|Any CPU
		{EB7F8C51-8C57-4EF1-865A-3D1A16FFC072}.Release|Any CPU.ActiveCfg = Release|Any CPU
		{EB7F8C51-8C57-4EF1-865A-3D1A16FFC072}.Release|Any CPU.Build.0 = Release|Any CPU
		{3CC50791-5ED7-4D07-9BF4-75AD9CCC9875}.Debug|Any CPU.ActiveCfg = Debug|Any CPU
		{3CC50791-5ED7-4D07-9BF4-75AD9CCC9875}.Debug|Any CPU.Build.0 = Debug|Any CPU
		{3CC50791-5ED7-4D07-9BF4-75AD9CCC9875}.Release|Any CPU.ActiveCfg = Release|Any CPU
		{3CC50791-5ED7-4D07-9BF4-75AD9CCC9875}.Release|Any CPU.Build.0 = Release|Any CPU
		{1CA6F38E-BA86-418D-9676-5B2FF7AA6363}.Debug|Any CPU.ActiveCfg = Debug|Any CPU
		{1CA6F38E-BA86-418D-9676-5B2FF7AA6363}.Debug|Any CPU.Build.0 = Debug|Any CPU
		{1CA6F38E-BA86-418D-9676-5B2FF7AA6363}.Release|Any CPU.ActiveCfg = Release|Any CPU
		{1CA6F38E-BA86-418D-9676-5B2FF7AA6363}.Release|Any CPU.Build.0 = Release|Any CPU
		{C7421958-1D78-4BBB-A49F-E693ACB21BEA}.Debug|Any CPU.ActiveCfg = Debug|Any CPU
		{C7421958-1D78-4BBB-A49F-E693ACB21BEA}.Debug|Any CPU.Build.0 = Debug|Any CPU
		{C7421958-1D78-4BBB-A49F-E693ACB21BEA}.Release|Any CPU.ActiveCfg = Release|Any CPU
		{C7421958-1D78-4BBB-A49F-E693ACB21BEA}.Release|Any CPU.Build.0 = Release|Any CPU
		{F71FE195-ACD1-4B1E-81AD-9492B454BA34}.Debug|Any CPU.ActiveCfg = Debug|Any CPU
		{F71FE195-ACD1-4B1E-81AD-9492B454BA34}.Debug|Any CPU.Build.0 = Debug|Any CPU
		{F71FE195-ACD1-4B1E-81AD-9492B454BA34}.Release|Any CPU.ActiveCfg = Release|Any CPU
		{F71FE195-ACD1-4B1E-81AD-9492B454BA34}.Release|Any CPU.Build.0 = Release|Any CPU
		{DCC9BC0C-E309-420F-9961-429A12DBD7F9}.Debug|Any CPU.ActiveCfg = Debug|Any CPU
		{DCC9BC0C-E309-420F-9961-429A12DBD7F9}.Debug|Any CPU.Build.0 = Debug|Any CPU
		{DCC9BC0C-E309-420F-9961-429A12DBD7F9}.Release|Any CPU.ActiveCfg = Release|Any CPU
		{DCC9BC0C-E309-420F-9961-429A12DBD7F9}.Release|Any CPU.Build.0 = Release|Any CPU
		{50830F6C-0AE8-4F9C-B8D4-F3D52CBFB786}.Debug|Any CPU.ActiveCfg = Debug|Any CPU
		{50830F6C-0AE8-4F9C-B8D4-F3D52CBFB786}.Debug|Any CPU.Build.0 = Debug|Any CPU
		{50830F6C-0AE8-4F9C-B8D4-F3D52CBFB786}.Release|Any CPU.ActiveCfg = Release|Any CPU
		{50830F6C-0AE8-4F9C-B8D4-F3D52CBFB786}.Release|Any CPU.Build.0 = Release|Any CPU
		{386285BF-3271-489B-83CD-5C609A9C2A0A}.Debug|Any CPU.ActiveCfg = Debug|Any CPU
		{386285BF-3271-489B-83CD-5C609A9C2A0A}.Debug|Any CPU.Build.0 = Debug|Any CPU
		{386285BF-3271-489B-83CD-5C609A9C2A0A}.Release|Any CPU.ActiveCfg = Release|Any CPU
		{386285BF-3271-489B-83CD-5C609A9C2A0A}.Release|Any CPU.Build.0 = Release|Any CPU
		{AF537411-8D94-4E9B-BDD0-00B2ABFFD091}.Debug|Any CPU.ActiveCfg = Debug|Any CPU
		{AF537411-8D94-4E9B-BDD0-00B2ABFFD091}.Debug|Any CPU.Build.0 = Debug|Any CPU
		{AF537411-8D94-4E9B-BDD0-00B2ABFFD091}.Release|Any CPU.ActiveCfg = Release|Any CPU
		{AF537411-8D94-4E9B-BDD0-00B2ABFFD091}.Release|Any CPU.Build.0 = Release|Any CPU
		{B9DF7C18-F51F-43AB-8296-E8150356A53A}.Debug|Any CPU.ActiveCfg = Debug|Any CPU
		{B9DF7C18-F51F-43AB-8296-E8150356A53A}.Debug|Any CPU.Build.0 = Debug|Any CPU
		{B9DF7C18-F51F-43AB-8296-E8150356A53A}.Release|Any CPU.ActiveCfg = Release|Any CPU
		{B9DF7C18-F51F-43AB-8296-E8150356A53A}.Release|Any CPU.Build.0 = Release|Any CPU
		{D49DC53E-F20F-4EF6-A953-22BC2EF86DA0}.Debug|Any CPU.ActiveCfg = Debug|Any CPU
		{D49DC53E-F20F-4EF6-A953-22BC2EF86DA0}.Debug|Any CPU.Build.0 = Debug|Any CPU
		{D49DC53E-F20F-4EF6-A953-22BC2EF86DA0}.Release|Any CPU.ActiveCfg = Release|Any CPU
		{D49DC53E-F20F-4EF6-A953-22BC2EF86DA0}.Release|Any CPU.Build.0 = Release|Any CPU
		{4EE94117-2ADA-43BE-AFDF-8CAFF434E723}.Debug|Any CPU.ActiveCfg = Debug|Any CPU
		{4EE94117-2ADA-43BE-AFDF-8CAFF434E723}.Debug|Any CPU.Build.0 = Debug|Any CPU
		{4EE94117-2ADA-43BE-AFDF-8CAFF434E723}.Release|Any CPU.ActiveCfg = Release|Any CPU
		{4EE94117-2ADA-43BE-AFDF-8CAFF434E723}.Release|Any CPU.Build.0 = Release|Any CPU
		{D7FEC0F3-CE5C-4F88-BD42-2E64DA5DF09C}.Debug|Any CPU.ActiveCfg = Debug|Any CPU
		{D7FEC0F3-CE5C-4F88-BD42-2E64DA5DF09C}.Debug|Any CPU.Build.0 = Debug|Any CPU
		{D7FEC0F3-CE5C-4F88-BD42-2E64DA5DF09C}.Release|Any CPU.ActiveCfg = Release|Any CPU
		{D7FEC0F3-CE5C-4F88-BD42-2E64DA5DF09C}.Release|Any CPU.Build.0 = Release|Any CPU
		{1CB49552-07A6-43C8-843B-0D400E2AE93C}.Debug|Any CPU.ActiveCfg = Debug|Any CPU
		{1CB49552-07A6-43C8-843B-0D400E2AE93C}.Debug|Any CPU.Build.0 = Debug|Any CPU
		{1CB49552-07A6-43C8-843B-0D400E2AE93C}.Release|Any CPU.ActiveCfg = Release|Any CPU
		{1CB49552-07A6-43C8-843B-0D400E2AE93C}.Release|Any CPU.Build.0 = Release|Any CPU
		{ABC0F597-EC8C-4DC2-96B2-FB8002954AB5}.Debug|Any CPU.ActiveCfg = Debug|Any CPU
		{ABC0F597-EC8C-4DC2-96B2-FB8002954AB5}.Debug|Any CPU.Build.0 = Debug|Any CPU
		{ABC0F597-EC8C-4DC2-96B2-FB8002954AB5}.Release|Any CPU.ActiveCfg = Release|Any CPU
		{ABC0F597-EC8C-4DC2-96B2-FB8002954AB5}.Release|Any CPU.Build.0 = Release|Any CPU
		{77E7B006-0B98-4B36-81E8-2E81C15B2CEB}.Debug|Any CPU.ActiveCfg = Debug|Any CPU
		{77E7B006-0B98-4B36-81E8-2E81C15B2CEB}.Debug|Any CPU.Build.0 = Debug|Any CPU
		{77E7B006-0B98-4B36-81E8-2E81C15B2CEB}.Release|Any CPU.ActiveCfg = Release|Any CPU
		{77E7B006-0B98-4B36-81E8-2E81C15B2CEB}.Release|Any CPU.Build.0 = Release|Any CPU
		{57565F41-376D-4576-AC3E-4A970526D7FF}.Debug|Any CPU.ActiveCfg = Debug|Any CPU
		{57565F41-376D-4576-AC3E-4A970526D7FF}.Debug|Any CPU.Build.0 = Debug|Any CPU
		{57565F41-376D-4576-AC3E-4A970526D7FF}.Release|Any CPU.ActiveCfg = Release|Any CPU
		{57565F41-376D-4576-AC3E-4A970526D7FF}.Release|Any CPU.Build.0 = Release|Any CPU
		{0DDD9F6B-4C58-4A7A-844C-7A27F20E6012}.Debug|Any CPU.ActiveCfg = Debug|Any CPU
		{0DDD9F6B-4C58-4A7A-844C-7A27F20E6012}.Debug|Any CPU.Build.0 = Debug|Any CPU
		{0DDD9F6B-4C58-4A7A-844C-7A27F20E6012}.Release|Any CPU.ActiveCfg = Release|Any CPU
		{0DDD9F6B-4C58-4A7A-844C-7A27F20E6012}.Release|Any CPU.Build.0 = Release|Any CPU
		{1A243F39-07FF-465B-BAA3-5AF45B03D829}.Debug|Any CPU.ActiveCfg = Debug|Any CPU
		{1A243F39-07FF-465B-BAA3-5AF45B03D829}.Debug|Any CPU.Build.0 = Debug|Any CPU
		{1A243F39-07FF-465B-BAA3-5AF45B03D829}.Release|Any CPU.ActiveCfg = Release|Any CPU
		{1A243F39-07FF-465B-BAA3-5AF45B03D829}.Release|Any CPU.Build.0 = Release|Any CPU
		{97F7DF7F-AAE9-490A-BD1E-640EFD3FDA50}.Debug|Any CPU.ActiveCfg = Debug|Any CPU
		{97F7DF7F-AAE9-490A-BD1E-640EFD3FDA50}.Debug|Any CPU.Build.0 = Debug|Any CPU
		{97F7DF7F-AAE9-490A-BD1E-640EFD3FDA50}.Release|Any CPU.ActiveCfg = Release|Any CPU
		{97F7DF7F-AAE9-490A-BD1E-640EFD3FDA50}.Release|Any CPU.Build.0 = Release|Any CPU
		{BB5DAD55-0400-4ECA-99EE-CEF665C2C5BD}.Debug|Any CPU.ActiveCfg = Debug|Any CPU
		{BB5DAD55-0400-4ECA-99EE-CEF665C2C5BD}.Debug|Any CPU.Build.0 = Debug|Any CPU
		{BB5DAD55-0400-4ECA-99EE-CEF665C2C5BD}.Release|Any CPU.ActiveCfg = Release|Any CPU
		{BB5DAD55-0400-4ECA-99EE-CEF665C2C5BD}.Release|Any CPU.Build.0 = Release|Any CPU
		{B85EFEB7-DBF9-4C1C-9626-FFA161D18646}.Debug|Any CPU.ActiveCfg = Debug|Any CPU
		{B85EFEB7-DBF9-4C1C-9626-FFA161D18646}.Debug|Any CPU.Build.0 = Debug|Any CPU
		{B85EFEB7-DBF9-4C1C-9626-FFA161D18646}.Release|Any CPU.ActiveCfg = Release|Any CPU
		{B85EFEB7-DBF9-4C1C-9626-FFA161D18646}.Release|Any CPU.Build.0 = Release|Any CPU
		{B812D542-644C-4CFE-8A0E-5F498859EB1D}.Debug|Any CPU.ActiveCfg = Debug|Any CPU
		{B812D542-644C-4CFE-8A0E-5F498859EB1D}.Debug|Any CPU.Build.0 = Debug|Any CPU
		{B812D542-644C-4CFE-8A0E-5F498859EB1D}.Release|Any CPU.ActiveCfg = Release|Any CPU
		{B812D542-644C-4CFE-8A0E-5F498859EB1D}.Release|Any CPU.Build.0 = Release|Any CPU
		{340006B0-4222-4ECA-9FC3-38CC6F980EA1}.Debug|Any CPU.ActiveCfg = Debug|Any CPU
		{340006B0-4222-4ECA-9FC3-38CC6F980EA1}.Debug|Any CPU.Build.0 = Debug|Any CPU
		{340006B0-4222-4ECA-9FC3-38CC6F980EA1}.Release|Any CPU.ActiveCfg = Release|Any CPU
		{340006B0-4222-4ECA-9FC3-38CC6F980EA1}.Release|Any CPU.Build.0 = Release|Any CPU
		{5C1CD959-7677-43B9-91AE-1C0FE30DBD08}.Debug|Any CPU.ActiveCfg = Debug|Any CPU
		{5C1CD959-7677-43B9-91AE-1C0FE30DBD08}.Debug|Any CPU.Build.0 = Debug|Any CPU
		{5C1CD959-7677-43B9-91AE-1C0FE30DBD08}.Release|Any CPU.ActiveCfg = Release|Any CPU
		{5C1CD959-7677-43B9-91AE-1C0FE30DBD08}.Release|Any CPU.Build.0 = Release|Any CPU
		{71F0AF67-2AA1-4FE4-A79C-EFDB4C9C7A0B}.Debug|Any CPU.ActiveCfg = Debug|Any CPU
		{71F0AF67-2AA1-4FE4-A79C-EFDB4C9C7A0B}.Debug|Any CPU.Build.0 = Debug|Any CPU
		{71F0AF67-2AA1-4FE4-A79C-EFDB4C9C7A0B}.Release|Any CPU.ActiveCfg = Release|Any CPU
		{71F0AF67-2AA1-4FE4-A79C-EFDB4C9C7A0B}.Release|Any CPU.Build.0 = Release|Any CPU
		{84373D62-E39C-428B-B2D8-BE8CBB11526C}.Debug|Any CPU.ActiveCfg = Debug|Any CPU
		{84373D62-E39C-428B-B2D8-BE8CBB11526C}.Debug|Any CPU.Build.0 = Debug|Any CPU
		{84373D62-E39C-428B-B2D8-BE8CBB11526C}.Release|Any CPU.ActiveCfg = Release|Any CPU
		{84373D62-E39C-428B-B2D8-BE8CBB11526C}.Release|Any CPU.Build.0 = Release|Any CPU
		{4BB8C0D9-18D4-4CE4-8ACF-CC39398CFA71}.Debug|Any CPU.ActiveCfg = Debug|Any CPU
		{4BB8C0D9-18D4-4CE4-8ACF-CC39398CFA71}.Debug|Any CPU.Build.0 = Debug|Any CPU
		{4BB8C0D9-18D4-4CE4-8ACF-CC39398CFA71}.Release|Any CPU.ActiveCfg = Release|Any CPU
		{4BB8C0D9-18D4-4CE4-8ACF-CC39398CFA71}.Release|Any CPU.Build.0 = Release|Any CPU
		{624CB1B1-CEBB-4A64-955A-5C17B188EA61}.Debug|Any CPU.ActiveCfg = Debug|Any CPU
		{624CB1B1-CEBB-4A64-955A-5C17B188EA61}.Debug|Any CPU.Build.0 = Debug|Any CPU
		{624CB1B1-CEBB-4A64-955A-5C17B188EA61}.Release|Any CPU.ActiveCfg = Release|Any CPU
		{624CB1B1-CEBB-4A64-955A-5C17B188EA61}.Release|Any CPU.Build.0 = Release|Any CPU
		{4379376D-C71E-4218-AEF5-3677211C21FD}.Debug|Any CPU.ActiveCfg = Debug|Any CPU
		{4379376D-C71E-4218-AEF5-3677211C21FD}.Debug|Any CPU.Build.0 = Debug|Any CPU
		{4379376D-C71E-4218-AEF5-3677211C21FD}.Release|Any CPU.ActiveCfg = Release|Any CPU
		{4379376D-C71E-4218-AEF5-3677211C21FD}.Release|Any CPU.Build.0 = Release|Any CPU
		{E6F46EE9-E68D-46BE-89AE-D50680E85AB4}.Debug|Any CPU.ActiveCfg = Debug|Any CPU
		{E6F46EE9-E68D-46BE-89AE-D50680E85AB4}.Debug|Any CPU.Build.0 = Debug|Any CPU
		{E6F46EE9-E68D-46BE-89AE-D50680E85AB4}.Release|Any CPU.ActiveCfg = Release|Any CPU
		{E6F46EE9-E68D-46BE-89AE-D50680E85AB4}.Release|Any CPU.Build.0 = Release|Any CPU
		{2549401A-6265-463B-BF7B-468B89B472EC}.Debug|Any CPU.ActiveCfg = Debug|Any CPU
		{2549401A-6265-463B-BF7B-468B89B472EC}.Debug|Any CPU.Build.0 = Debug|Any CPU
		{2549401A-6265-463B-BF7B-468B89B472EC}.Release|Any CPU.ActiveCfg = Release|Any CPU
		{2549401A-6265-463B-BF7B-468B89B472EC}.Release|Any CPU.Build.0 = Release|Any CPU
		{5BFC0FB8-5BA7-4374-A620-FCCD3F45FBCB}.Debug|Any CPU.ActiveCfg = Debug|Any CPU
		{5BFC0FB8-5BA7-4374-A620-FCCD3F45FBCB}.Debug|Any CPU.Build.0 = Debug|Any CPU
		{5BFC0FB8-5BA7-4374-A620-FCCD3F45FBCB}.Release|Any CPU.ActiveCfg = Release|Any CPU
		{5BFC0FB8-5BA7-4374-A620-FCCD3F45FBCB}.Release|Any CPU.Build.0 = Release|Any CPU
		{67E099FF-69B8-432D-84F2-FD24D9207B38}.Debug|Any CPU.ActiveCfg = Debug|Any CPU
		{67E099FF-69B8-432D-84F2-FD24D9207B38}.Debug|Any CPU.Build.0 = Debug|Any CPU
		{67E099FF-69B8-432D-84F2-FD24D9207B38}.Release|Any CPU.ActiveCfg = Release|Any CPU
		{67E099FF-69B8-432D-84F2-FD24D9207B38}.Release|Any CPU.Build.0 = Release|Any CPU
		{5157A647-0A4D-4B48-8B64-88AE85896563}.Debug|Any CPU.ActiveCfg = Debug|Any CPU
		{5157A647-0A4D-4B48-8B64-88AE85896563}.Debug|Any CPU.Build.0 = Debug|Any CPU
		{5157A647-0A4D-4B48-8B64-88AE85896563}.Release|Any CPU.ActiveCfg = Release|Any CPU
		{5157A647-0A4D-4B48-8B64-88AE85896563}.Release|Any CPU.Build.0 = Release|Any CPU
		{2F030521-044D-4651-A711-83AB9690E8EA}.Debug|Any CPU.ActiveCfg = Debug|Any CPU
		{2F030521-044D-4651-A711-83AB9690E8EA}.Debug|Any CPU.Build.0 = Debug|Any CPU
		{2F030521-044D-4651-A711-83AB9690E8EA}.Release|Any CPU.ActiveCfg = Release|Any CPU
		{2F030521-044D-4651-A711-83AB9690E8EA}.Release|Any CPU.Build.0 = Release|Any CPU
		{26927C2F-7537-4F85-8D8F-7BFA377F70B3}.Debug|Any CPU.ActiveCfg = Debug|Any CPU
		{26927C2F-7537-4F85-8D8F-7BFA377F70B3}.Debug|Any CPU.Build.0 = Debug|Any CPU
		{26927C2F-7537-4F85-8D8F-7BFA377F70B3}.Release|Any CPU.ActiveCfg = Release|Any CPU
		{26927C2F-7537-4F85-8D8F-7BFA377F70B3}.Release|Any CPU.Build.0 = Release|Any CPU
		{BD601527-04C0-491F-96FE-7ECCC3785F1A}.Debug|Any CPU.ActiveCfg = Debug|Any CPU
		{BD601527-04C0-491F-96FE-7ECCC3785F1A}.Debug|Any CPU.Build.0 = Debug|Any CPU
		{BD601527-04C0-491F-96FE-7ECCC3785F1A}.Release|Any CPU.ActiveCfg = Release|Any CPU
		{BD601527-04C0-491F-96FE-7ECCC3785F1A}.Release|Any CPU.Build.0 = Release|Any CPU
		{10ADBCA9-EC68-4C13-902A-80F0E4A1131B}.Debug|Any CPU.ActiveCfg = Debug|Any CPU
		{10ADBCA9-EC68-4C13-902A-80F0E4A1131B}.Debug|Any CPU.Build.0 = Debug|Any CPU
		{10ADBCA9-EC68-4C13-902A-80F0E4A1131B}.Release|Any CPU.ActiveCfg = Release|Any CPU
		{10ADBCA9-EC68-4C13-902A-80F0E4A1131B}.Release|Any CPU.Build.0 = Release|Any CPU
		{DB9A611D-6A39-46D4-8036-C4DC092A0B46}.Debug|Any CPU.ActiveCfg = Debug|Any CPU
		{DB9A611D-6A39-46D4-8036-C4DC092A0B46}.Debug|Any CPU.Build.0 = Debug|Any CPU
		{DB9A611D-6A39-46D4-8036-C4DC092A0B46}.Release|Any CPU.ActiveCfg = Release|Any CPU
		{DB9A611D-6A39-46D4-8036-C4DC092A0B46}.Release|Any CPU.Build.0 = Release|Any CPU
		{79DEA24D-CD73-470D-81E4-77731008F091}.Debug|Any CPU.ActiveCfg = Debug|Any CPU
		{79DEA24D-CD73-470D-81E4-77731008F091}.Debug|Any CPU.Build.0 = Debug|Any CPU
		{79DEA24D-CD73-470D-81E4-77731008F091}.Release|Any CPU.ActiveCfg = Release|Any CPU
		{79DEA24D-CD73-470D-81E4-77731008F091}.Release|Any CPU.Build.0 = Release|Any CPU
		{47188F03-1859-472B-BEDE-C69053C273E1}.Debug|Any CPU.ActiveCfg = Debug|Any CPU
		{47188F03-1859-472B-BEDE-C69053C273E1}.Debug|Any CPU.Build.0 = Debug|Any CPU
		{47188F03-1859-472B-BEDE-C69053C273E1}.Release|Any CPU.ActiveCfg = Release|Any CPU
		{47188F03-1859-472B-BEDE-C69053C273E1}.Release|Any CPU.Build.0 = Release|Any CPU
		{FC917A5C-63BF-4540-B640-3F33914EB92E}.Debug|Any CPU.ActiveCfg = Debug|Any CPU
		{FC917A5C-63BF-4540-B640-3F33914EB92E}.Debug|Any CPU.Build.0 = Debug|Any CPU
		{FC917A5C-63BF-4540-B640-3F33914EB92E}.Release|Any CPU.ActiveCfg = Release|Any CPU
		{FC917A5C-63BF-4540-B640-3F33914EB92E}.Release|Any CPU.Build.0 = Release|Any CPU
		{6082FF93-D74A-471D-9BF4-4A7CA187866E}.Debug|Any CPU.ActiveCfg = Debug|Any CPU
		{6082FF93-D74A-471D-9BF4-4A7CA187866E}.Debug|Any CPU.Build.0 = Debug|Any CPU
		{6082FF93-D74A-471D-9BF4-4A7CA187866E}.Release|Any CPU.ActiveCfg = Release|Any CPU
		{6082FF93-D74A-471D-9BF4-4A7CA187866E}.Release|Any CPU.Build.0 = Release|Any CPU
		{766280B1-A0C3-4DCE-AF06-B1F7DE73E36E}.Debug|Any CPU.ActiveCfg = Debug|Any CPU
		{766280B1-A0C3-4DCE-AF06-B1F7DE73E36E}.Debug|Any CPU.Build.0 = Debug|Any CPU
		{766280B1-A0C3-4DCE-AF06-B1F7DE73E36E}.Release|Any CPU.ActiveCfg = Release|Any CPU
		{766280B1-A0C3-4DCE-AF06-B1F7DE73E36E}.Release|Any CPU.Build.0 = Release|Any CPU
		{CD5350E6-4331-4171-BFD2-A6BE7CD8937C}.Debug|Any CPU.ActiveCfg = Debug|Any CPU
		{CD5350E6-4331-4171-BFD2-A6BE7CD8937C}.Debug|Any CPU.Build.0 = Debug|Any CPU
		{CD5350E6-4331-4171-BFD2-A6BE7CD8937C}.Release|Any CPU.ActiveCfg = Release|Any CPU
		{CD5350E6-4331-4171-BFD2-A6BE7CD8937C}.Release|Any CPU.Build.0 = Release|Any CPU
		{BE1CB0F4-4F21-4173-BD0B-F70FD4F7F525}.Debug|Any CPU.ActiveCfg = Debug|Any CPU
		{BE1CB0F4-4F21-4173-BD0B-F70FD4F7F525}.Debug|Any CPU.Build.0 = Debug|Any CPU
		{BE1CB0F4-4F21-4173-BD0B-F70FD4F7F525}.Release|Any CPU.ActiveCfg = Release|Any CPU
		{BE1CB0F4-4F21-4173-BD0B-F70FD4F7F525}.Release|Any CPU.Build.0 = Release|Any CPU
		{9B38C723-E1B1-450C-8795-185380C421CF}.Debug|Any CPU.ActiveCfg = Debug|Any CPU
		{9B38C723-E1B1-450C-8795-185380C421CF}.Debug|Any CPU.Build.0 = Debug|Any CPU
		{9B38C723-E1B1-450C-8795-185380C421CF}.Release|Any CPU.ActiveCfg = Release|Any CPU
		{9B38C723-E1B1-450C-8795-185380C421CF}.Release|Any CPU.Build.0 = Release|Any CPU
		{9B397E37-326E-44CD-9735-995B3892708A}.Debug|Any CPU.ActiveCfg = Debug|Any CPU
		{9B397E37-326E-44CD-9735-995B3892708A}.Debug|Any CPU.Build.0 = Debug|Any CPU
		{9B397E37-326E-44CD-9735-995B3892708A}.Release|Any CPU.ActiveCfg = Release|Any CPU
		{9B397E37-326E-44CD-9735-995B3892708A}.Release|Any CPU.Build.0 = Release|Any CPU
		{9C973775-6E26-4A1A-95E0-FAE34D2A07CB}.Debug|Any CPU.ActiveCfg = Debug|Any CPU
		{9C973775-6E26-4A1A-95E0-FAE34D2A07CB}.Debug|Any CPU.Build.0 = Debug|Any CPU
		{9C973775-6E26-4A1A-95E0-FAE34D2A07CB}.Release|Any CPU.ActiveCfg = Release|Any CPU
		{9C973775-6E26-4A1A-95E0-FAE34D2A07CB}.Release|Any CPU.Build.0 = Release|Any CPU
		{666B5EF0-9065-404C-9EA1-BF6B25ECE10E}.Debug|Any CPU.ActiveCfg = Debug|Any CPU
		{666B5EF0-9065-404C-9EA1-BF6B25ECE10E}.Debug|Any CPU.Build.0 = Debug|Any CPU
		{666B5EF0-9065-404C-9EA1-BF6B25ECE10E}.Release|Any CPU.ActiveCfg = Release|Any CPU
		{666B5EF0-9065-404C-9EA1-BF6B25ECE10E}.Release|Any CPU.Build.0 = Release|Any CPU
		{DDD60608-93D3-4D60-86C0-BC3FE7786671}.Debug|Any CPU.ActiveCfg = Debug|Any CPU
		{DDD60608-93D3-4D60-86C0-BC3FE7786671}.Debug|Any CPU.Build.0 = Debug|Any CPU
		{DDD60608-93D3-4D60-86C0-BC3FE7786671}.Release|Any CPU.ActiveCfg = Release|Any CPU
		{DDD60608-93D3-4D60-86C0-BC3FE7786671}.Release|Any CPU.Build.0 = Release|Any CPU
		{BD27995A-754B-4D6C-8FC1-23B93A0AE0E9}.Debug|Any CPU.ActiveCfg = Debug|Any CPU
		{BD27995A-754B-4D6C-8FC1-23B93A0AE0E9}.Debug|Any CPU.Build.0 = Debug|Any CPU
		{BD27995A-754B-4D6C-8FC1-23B93A0AE0E9}.Release|Any CPU.ActiveCfg = Release|Any CPU
		{BD27995A-754B-4D6C-8FC1-23B93A0AE0E9}.Release|Any CPU.Build.0 = Release|Any CPU
		{C2D6931D-288E-42E6-BC98-17C429520B1C}.Debug|Any CPU.ActiveCfg = Debug|Any CPU
		{C2D6931D-288E-42E6-BC98-17C429520B1C}.Debug|Any CPU.Build.0 = Debug|Any CPU
		{C2D6931D-288E-42E6-BC98-17C429520B1C}.Release|Any CPU.ActiveCfg = Release|Any CPU
		{C2D6931D-288E-42E6-BC98-17C429520B1C}.Release|Any CPU.Build.0 = Release|Any CPU
		{E36F150C-A5C2-41E9-A9B6-F484B97A14E8}.Debug|Any CPU.ActiveCfg = Debug|Any CPU
		{E36F150C-A5C2-41E9-A9B6-F484B97A14E8}.Debug|Any CPU.Build.0 = Debug|Any CPU
		{E36F150C-A5C2-41E9-A9B6-F484B97A14E8}.Release|Any CPU.ActiveCfg = Release|Any CPU
		{E36F150C-A5C2-41E9-A9B6-F484B97A14E8}.Release|Any CPU.Build.0 = Release|Any CPU
		{CACB3C62-E7E7-4411-A9EC-AAC3A4C70F8B}.Debug|Any CPU.ActiveCfg = Debug|Any CPU
		{CACB3C62-E7E7-4411-A9EC-AAC3A4C70F8B}.Debug|Any CPU.Build.0 = Debug|Any CPU
		{CACB3C62-E7E7-4411-A9EC-AAC3A4C70F8B}.Release|Any CPU.ActiveCfg = Release|Any CPU
		{CACB3C62-E7E7-4411-A9EC-AAC3A4C70F8B}.Release|Any CPU.Build.0 = Release|Any CPU
		{479C8295-5783-4934-8400-BF8FBD2454BC}.Debug|Any CPU.ActiveCfg = Debug|Any CPU
		{479C8295-5783-4934-8400-BF8FBD2454BC}.Debug|Any CPU.Build.0 = Debug|Any CPU
		{479C8295-5783-4934-8400-BF8FBD2454BC}.Release|Any CPU.ActiveCfg = Release|Any CPU
		{479C8295-5783-4934-8400-BF8FBD2454BC}.Release|Any CPU.Build.0 = Release|Any CPU
		{0D25D375-3A6F-4CE6-A069-CD6C46C1B2B8}.Debug|Any CPU.ActiveCfg = Debug|Any CPU
		{0D25D375-3A6F-4CE6-A069-CD6C46C1B2B8}.Debug|Any CPU.Build.0 = Debug|Any CPU
		{0D25D375-3A6F-4CE6-A069-CD6C46C1B2B8}.Release|Any CPU.ActiveCfg = Release|Any CPU
		{0D25D375-3A6F-4CE6-A069-CD6C46C1B2B8}.Release|Any CPU.Build.0 = Release|Any CPU
		{44B3C8B4-E50E-49C2-8EEC-DC276750372F}.Debug|Any CPU.ActiveCfg = Debug|Any CPU
		{44B3C8B4-E50E-49C2-8EEC-DC276750372F}.Debug|Any CPU.Build.0 = Debug|Any CPU
		{44B3C8B4-E50E-49C2-8EEC-DC276750372F}.Release|Any CPU.ActiveCfg = Release|Any CPU
		{44B3C8B4-E50E-49C2-8EEC-DC276750372F}.Release|Any CPU.Build.0 = Release|Any CPU
		{1C38F1AE-FE86-49C0-8833-5ACDC6831301}.Debug|Any CPU.ActiveCfg = Debug|Any CPU
		{1C38F1AE-FE86-49C0-8833-5ACDC6831301}.Debug|Any CPU.Build.0 = Debug|Any CPU
		{1C38F1AE-FE86-49C0-8833-5ACDC6831301}.Release|Any CPU.ActiveCfg = Release|Any CPU
		{1C38F1AE-FE86-49C0-8833-5ACDC6831301}.Release|Any CPU.Build.0 = Release|Any CPU
		{6C369FA7-6897-41AA-BDA5-F8965DCA783F}.Debug|Any CPU.ActiveCfg = Debug|Any CPU
		{6C369FA7-6897-41AA-BDA5-F8965DCA783F}.Debug|Any CPU.Build.0 = Debug|Any CPU
		{6C369FA7-6897-41AA-BDA5-F8965DCA783F}.Release|Any CPU.ActiveCfg = Release|Any CPU
		{6C369FA7-6897-41AA-BDA5-F8965DCA783F}.Release|Any CPU.Build.0 = Release|Any CPU
		{44105007-93AB-4553-90CF-5933E75FEDD2}.Debug|Any CPU.ActiveCfg = Debug|Any CPU
		{44105007-93AB-4553-90CF-5933E75FEDD2}.Debug|Any CPU.Build.0 = Debug|Any CPU
		{44105007-93AB-4553-90CF-5933E75FEDD2}.Release|Any CPU.ActiveCfg = Release|Any CPU
		{44105007-93AB-4553-90CF-5933E75FEDD2}.Release|Any CPU.Build.0 = Release|Any CPU
		{BBBE80AB-EDAD-40E3-8453-23322F8E1204}.Debug|Any CPU.ActiveCfg = Debug|Any CPU
		{BBBE80AB-EDAD-40E3-8453-23322F8E1204}.Debug|Any CPU.Build.0 = Debug|Any CPU
		{BBBE80AB-EDAD-40E3-8453-23322F8E1204}.Release|Any CPU.ActiveCfg = Release|Any CPU
		{BBBE80AB-EDAD-40E3-8453-23322F8E1204}.Release|Any CPU.Build.0 = Release|Any CPU
		{85019762-3B87-417C-AC4A-563DEF2AF081}.Debug|Any CPU.ActiveCfg = Debug|Any CPU
		{85019762-3B87-417C-AC4A-563DEF2AF081}.Debug|Any CPU.Build.0 = Debug|Any CPU
		{85019762-3B87-417C-AC4A-563DEF2AF081}.Release|Any CPU.ActiveCfg = Release|Any CPU
		{85019762-3B87-417C-AC4A-563DEF2AF081}.Release|Any CPU.Build.0 = Release|Any CPU
		{9714FC2A-0F79-4557-9634-F49E6CA990CB}.Debug|Any CPU.ActiveCfg = Debug|Any CPU
		{9714FC2A-0F79-4557-9634-F49E6CA990CB}.Debug|Any CPU.Build.0 = Debug|Any CPU
		{9714FC2A-0F79-4557-9634-F49E6CA990CB}.Release|Any CPU.ActiveCfg = Release|Any CPU
		{9714FC2A-0F79-4557-9634-F49E6CA990CB}.Release|Any CPU.Build.0 = Release|Any CPU
		{B3FA60C4-474A-4CD1-8B5E-0C4D811D7899}.Debug|Any CPU.ActiveCfg = Debug|Any CPU
		{B3FA60C4-474A-4CD1-8B5E-0C4D811D7899}.Debug|Any CPU.Build.0 = Debug|Any CPU
		{B3FA60C4-474A-4CD1-8B5E-0C4D811D7899}.Release|Any CPU.ActiveCfg = Release|Any CPU
		{B3FA60C4-474A-4CD1-8B5E-0C4D811D7899}.Release|Any CPU.Build.0 = Release|Any CPU
		{588ED3CA-8358-4DCA-82A3-158035C7D271}.Debug|Any CPU.ActiveCfg = Debug|Any CPU
		{588ED3CA-8358-4DCA-82A3-158035C7D271}.Debug|Any CPU.Build.0 = Debug|Any CPU
		{588ED3CA-8358-4DCA-82A3-158035C7D271}.Release|Any CPU.ActiveCfg = Release|Any CPU
		{588ED3CA-8358-4DCA-82A3-158035C7D271}.Release|Any CPU.Build.0 = Release|Any CPU
	EndGlobalSection
	GlobalSection(SolutionProperties) = preSolution
		HideSolutionNode = FALSE
	EndGlobalSection
EndGlobal
