
Microsoft Visual Studio Solution File, Format Version 12.00
# Visual Studio 14
VisualStudioVersion = 14.0.25420.1
MinimumVisualStudioVersion = 10.0.40219.1
Project("{F2A71F9B-5D33-465A-A702-920D77279786}") = "FSharpTest1", "FSharpTest1\FSharpTest1.fsproj", "{A5CB7D20-1409-4FC5-AD19-055C7DCCD8EC}"
EndProject
Project("{F2A71F9B-5D33-465A-A702-920D77279786}") = "FSharpTest2", "FSharpTest2\FSharpTest2.fsproj", "{6852FBED-4369-4D9C-A59A-0BAE045F2F4A}"
EndProject
Project("{F2A71F9B-5D33-465A-A702-920D77279786}") = "FSharpTest3", "FSharpTest3\FSharpTest3.fsproj", "{540865AC-21EB-44BA-901D-8A63F2020084}"
EndProject
Project("{F2A71F9B-5D33-465A-A702-920D77279786}") = "FSharpTest4", "FSharpTest4\FSharpTest4.fsproj", "{3D658E1B-BF79-4CBB-B574-E3BD3F1E2056}"
EndProject
Project("{F2A71F9B-5D33-465A-A702-920D77279786}") = "FSharpTest5", "FSharpTest5\FSharpTest5.fsproj", "{EE4588C4-A1DA-4E6B-9F08-A92215A6599C}"
EndProject
Project("{F2A71F9B-5D33-465A-A702-920D77279786}") = "FSharpTest6", "FSharpTest6\FSharpTest6.fsproj", "{5A37948A-9976-49A0-BAFF-AC6EF6E23DA0}"
EndProject
Project("{F2A71F9B-5D33-465A-A702-920D77279786}") = "FSharpTest7", "FSharpTest7\FSharpTest7.fsproj", "{1E601184-19FB-47F7-9A7E-DD8201FD43D2}"
EndProject
Project("{F2A71F9B-5D33-465A-A702-920D77279786}") = "FSharpTest8", "FSharpTest8\FSharpTest8.fsproj", "{B38A4AEC-043E-4345-B2F6-D631C5B6AB77}"
EndProject
Project("{F2A71F9B-5D33-465A-A702-920D77279786}") = "FSharpTest9", "FSharpTest9\FSharpTest9.fsproj", "{61C51E99-4C10-401D-B0CA-8DDC0579B1E6}"
EndProject
Project("{F2A71F9B-5D33-465A-A702-920D77279786}") = "FSharpTest10", "FSharpTest10\FSharpTest10.fsproj", "{A34E729B-ACAC-498E-84DD-433F7EC00A04}"
EndProject
Project("{F2A71F9B-5D33-465A-A702-920D77279786}") = "FSharpTest11", "FSharpTest11\FSharpTest11.fsproj", "{AB42B9B5-ADA0-49ED-9D33-7E5E11D673F5}"
EndProject
Project("{F2A71F9B-5D33-465A-A702-920D77279786}") = "FSharpTest12", "FSharpTest12\FSharpTest12.fsproj", "{566C7C94-40F4-48ED-AE46-3613C3BAF859}"
EndProject
Project("{F2A71F9B-5D33-465A-A702-920D77279786}") = "FSharpTest13", "FSharpTest13\FSharpTest13.fsproj", "{32A85747-687D-4417-AFFB-29054370BFBB}"
EndProject
Project("{F2A71F9B-5D33-465A-A702-920D77279786}") = "FSharpTest14", "FSharpTest14\FSharpTest14.fsproj", "{48A22BDD-A95C-469E-AC7B-C1EEB0DE033D}"
EndProject
Project("{F2A71F9B-5D33-465A-A702-920D77279786}") = "FSharpTest15", "FSharpTest15\FSharpTest15.fsproj", "{03F32613-10FA-4BAB-BBAF-1ECB1B8D4568}"
EndProject
Project("{F2A71F9B-5D33-465A-A702-920D77279786}") = "FSharpTest16", "FSharpTest16\FSharpTest16.fsproj", "{32C96D79-87AE-4201-9764-362D4830DEFC}"
EndProject
Project("{F2A71F9B-5D33-465A-A702-920D77279786}") = "FSharpTest17", "FSharpTest17\FSharpTest17.fsproj", "{F40222EF-F2B8-47F8-8721-9350B56847EB}"
EndProject
Project("{F2A71F9B-5D33-465A-A702-920D77279786}") = "FSharpTest18", "FSharpTest18\FSharpTest18.fsproj", "{6D85B35A-2CB3-4BE1-B59A-1E7456113F3D}"
EndProject
Project("{F2A71F9B-5D33-465A-A702-920D77279786}") = "FSharpTest19", "FSharpTest19\FSharpTest19.fsproj", "{1FE21C2F-1F45-47D1-AE99-233277BBE985}"
EndProject
Project("{F2A71F9B-5D33-465A-A702-920D77279786}") = "FSharpTest20", "FSharpTest20\FSharpTest20.fsproj", "{6AC5E233-5282-4E2A-ADCC-367397BB2929}"
EndProject
Project("{F2A71F9B-5D33-465A-A702-920D77279786}") = "FSharpTest21", "FSharpTest21\FSharpTest21.fsproj", "{456D57BC-0082-4B8D-8D04-16732C03FC45}"
EndProject
Project("{F2A71F9B-5D33-465A-A702-920D77279786}") = "FSharpTest22", "FSharpTest22\FSharpTest22.fsproj", "{5882944B-7D85-4772-A690-86A37BDEB384}"
EndProject
Project("{F2A71F9B-5D33-465A-A702-920D77279786}") = "FSharpTest23", "FSharpTest23\FSharpTest23.fsproj", "{1E1A26B3-2FC5-4718-8C2D-5DC906E8B409}"
EndProject
Project("{F2A71F9B-5D33-465A-A702-920D77279786}") = "FSharpTest24", "FSharpTest24\FSharpTest24.fsproj", "{2AF5E0EA-431A-42E1-BFED-E06EBFE5A6DF}"
EndProject
Project("{F2A71F9B-5D33-465A-A702-920D77279786}") = "FSharpTest25", "FSharpTest25\FSharpTest25.fsproj", "{9B78754B-36C5-4105-9DA0-6C0C29339367}"
EndProject
Project("{F2A71F9B-5D33-465A-A702-920D77279786}") = "FSharpTest26", "FSharpTest26\FSharpTest26.fsproj", "{B54A1AB7-0B69-44AF-9E65-01B36A8D0F62}"
EndProject
Project("{F2A71F9B-5D33-465A-A702-920D77279786}") = "FSharpTest27", "FSharpTest27\FSharpTest27.fsproj", "{046F446B-58F9-4CFB-BD9F-8463A2D60C4E}"
EndProject
Project("{F2A71F9B-5D33-465A-A702-920D77279786}") = "FSharpTest28", "FSharpTest28\FSharpTest28.fsproj", "{0605625E-E0B3-44E0-801D-2C37A19CAFAB}"
EndProject
Project("{F2A71F9B-5D33-465A-A702-920D77279786}") = "FSharpTest29", "FSharpTest29\FSharpTest29.fsproj", "{8A1DFE0D-3F26-4F44-9A7B-6CF856ECB158}"
EndProject
Project("{F2A71F9B-5D33-465A-A702-920D77279786}") = "FSharpTest30", "FSharpTest30\FSharpTest30.fsproj", "{42BE7386-442A-4A9C-8AAC-A528390FEDB3}"
EndProject
Global
	GlobalSection(SolutionConfigurationPlatforms) = preSolution
		Debug|Any CPU = Debug|Any CPU
		Release|Any CPU = Release|Any CPU
	EndGlobalSection
	GlobalSection(ProjectConfigurationPlatforms) = postSolution
		{A5CB7D20-1409-4FC5-AD19-055C7DCCD8EC}.Debug|Any CPU.ActiveCfg = Debug|Any CPU
		{A5CB7D20-1409-4FC5-AD19-055C7DCCD8EC}.Debug|Any CPU.Build.0 = Debug|Any CPU
		{A5CB7D20-1409-4FC5-AD19-055C7DCCD8EC}.Release|Any CPU.ActiveCfg = Release|Any CPU
		{A5CB7D20-1409-4FC5-AD19-055C7DCCD8EC}.Release|Any CPU.Build.0 = Release|Any CPU
		{6852FBED-4369-4D9C-A59A-0BAE045F2F4A}.Debug|Any CPU.ActiveCfg = Debug|Any CPU
		{6852FBED-4369-4D9C-A59A-0BAE045F2F4A}.Debug|Any CPU.Build.0 = Debug|Any CPU
		{6852FBED-4369-4D9C-A59A-0BAE045F2F4A}.Release|Any CPU.ActiveCfg = Release|Any CPU
		{6852FBED-4369-4D9C-A59A-0BAE045F2F4A}.Release|Any CPU.Build.0 = Release|Any CPU
		{540865AC-21EB-44BA-901D-8A63F2020084}.Debug|Any CPU.ActiveCfg = Debug|Any CPU
		{540865AC-21EB-44BA-901D-8A63F2020084}.Debug|Any CPU.Build.0 = Debug|Any CPU
		{540865AC-21EB-44BA-901D-8A63F2020084}.Release|Any CPU.ActiveCfg = Release|Any CPU
		{540865AC-21EB-44BA-901D-8A63F2020084}.Release|Any CPU.Build.0 = Release|Any CPU
		{3D658E1B-BF79-4CBB-B574-E3BD3F1E2056}.Debug|Any CPU.ActiveCfg = Debug|Any CPU
		{3D658E1B-BF79-4CBB-B574-E3BD3F1E2056}.Debug|Any CPU.Build.0 = Debug|Any CPU
		{3D658E1B-BF79-4CBB-B574-E3BD3F1E2056}.Release|Any CPU.ActiveCfg = Release|Any CPU
		{3D658E1B-BF79-4CBB-B574-E3BD3F1E2056}.Release|Any CPU.Build.0 = Release|Any CPU
		{EE4588C4-A1DA-4E6B-9F08-A92215A6599C}.Debug|Any CPU.ActiveCfg = Debug|Any CPU
		{EE4588C4-A1DA-4E6B-9F08-A92215A6599C}.Debug|Any CPU.Build.0 = Debug|Any CPU
		{EE4588C4-A1DA-4E6B-9F08-A92215A6599C}.Release|Any CPU.ActiveCfg = Release|Any CPU
		{EE4588C4-A1DA-4E6B-9F08-A92215A6599C}.Release|Any CPU.Build.0 = Release|Any CPU
		{5A37948A-9976-49A0-BAFF-AC6EF6E23DA0}.Debug|Any CPU.ActiveCfg = Debug|Any CPU
		{5A37948A-9976-49A0-BAFF-AC6EF6E23DA0}.Debug|Any CPU.Build.0 = Debug|Any CPU
		{5A37948A-9976-49A0-BAFF-AC6EF6E23DA0}.Release|Any CPU.ActiveCfg = Release|Any CPU
		{5A37948A-9976-49A0-BAFF-AC6EF6E23DA0}.Release|Any CPU.Build.0 = Release|Any CPU
		{1E601184-19FB-47F7-9A7E-DD8201FD43D2}.Debug|Any CPU.ActiveCfg = Debug|Any CPU
		{1E601184-19FB-47F7-9A7E-DD8201FD43D2}.Debug|Any CPU.Build.0 = Debug|Any CPU
		{1E601184-19FB-47F7-9A7E-DD8201FD43D2}.Release|Any CPU.ActiveCfg = Release|Any CPU
		{1E601184-19FB-47F7-9A7E-DD8201FD43D2}.Release|Any CPU.Build.0 = Release|Any CPU
		{B38A4AEC-043E-4345-B2F6-D631C5B6AB77}.Debug|Any CPU.ActiveCfg = Debug|Any CPU
		{B38A4AEC-043E-4345-B2F6-D631C5B6AB77}.Debug|Any CPU.Build.0 = Debug|Any CPU
		{B38A4AEC-043E-4345-B2F6-D631C5B6AB77}.Release|Any CPU.ActiveCfg = Release|Any CPU
		{B38A4AEC-043E-4345-B2F6-D631C5B6AB77}.Release|Any CPU.Build.0 = Release|Any CPU
		{61C51E99-4C10-401D-B0CA-8DDC0579B1E6}.Debug|Any CPU.ActiveCfg = Debug|Any CPU
		{61C51E99-4C10-401D-B0CA-8DDC0579B1E6}.Debug|Any CPU.Build.0 = Debug|Any CPU
		{61C51E99-4C10-401D-B0CA-8DDC0579B1E6}.Release|Any CPU.ActiveCfg = Release|Any CPU
		{61C51E99-4C10-401D-B0CA-8DDC0579B1E6}.Release|Any CPU.Build.0 = Release|Any CPU
		{A34E729B-ACAC-498E-84DD-433F7EC00A04}.Debug|Any CPU.ActiveCfg = Debug|Any CPU
		{A34E729B-ACAC-498E-84DD-433F7EC00A04}.Debug|Any CPU.Build.0 = Debug|Any CPU
		{A34E729B-ACAC-498E-84DD-433F7EC00A04}.Release|Any CPU.ActiveCfg = Release|Any CPU
		{A34E729B-ACAC-498E-84DD-433F7EC00A04}.Release|Any CPU.Build.0 = Release|Any CPU
		{AB42B9B5-ADA0-49ED-9D33-7E5E11D673F5}.Debug|Any CPU.ActiveCfg = Debug|Any CPU
		{AB42B9B5-ADA0-49ED-9D33-7E5E11D673F5}.Debug|Any CPU.Build.0 = Debug|Any CPU
		{AB42B9B5-ADA0-49ED-9D33-7E5E11D673F5}.Release|Any CPU.ActiveCfg = Release|Any CPU
		{AB42B9B5-ADA0-49ED-9D33-7E5E11D673F5}.Release|Any CPU.Build.0 = Release|Any CPU
		{566C7C94-40F4-48ED-AE46-3613C3BAF859}.Debug|Any CPU.ActiveCfg = Debug|Any CPU
		{566C7C94-40F4-48ED-AE46-3613C3BAF859}.Debug|Any CPU.Build.0 = Debug|Any CPU
		{566C7C94-40F4-48ED-AE46-3613C3BAF859}.Release|Any CPU.ActiveCfg = Release|Any CPU
		{566C7C94-40F4-48ED-AE46-3613C3BAF859}.Release|Any CPU.Build.0 = Release|Any CPU
		{32A85747-687D-4417-AFFB-29054370BFBB}.Debug|Any CPU.ActiveCfg = Debug|Any CPU
		{32A85747-687D-4417-AFFB-29054370BFBB}.Debug|Any CPU.Build.0 = Debug|Any CPU
		{32A85747-687D-4417-AFFB-29054370BFBB}.Release|Any CPU.ActiveCfg = Release|Any CPU
		{32A85747-687D-4417-AFFB-29054370BFBB}.Release|Any CPU.Build.0 = Release|Any CPU
		{48A22BDD-A95C-469E-AC7B-C1EEB0DE033D}.Debug|Any CPU.ActiveCfg = Debug|Any CPU
		{48A22BDD-A95C-469E-AC7B-C1EEB0DE033D}.Debug|Any CPU.Build.0 = Debug|Any CPU
		{48A22BDD-A95C-469E-AC7B-C1EEB0DE033D}.Release|Any CPU.ActiveCfg = Release|Any CPU
		{48A22BDD-A95C-469E-AC7B-C1EEB0DE033D}.Release|Any CPU.Build.0 = Release|Any CPU
		{03F32613-10FA-4BAB-BBAF-1ECB1B8D4568}.Debug|Any CPU.ActiveCfg = Debug|Any CPU
		{03F32613-10FA-4BAB-BBAF-1ECB1B8D4568}.Debug|Any CPU.Build.0 = Debug|Any CPU
		{03F32613-10FA-4BAB-BBAF-1ECB1B8D4568}.Release|Any CPU.ActiveCfg = Release|Any CPU
		{03F32613-10FA-4BAB-BBAF-1ECB1B8D4568}.Release|Any CPU.Build.0 = Release|Any CPU
		{32C96D79-87AE-4201-9764-362D4830DEFC}.Debug|Any CPU.ActiveCfg = Debug|Any CPU
		{32C96D79-87AE-4201-9764-362D4830DEFC}.Debug|Any CPU.Build.0 = Debug|Any CPU
		{32C96D79-87AE-4201-9764-362D4830DEFC}.Release|Any CPU.ActiveCfg = Release|Any CPU
		{32C96D79-87AE-4201-9764-362D4830DEFC}.Release|Any CPU.Build.0 = Release|Any CPU
		{F40222EF-F2B8-47F8-8721-9350B56847EB}.Debug|Any CPU.ActiveCfg = Debug|Any CPU
		{F40222EF-F2B8-47F8-8721-9350B56847EB}.Debug|Any CPU.Build.0 = Debug|Any CPU
		{F40222EF-F2B8-47F8-8721-9350B56847EB}.Release|Any CPU.ActiveCfg = Release|Any CPU
		{F40222EF-F2B8-47F8-8721-9350B56847EB}.Release|Any CPU.Build.0 = Release|Any CPU
		{6D85B35A-2CB3-4BE1-B59A-1E7456113F3D}.Debug|Any CPU.ActiveCfg = Debug|Any CPU
		{6D85B35A-2CB3-4BE1-B59A-1E7456113F3D}.Debug|Any CPU.Build.0 = Debug|Any CPU
		{6D85B35A-2CB3-4BE1-B59A-1E7456113F3D}.Release|Any CPU.ActiveCfg = Release|Any CPU
		{6D85B35A-2CB3-4BE1-B59A-1E7456113F3D}.Release|Any CPU.Build.0 = Release|Any CPU
		{1FE21C2F-1F45-47D1-AE99-233277BBE985}.Debug|Any CPU.ActiveCfg = Debug|Any CPU
		{1FE21C2F-1F45-47D1-AE99-233277BBE985}.Debug|Any CPU.Build.0 = Debug|Any CPU
		{1FE21C2F-1F45-47D1-AE99-233277BBE985}.Release|Any CPU.ActiveCfg = Release|Any CPU
		{1FE21C2F-1F45-47D1-AE99-233277BBE985}.Release|Any CPU.Build.0 = Release|Any CPU
		{6AC5E233-5282-4E2A-ADCC-367397BB2929}.Debug|Any CPU.ActiveCfg = Debug|Any CPU
		{6AC5E233-5282-4E2A-ADCC-367397BB2929}.Debug|Any CPU.Build.0 = Debug|Any CPU
		{6AC5E233-5282-4E2A-ADCC-367397BB2929}.Release|Any CPU.ActiveCfg = Release|Any CPU
		{6AC5E233-5282-4E2A-ADCC-367397BB2929}.Release|Any CPU.Build.0 = Release|Any CPU
		{456D57BC-0082-4B8D-8D04-16732C03FC45}.Debug|Any CPU.ActiveCfg = Debug|Any CPU
		{456D57BC-0082-4B8D-8D04-16732C03FC45}.Debug|Any CPU.Build.0 = Debug|Any CPU
		{456D57BC-0082-4B8D-8D04-16732C03FC45}.Release|Any CPU.ActiveCfg = Release|Any CPU
		{456D57BC-0082-4B8D-8D04-16732C03FC45}.Release|Any CPU.Build.0 = Release|Any CPU
		{5882944B-7D85-4772-A690-86A37BDEB384}.Debug|Any CPU.ActiveCfg = Debug|Any CPU
		{5882944B-7D85-4772-A690-86A37BDEB384}.Debug|Any CPU.Build.0 = Debug|Any CPU
		{5882944B-7D85-4772-A690-86A37BDEB384}.Release|Any CPU.ActiveCfg = Release|Any CPU
		{5882944B-7D85-4772-A690-86A37BDEB384}.Release|Any CPU.Build.0 = Release|Any CPU
		{1E1A26B3-2FC5-4718-8C2D-5DC906E8B409}.Debug|Any CPU.ActiveCfg = Debug|Any CPU
		{1E1A26B3-2FC5-4718-8C2D-5DC906E8B409}.Debug|Any CPU.Build.0 = Debug|Any CPU
		{1E1A26B3-2FC5-4718-8C2D-5DC906E8B409}.Release|Any CPU.ActiveCfg = Release|Any CPU
		{1E1A26B3-2FC5-4718-8C2D-5DC906E8B409}.Release|Any CPU.Build.0 = Release|Any CPU
		{2AF5E0EA-431A-42E1-BFED-E06EBFE5A6DF}.Debug|Any CPU.ActiveCfg = Debug|Any CPU
		{2AF5E0EA-431A-42E1-BFED-E06EBFE5A6DF}.Debug|Any CPU.Build.0 = Debug|Any CPU
		{2AF5E0EA-431A-42E1-BFED-E06EBFE5A6DF}.Release|Any CPU.ActiveCfg = Release|Any CPU
		{2AF5E0EA-431A-42E1-BFED-E06EBFE5A6DF}.Release|Any CPU.Build.0 = Release|Any CPU
		{9B78754B-36C5-4105-9DA0-6C0C29339367}.Debug|Any CPU.ActiveCfg = Debug|Any CPU
		{9B78754B-36C5-4105-9DA0-6C0C29339367}.Debug|Any CPU.Build.0 = Debug|Any CPU
		{9B78754B-36C5-4105-9DA0-6C0C29339367}.Release|Any CPU.ActiveCfg = Release|Any CPU
		{9B78754B-36C5-4105-9DA0-6C0C29339367}.Release|Any CPU.Build.0 = Release|Any CPU
		{B54A1AB7-0B69-44AF-9E65-01B36A8D0F62}.Debug|Any CPU.ActiveCfg = Debug|Any CPU
		{B54A1AB7-0B69-44AF-9E65-01B36A8D0F62}.Debug|Any CPU.Build.0 = Debug|Any CPU
		{B54A1AB7-0B69-44AF-9E65-01B36A8D0F62}.Release|Any CPU.ActiveCfg = Release|Any CPU
		{B54A1AB7-0B69-44AF-9E65-01B36A8D0F62}.Release|Any CPU.Build.0 = Release|Any CPU
		{046F446B-58F9-4CFB-BD9F-8463A2D60C4E}.Debug|Any CPU.ActiveCfg = Debug|Any CPU
		{046F446B-58F9-4CFB-BD9F-8463A2D60C4E}.Debug|Any CPU.Build.0 = Debug|Any CPU
		{046F446B-58F9-4CFB-BD9F-8463A2D60C4E}.Release|Any CPU.ActiveCfg = Release|Any CPU
		{046F446B-58F9-4CFB-BD9F-8463A2D60C4E}.Release|Any CPU.Build.0 = Release|Any CPU
		{0605625E-E0B3-44E0-801D-2C37A19CAFAB}.Debug|Any CPU.ActiveCfg = Debug|Any CPU
		{0605625E-E0B3-44E0-801D-2C37A19CAFAB}.Debug|Any CPU.Build.0 = Debug|Any CPU
		{0605625E-E0B3-44E0-801D-2C37A19CAFAB}.Release|Any CPU.ActiveCfg = Release|Any CPU
		{0605625E-E0B3-44E0-801D-2C37A19CAFAB}.Release|Any CPU.Build.0 = Release|Any CPU
		{8A1DFE0D-3F26-4F44-9A7B-6CF856ECB158}.Debug|Any CPU.ActiveCfg = Debug|Any CPU
		{8A1DFE0D-3F26-4F44-9A7B-6CF856ECB158}.Debug|Any CPU.Build.0 = Debug|Any CPU
		{8A1DFE0D-3F26-4F44-9A7B-6CF856ECB158}.Release|Any CPU.ActiveCfg = Release|Any CPU
		{8A1DFE0D-3F26-4F44-9A7B-6CF856ECB158}.Release|Any CPU.Build.0 = Release|Any CPU
		{42BE7386-442A-4A9C-8AAC-A528390FEDB3}.Debug|Any CPU.ActiveCfg = Debug|Any CPU
		{42BE7386-442A-4A9C-8AAC-A528390FEDB3}.Debug|Any CPU.Build.0 = Debug|Any CPU
		{42BE7386-442A-4A9C-8AAC-A528390FEDB3}.Release|Any CPU.ActiveCfg = Release|Any CPU
		{42BE7386-442A-4A9C-8AAC-A528390FEDB3}.Release|Any CPU.Build.0 = Release|Any CPU
	EndGlobalSection
	GlobalSection(SolutionProperties) = preSolution
		HideSolutionNode = FALSE
	EndGlobalSection
EndGlobal
