
Microsoft Visual Studio Solution File, Format Version 12.00
# Visual Studio 14
VisualStudioVersion = 14.0.25420.1
MinimumVisualStudioVersion = 10.0.40219.1
Project("{FAE04EC0-301F-11D3-BF4B-00C04F79EFBC}") = "CSharpTest1", "CSharpTest1\CSharpTest1.csproj", "{36436CB1-E611-4567-8BD1-11027019291B}"
EndProject
Project("{FAE04EC0-301F-11D3-BF4B-00C04F79EFBC}") = "CSharpTest2", "CSharpTest2\CSharpTest2.csproj", "{686DCB8A-AC16-4F3E-9A40-66E107E38F94}"
EndProject
Project("{FAE04EC0-301F-11D3-BF4B-00C04F79EFBC}") = "CSharpTest3", "CSharpTest3\CSharpTest3.csproj", "{0B48846B-657A-483F-9EDD-22C10C598487}"
EndProject
Project("{FAE04EC0-301F-11D3-BF4B-00C04F79EFBC}") = "CSharpTest4", "CSharpTest4\CSharpTest4.csproj", "{011CE3A9-5DFD-4620-B3E4-C31BF3079A62}"
EndProject
Project("{FAE04EC0-301F-11D3-BF4B-00C04F79EFBC}") = "CSharpTest5", "CSharpTest5\CSharpTest5.csproj", "{BF246047-0ECE-4679-B32A-A624EC7F0BB9}"
EndProject
Project("{FAE04EC0-301F-11D3-BF4B-00C04F79EFBC}") = "CSharpTest6", "CSharpTest6\CSharpTest6.csproj", "{01D1A2F4-4085-44A9-9765-9CAC80458322}"
EndProject
Project("{FAE04EC0-301F-11D3-BF4B-00C04F79EFBC}") = "CSharpTest7", "CSharpTest7\CSharpTest7.csproj", "{41C4669C-C71D-4065-B5C9-0117483CA66E}"
EndProject
Project("{FAE04EC0-301F-11D3-BF4B-00C04F79EFBC}") = "CSharpTest8", "CSharpTest8\CSharpTest8.csproj", "{FFF0F4F8-10CD-42E7-8324-BBB4BAD9A75F}"
EndProject
Project("{FAE04EC0-301F-11D3-BF4B-00C04F79EFBC}") = "CSharpTest9", "CSharpTest9\CSharpTest9.csproj", "{C43B4D7A-546F-4219-A706-483987BC4546}"
EndProject
Project("{FAE04EC0-301F-11D3-BF4B-00C04F79EFBC}") = "CSharpTest10", "CSharpTest10\CSharpTest10.csproj", "{01752B43-8C79-4144-928B-67BA72860B40}"
EndProject
Project("{FAE04EC0-301F-11D3-BF4B-00C04F79EFBC}") = "CSharpTest11", "CSharpTest11\CSharpTest11.csproj", "{BFAE6D68-6115-43B9-B6C9-C34DF7DC84E7}"
EndProject
Project("{FAE04EC0-301F-11D3-BF4B-00C04F79EFBC}") = "CSharpTest12", "CSharpTest12\CSharpTest12.csproj", "{F26D16E2-9725-4B4F-9437-67834506D773}"
EndProject
Project("{FAE04EC0-301F-11D3-BF4B-00C04F79EFBC}") = "CSharpTest13", "CSharpTest13\CSharpTest13.csproj", "{C3A74222-4D1D-42D7-934D-2943DAC965CF}"
EndProject
Project("{FAE04EC0-301F-11D3-BF4B-00C04F79EFBC}") = "CSharpTest14", "CSharpTest14\CSharpTest14.csproj", "{C9681FCA-CC32-44A8-8481-5C887CDB82BF}"
EndProject
Project("{FAE04EC0-301F-11D3-BF4B-00C04F79EFBC}") = "CSharpTest15", "CSharpTest15\CSharpTest15.csproj", "{63E55BF4-09EA-440C-AB76-8C7AF58DA267}"
EndProject
Project("{FAE04EC0-301F-11D3-BF4B-00C04F79EFBC}") = "CSharpTest16", "CSharpTest16\CSharpTest16.csproj", "{7566D698-9EF2-45B7-AC6F-A58513280D16}"
EndProject
Project("{FAE04EC0-301F-11D3-BF4B-00C04F79EFBC}") = "CSharpTest17", "CSharpTest17\CSharpTest17.csproj", "{F16604E6-2585-4C9B-B378-27904698DF79}"
EndProject
Project("{FAE04EC0-301F-11D3-BF4B-00C04F79EFBC}") = "CSharpTest18", "CSharpTest18\CSharpTest18.csproj", "{F566D2FC-4F92-4626-98CC-80CB67A55829}"
EndProject
Project("{FAE04EC0-301F-11D3-BF4B-00C04F79EFBC}") = "CSharpTest19", "CSharpTest19\CSharpTest19.csproj", "{864B8922-6B0E-426A-BB3A-64B03567F181}"
EndProject
Project("{FAE04EC0-301F-11D3-BF4B-00C04F79EFBC}") = "CSharpTest20", "CSharpTest20\CSharpTest20.csproj", "{3363F9C4-18CB-46E6-8E97-8318DC0944AF}"
EndProject
Project("{FAE04EC0-301F-11D3-BF4B-00C04F79EFBC}") = "CSharpTest21", "CSharpTest21\CSharpTest21.csproj", "{98E82292-46ED-4157-AFBE-E806B8A89190}"
EndProject
Project("{FAE04EC0-301F-11D3-BF4B-00C04F79EFBC}") = "CSharpTest22", "CSharpTest22\CSharpTest22.csproj", "{289D0068-582E-47B9-AAD6-380690AB1FD8}"
EndProject
Project("{FAE04EC0-301F-11D3-BF4B-00C04F79EFBC}") = "CSharpTest23", "CSharpTest23\CSharpTest23.csproj", "{08DD560A-88E6-4FA3-BEC9-F56966751851}"
EndProject
Project("{FAE04EC0-301F-11D3-BF4B-00C04F79EFBC}") = "CSharpTest24", "CSharpTest24\CSharpTest24.csproj", "{34243EDC-630B-4EC1-932F-24FA9D3B00AA}"
EndProject
Project("{FAE04EC0-301F-11D3-BF4B-00C04F79EFBC}") = "CSharpTest25", "CSharpTest25\CSharpTest25.csproj", "{494A07C6-A3FF-4746-9826-DCF63FEE4D80}"
EndProject
Project("{FAE04EC0-301F-11D3-BF4B-00C04F79EFBC}") = "CSharpTest26", "CSharpTest26\CSharpTest26.csproj", "{56E87FBC-20A3-4F8B-89ED-E379EFEEF599}"
EndProject
Project("{FAE04EC0-301F-11D3-BF4B-00C04F79EFBC}") = "CSharpTest27", "CSharpTest27\CSharpTest27.csproj", "{2CCE349E-DC8C-4043-A510-642F89C5CD8F}"
EndProject
Project("{FAE04EC0-301F-11D3-BF4B-00C04F79EFBC}") = "CSharpTest28", "CSharpTest28\CSharpTest28.csproj", "{726BF0A3-0663-430C-A6BB-B598919C5938}"
EndProject
Project("{FAE04EC0-301F-11D3-BF4B-00C04F79EFBC}") = "CSharpTest29", "CSharpTest29\CSharpTest29.csproj", "{F60866CA-FB54-413D-9ABF-DB0F498C5E92}"
EndProject
Project("{FAE04EC0-301F-11D3-BF4B-00C04F79EFBC}") = "CSharpTest30", "CSharpTest30\CSharpTest30.csproj", "{CD60745D-20F3-466B-8DFE-0C8CD3CE1120}"
EndProject
Global
	GlobalSection(SolutionConfigurationPlatforms) = preSolution
		Debug|Any CPU = Debug|Any CPU
		Release|Any CPU = Release|Any CPU
	EndGlobalSection
	GlobalSection(ProjectConfigurationPlatforms) = postSolution
		{36436CB1-E611-4567-8BD1-11027019291B}.Debug|Any CPU.ActiveCfg = Debug|Any CPU
		{36436CB1-E611-4567-8BD1-11027019291B}.Debug|Any CPU.Build.0 = Debug|Any CPU
		{36436CB1-E611-4567-8BD1-11027019291B}.Release|Any CPU.ActiveCfg = Release|Any CPU
		{36436CB1-E611-4567-8BD1-11027019291B}.Release|Any CPU.Build.0 = Release|Any CPU
		{686DCB8A-AC16-4F3E-9A40-66E107E38F94}.Debug|Any CPU.ActiveCfg = Debug|Any CPU
		{686DCB8A-AC16-4F3E-9A40-66E107E38F94}.Debug|Any CPU.Build.0 = Debug|Any CPU
		{686DCB8A-AC16-4F3E-9A40-66E107E38F94}.Release|Any CPU.ActiveCfg = Release|Any CPU
		{686DCB8A-AC16-4F3E-9A40-66E107E38F94}.Release|Any CPU.Build.0 = Release|Any CPU
		{0B48846B-657A-483F-9EDD-22C10C598487}.Debug|Any CPU.ActiveCfg = Debug|Any CPU
		{0B48846B-657A-483F-9EDD-22C10C598487}.Debug|Any CPU.Build.0 = Debug|Any CPU
		{0B48846B-657A-483F-9EDD-22C10C598487}.Release|Any CPU.ActiveCfg = Release|Any CPU
		{0B48846B-657A-483F-9EDD-22C10C598487}.Release|Any CPU.Build.0 = Release|Any CPU
		{011CE3A9-5DFD-4620-B3E4-C31BF3079A62}.Debug|Any CPU.ActiveCfg = Debug|Any CPU
		{011CE3A9-5DFD-4620-B3E4-C31BF3079A62}.Debug|Any CPU.Build.0 = Debug|Any CPU
		{011CE3A9-5DFD-4620-B3E4-C31BF3079A62}.Release|Any CPU.ActiveCfg = Release|Any CPU
		{011CE3A9-5DFD-4620-B3E4-C31BF3079A62}.Release|Any CPU.Build.0 = Release|Any CPU
		{BF246047-0ECE-4679-B32A-A624EC7F0BB9}.Debug|Any CPU.ActiveCfg = Debug|Any CPU
		{BF246047-0ECE-4679-B32A-A624EC7F0BB9}.Debug|Any CPU.Build.0 = Debug|Any CPU
		{BF246047-0ECE-4679-B32A-A624EC7F0BB9}.Release|Any CPU.ActiveCfg = Release|Any CPU
		{BF246047-0ECE-4679-B32A-A624EC7F0BB9}.Release|Any CPU.Build.0 = Release|Any CPU
		{01D1A2F4-4085-44A9-9765-9CAC80458322}.Debug|Any CPU.ActiveCfg = Debug|Any CPU
		{01D1A2F4-4085-44A9-9765-9CAC80458322}.Debug|Any CPU.Build.0 = Debug|Any CPU
		{01D1A2F4-4085-44A9-9765-9CAC80458322}.Release|Any CPU.ActiveCfg = Release|Any CPU
		{01D1A2F4-4085-44A9-9765-9CAC80458322}.Release|Any CPU.Build.0 = Release|Any CPU
		{41C4669C-C71D-4065-B5C9-0117483CA66E}.Debug|Any CPU.ActiveCfg = Debug|Any CPU
		{41C4669C-C71D-4065-B5C9-0117483CA66E}.Debug|Any CPU.Build.0 = Debug|Any CPU
		{41C4669C-C71D-4065-B5C9-0117483CA66E}.Release|Any CPU.ActiveCfg = Release|Any CPU
		{41C4669C-C71D-4065-B5C9-0117483CA66E}.Release|Any CPU.Build.0 = Release|Any CPU
		{FFF0F4F8-10CD-42E7-8324-BBB4BAD9A75F}.Debug|Any CPU.ActiveCfg = Debug|Any CPU
		{FFF0F4F8-10CD-42E7-8324-BBB4BAD9A75F}.Debug|Any CPU.Build.0 = Debug|Any CPU
		{FFF0F4F8-10CD-42E7-8324-BBB4BAD9A75F}.Release|Any CPU.ActiveCfg = Release|Any CPU
		{FFF0F4F8-10CD-42E7-8324-BBB4BAD9A75F}.Release|Any CPU.Build.0 = Release|Any CPU
		{C43B4D7A-546F-4219-A706-483987BC4546}.Debug|Any CPU.ActiveCfg = Debug|Any CPU
		{C43B4D7A-546F-4219-A706-483987BC4546}.Debug|Any CPU.Build.0 = Debug|Any CPU
		{C43B4D7A-546F-4219-A706-483987BC4546}.Release|Any CPU.ActiveCfg = Release|Any CPU
		{C43B4D7A-546F-4219-A706-483987BC4546}.Release|Any CPU.Build.0 = Release|Any CPU
		{01752B43-8C79-4144-928B-67BA72860B40}.Debug|Any CPU.ActiveCfg = Debug|Any CPU
		{01752B43-8C79-4144-928B-67BA72860B40}.Debug|Any CPU.Build.0 = Debug|Any CPU
		{01752B43-8C79-4144-928B-67BA72860B40}.Release|Any CPU.ActiveCfg = Release|Any CPU
		{01752B43-8C79-4144-928B-67BA72860B40}.Release|Any CPU.Build.0 = Release|Any CPU
		{BFAE6D68-6115-43B9-B6C9-C34DF7DC84E7}.Debug|Any CPU.ActiveCfg = Debug|Any CPU
		{BFAE6D68-6115-43B9-B6C9-C34DF7DC84E7}.Debug|Any CPU.Build.0 = Debug|Any CPU
		{BFAE6D68-6115-43B9-B6C9-C34DF7DC84E7}.Release|Any CPU.ActiveCfg = Release|Any CPU
		{BFAE6D68-6115-43B9-B6C9-C34DF7DC84E7}.Release|Any CPU.Build.0 = Release|Any CPU
		{F26D16E2-9725-4B4F-9437-67834506D773}.Debug|Any CPU.ActiveCfg = Debug|Any CPU
		{F26D16E2-9725-4B4F-9437-67834506D773}.Debug|Any CPU.Build.0 = Debug|Any CPU
		{F26D16E2-9725-4B4F-9437-67834506D773}.Release|Any CPU.ActiveCfg = Release|Any CPU
		{F26D16E2-9725-4B4F-9437-67834506D773}.Release|Any CPU.Build.0 = Release|Any CPU
		{C3A74222-4D1D-42D7-934D-2943DAC965CF}.Debug|Any CPU.ActiveCfg = Debug|Any CPU
		{C3A74222-4D1D-42D7-934D-2943DAC965CF}.Debug|Any CPU.Build.0 = Debug|Any CPU
		{C3A74222-4D1D-42D7-934D-2943DAC965CF}.Release|Any CPU.ActiveCfg = Release|Any CPU
		{C3A74222-4D1D-42D7-934D-2943DAC965CF}.Release|Any CPU.Build.0 = Release|Any CPU
		{C9681FCA-CC32-44A8-8481-5C887CDB82BF}.Debug|Any CPU.ActiveCfg = Debug|Any CPU
		{C9681FCA-CC32-44A8-8481-5C887CDB82BF}.Debug|Any CPU.Build.0 = Debug|Any CPU
		{C9681FCA-CC32-44A8-8481-5C887CDB82BF}.Release|Any CPU.ActiveCfg = Release|Any CPU
		{C9681FCA-CC32-44A8-8481-5C887CDB82BF}.Release|Any CPU.Build.0 = Release|Any CPU
		{63E55BF4-09EA-440C-AB76-8C7AF58DA267}.Debug|Any CPU.ActiveCfg = Debug|Any CPU
		{63E55BF4-09EA-440C-AB76-8C7AF58DA267}.Debug|Any CPU.Build.0 = Debug|Any CPU
		{63E55BF4-09EA-440C-AB76-8C7AF58DA267}.Release|Any CPU.ActiveCfg = Release|Any CPU
		{63E55BF4-09EA-440C-AB76-8C7AF58DA267}.Release|Any CPU.Build.0 = Release|Any CPU
		{7566D698-9EF2-45B7-AC6F-A58513280D16}.Debug|Any CPU.ActiveCfg = Debug|Any CPU
		{7566D698-9EF2-45B7-AC6F-A58513280D16}.Debug|Any CPU.Build.0 = Debug|Any CPU
		{7566D698-9EF2-45B7-AC6F-A58513280D16}.Release|Any CPU.ActiveCfg = Release|Any CPU
		{7566D698-9EF2-45B7-AC6F-A58513280D16}.Release|Any CPU.Build.0 = Release|Any CPU
		{F16604E6-2585-4C9B-B378-27904698DF79}.Debug|Any CPU.ActiveCfg = Debug|Any CPU
		{F16604E6-2585-4C9B-B378-27904698DF79}.Debug|Any CPU.Build.0 = Debug|Any CPU
		{F16604E6-2585-4C9B-B378-27904698DF79}.Release|Any CPU.ActiveCfg = Release|Any CPU
		{F16604E6-2585-4C9B-B378-27904698DF79}.Release|Any CPU.Build.0 = Release|Any CPU
		{F566D2FC-4F92-4626-98CC-80CB67A55829}.Debug|Any CPU.ActiveCfg = Debug|Any CPU
		{F566D2FC-4F92-4626-98CC-80CB67A55829}.Debug|Any CPU.Build.0 = Debug|Any CPU
		{F566D2FC-4F92-4626-98CC-80CB67A55829}.Release|Any CPU.ActiveCfg = Release|Any CPU
		{F566D2FC-4F92-4626-98CC-80CB67A55829}.Release|Any CPU.Build.0 = Release|Any CPU
		{864B8922-6B0E-426A-BB3A-64B03567F181}.Debug|Any CPU.ActiveCfg = Debug|Any CPU
		{864B8922-6B0E-426A-BB3A-64B03567F181}.Debug|Any CPU.Build.0 = Debug|Any CPU
		{864B8922-6B0E-426A-BB3A-64B03567F181}.Release|Any CPU.ActiveCfg = Release|Any CPU
		{864B8922-6B0E-426A-BB3A-64B03567F181}.Release|Any CPU.Build.0 = Release|Any CPU
		{3363F9C4-18CB-46E6-8E97-8318DC0944AF}.Debug|Any CPU.ActiveCfg = Debug|Any CPU
		{3363F9C4-18CB-46E6-8E97-8318DC0944AF}.Debug|Any CPU.Build.0 = Debug|Any CPU
		{3363F9C4-18CB-46E6-8E97-8318DC0944AF}.Release|Any CPU.ActiveCfg = Release|Any CPU
		{3363F9C4-18CB-46E6-8E97-8318DC0944AF}.Release|Any CPU.Build.0 = Release|Any CPU
		{98E82292-46ED-4157-AFBE-E806B8A89190}.Debug|Any CPU.ActiveCfg = Debug|Any CPU
		{98E82292-46ED-4157-AFBE-E806B8A89190}.Debug|Any CPU.Build.0 = Debug|Any CPU
		{98E82292-46ED-4157-AFBE-E806B8A89190}.Release|Any CPU.ActiveCfg = Release|Any CPU
		{98E82292-46ED-4157-AFBE-E806B8A89190}.Release|Any CPU.Build.0 = Release|Any CPU
		{289D0068-582E-47B9-AAD6-380690AB1FD8}.Debug|Any CPU.ActiveCfg = Debug|Any CPU
		{289D0068-582E-47B9-AAD6-380690AB1FD8}.Debug|Any CPU.Build.0 = Debug|Any CPU
		{289D0068-582E-47B9-AAD6-380690AB1FD8}.Release|Any CPU.ActiveCfg = Release|Any CPU
		{289D0068-582E-47B9-AAD6-380690AB1FD8}.Release|Any CPU.Build.0 = Release|Any CPU
		{08DD560A-88E6-4FA3-BEC9-F56966751851}.Debug|Any CPU.ActiveCfg = Debug|Any CPU
		{08DD560A-88E6-4FA3-BEC9-F56966751851}.Debug|Any CPU.Build.0 = Debug|Any CPU
		{08DD560A-88E6-4FA3-BEC9-F56966751851}.Release|Any CPU.ActiveCfg = Release|Any CPU
		{08DD560A-88E6-4FA3-BEC9-F56966751851}.Release|Any CPU.Build.0 = Release|Any CPU
		{34243EDC-630B-4EC1-932F-24FA9D3B00AA}.Debug|Any CPU.ActiveCfg = Debug|Any CPU
		{34243EDC-630B-4EC1-932F-24FA9D3B00AA}.Debug|Any CPU.Build.0 = Debug|Any CPU
		{34243EDC-630B-4EC1-932F-24FA9D3B00AA}.Release|Any CPU.ActiveCfg = Release|Any CPU
		{34243EDC-630B-4EC1-932F-24FA9D3B00AA}.Release|Any CPU.Build.0 = Release|Any CPU
		{494A07C6-A3FF-4746-9826-DCF63FEE4D80}.Debug|Any CPU.ActiveCfg = Debug|Any CPU
		{494A07C6-A3FF-4746-9826-DCF63FEE4D80}.Debug|Any CPU.Build.0 = Debug|Any CPU
		{494A07C6-A3FF-4746-9826-DCF63FEE4D80}.Release|Any CPU.ActiveCfg = Release|Any CPU
		{494A07C6-A3FF-4746-9826-DCF63FEE4D80}.Release|Any CPU.Build.0 = Release|Any CPU
		{56E87FBC-20A3-4F8B-89ED-E379EFEEF599}.Debug|Any CPU.ActiveCfg = Debug|Any CPU
		{56E87FBC-20A3-4F8B-89ED-E379EFEEF599}.Debug|Any CPU.Build.0 = Debug|Any CPU
		{56E87FBC-20A3-4F8B-89ED-E379EFEEF599}.Release|Any CPU.ActiveCfg = Release|Any CPU
		{56E87FBC-20A3-4F8B-89ED-E379EFEEF599}.Release|Any CPU.Build.0 = Release|Any CPU
		{2CCE349E-DC8C-4043-A510-642F89C5CD8F}.Debug|Any CPU.ActiveCfg = Debug|Any CPU
		{2CCE349E-DC8C-4043-A510-642F89C5CD8F}.Debug|Any CPU.Build.0 = Debug|Any CPU
		{2CCE349E-DC8C-4043-A510-642F89C5CD8F}.Release|Any CPU.ActiveCfg = Release|Any CPU
		{2CCE349E-DC8C-4043-A510-642F89C5CD8F}.Release|Any CPU.Build.0 = Release|Any CPU
		{726BF0A3-0663-430C-A6BB-B598919C5938}.Debug|Any CPU.ActiveCfg = Debug|Any CPU
		{726BF0A3-0663-430C-A6BB-B598919C5938}.Debug|Any CPU.Build.0 = Debug|Any CPU
		{726BF0A3-0663-430C-A6BB-B598919C5938}.Release|Any CPU.ActiveCfg = Release|Any CPU
		{726BF0A3-0663-430C-A6BB-B598919C5938}.Release|Any CPU.Build.0 = Release|Any CPU
		{F60866CA-FB54-413D-9ABF-DB0F498C5E92}.Debug|Any CPU.ActiveCfg = Debug|Any CPU
		{F60866CA-FB54-413D-9ABF-DB0F498C5E92}.Debug|Any CPU.Build.0 = Debug|Any CPU
		{F60866CA-FB54-413D-9ABF-DB0F498C5E92}.Release|Any CPU.ActiveCfg = Release|Any CPU
		{F60866CA-FB54-413D-9ABF-DB0F498C5E92}.Release|Any CPU.Build.0 = Release|Any CPU
		{CD60745D-20F3-466B-8DFE-0C8CD3CE1120}.Debug|Any CPU.ActiveCfg = Debug|Any CPU
		{CD60745D-20F3-466B-8DFE-0C8CD3CE1120}.Debug|Any CPU.Build.0 = Debug|Any CPU
		{CD60745D-20F3-466B-8DFE-0C8CD3CE1120}.Release|Any CPU.ActiveCfg = Release|Any CPU
		{CD60745D-20F3-466B-8DFE-0C8CD3CE1120}.Release|Any CPU.Build.0 = Release|Any CPU
	EndGlobalSection
	GlobalSection(SolutionProperties) = preSolution
		HideSolutionNode = FALSE
	EndGlobalSection
EndGlobal
