
Microsoft Visual Studio Solution File, Format Version 12.00
# Visual Studio 14
VisualStudioVersion = 14.0.25420.1
MinimumVisualStudioVersion = 10.0.40219.1
Project("{FAE04EC0-301F-11D3-BF4B-00C04F79EFBC}") = "CSharpTest1", "CSharpTest1\CSharpTest1.csproj", "{686515F6-A2CD-4058-9522-468FDE014613}"
EndProject
Project("{FAE04EC0-301F-11D3-BF4B-00C04F79EFBC}") = "CSharpTest2", "CSharpTest2\CSharpTest2.csproj", "{42DF1CEA-7AF7-4BF4-AE76-D6D79E5418BD}"
EndProject
Project("{FAE04EC0-301F-11D3-BF4B-00C04F79EFBC}") = "CSharpTest3", "CSharpTest3\CSharpTest3.csproj", "{FAFBCF61-2A0E-46A5-8F9C-E8538CC4F703}"
EndProject
Project("{FAE04EC0-301F-11D3-BF4B-00C04F79EFBC}") = "CSharpTest4", "CSharpTest4\CSharpTest4.csproj", "{363132E3-F72B-41EE-8ECF-C19CA545E19E}"
EndProject
Project("{FAE04EC0-301F-11D3-BF4B-00C04F79EFBC}") = "CSharpTest5", "CSharpTest5\CSharpTest5.csproj", "{E489E81D-D381-4E0E-B589-788D72C1BC49}"
EndProject
Project("{FAE04EC0-301F-11D3-BF4B-00C04F79EFBC}") = "CSharpTest6", "CSharpTest6\CSharpTest6.csproj", "{78E44B7A-604C-4B50-AC9E-73CFE57493B8}"
EndProject
Project("{FAE04EC0-301F-11D3-BF4B-00C04F79EFBC}") = "CSharpTest7", "CSharpTest7\CSharpTest7.csproj", "{97ADAEDE-D935-4D41-BB92-EE6D78995DF1}"
EndProject
Project("{FAE04EC0-301F-11D3-BF4B-00C04F79EFBC}") = "CSharpTest8", "CSharpTest8\CSharpTest8.csproj", "{36F5B4B4-070B-466D-B8B5-803971639A5A}"
EndProject
Project("{FAE04EC0-301F-11D3-BF4B-00C04F79EFBC}") = "CSharpTest9", "CSharpTest9\CSharpTest9.csproj", "{20550C4D-890A-46CB-8860-F254E43A1E4A}"
EndProject
Project("{FAE04EC0-301F-11D3-BF4B-00C04F79EFBC}") = "CSharpTest10", "CSharpTest10\CSharpTest10.csproj", "{31477F06-5EAC-4DCF-BD66-E1B850B9CA48}"
EndProject
Project("{FAE04EC0-301F-11D3-BF4B-00C04F79EFBC}") = "CSharpTest11", "CSharpTest11\CSharpTest11.csproj", "{E129F8C4-EF5B-4970-A2A7-680505881C83}"
EndProject
Project("{FAE04EC0-301F-11D3-BF4B-00C04F79EFBC}") = "CSharpTest12", "CSharpTest12\CSharpTest12.csproj", "{E875C054-B626-4DE5-991D-ADBC4EEB0935}"
EndProject
Project("{FAE04EC0-301F-11D3-BF4B-00C04F79EFBC}") = "CSharpTest13", "CSharpTest13\CSharpTest13.csproj", "{81E0D6EB-70BA-49A1-A09F-B9F8DC0339D4}"
EndProject
Project("{FAE04EC0-301F-11D3-BF4B-00C04F79EFBC}") = "CSharpTest14", "CSharpTest14\CSharpTest14.csproj", "{4CBA2C90-6B35-458B-8EFA-92B1F8C96D2A}"
EndProject
Project("{FAE04EC0-301F-11D3-BF4B-00C04F79EFBC}") = "CSharpTest15", "CSharpTest15\CSharpTest15.csproj", "{E960A661-ED1A-4B6C-BCD0-B9039B750AC4}"
EndProject
Project("{FAE04EC0-301F-11D3-BF4B-00C04F79EFBC}") = "CSharpTest16", "CSharpTest16\CSharpTest16.csproj", "{BECDD535-E822-4BFD-9C19-FF965E3035F3}"
EndProject
Project("{FAE04EC0-301F-11D3-BF4B-00C04F79EFBC}") = "CSharpTest17", "CSharpTest17\CSharpTest17.csproj", "{9FBD6CFA-1990-4EFD-9A85-E9C4641AB1AF}"
EndProject
Project("{FAE04EC0-301F-11D3-BF4B-00C04F79EFBC}") = "CSharpTest18", "CSharpTest18\CSharpTest18.csproj", "{B671F0DB-3780-495F-BC41-166879132FBF}"
EndProject
Project("{FAE04EC0-301F-11D3-BF4B-00C04F79EFBC}") = "CSharpTest19", "CSharpTest19\CSharpTest19.csproj", "{E3288239-047D-475F-AA81-1BE34B4D6197}"
EndProject
Project("{FAE04EC0-301F-11D3-BF4B-00C04F79EFBC}") = "CSharpTest20", "CSharpTest20\CSharpTest20.csproj", "{6C6F4D69-B32E-4A5C-8BDC-4F36135A26FD}"
EndProject
Project("{FAE04EC0-301F-11D3-BF4B-00C04F79EFBC}") = "CSharpTest21", "CSharpTest21\CSharpTest21.csproj", "{27C8F1D4-64E8-46C1-9A75-40A2B05C9488}"
EndProject
Project("{FAE04EC0-301F-11D3-BF4B-00C04F79EFBC}") = "CSharpTest22", "CSharpTest22\CSharpTest22.csproj", "{0C7ADA65-B064-4863-8E48-B01AD04B8273}"
EndProject
Project("{FAE04EC0-301F-11D3-BF4B-00C04F79EFBC}") = "CSharpTest23", "CSharpTest23\CSharpTest23.csproj", "{AF02C4C5-950C-4E93-8239-66B80BC2BA24}"
EndProject
Project("{FAE04EC0-301F-11D3-BF4B-00C04F79EFBC}") = "CSharpTest24", "CSharpTest24\CSharpTest24.csproj", "{17B2B843-70A4-4E0B-A988-8648E8957C81}"
EndProject
Project("{FAE04EC0-301F-11D3-BF4B-00C04F79EFBC}") = "CSharpTest25", "CSharpTest25\CSharpTest25.csproj", "{2D00E96A-4437-45E2-BBC8-E6113EE32B07}"
EndProject
Project("{FAE04EC0-301F-11D3-BF4B-00C04F79EFBC}") = "CSharpTest26", "CSharpTest26\CSharpTest26.csproj", "{45BEAA27-5BFF-40F1-BE78-81A655BB1174}"
EndProject
Project("{FAE04EC0-301F-11D3-BF4B-00C04F79EFBC}") = "CSharpTest27", "CSharpTest27\CSharpTest27.csproj", "{418EFC9C-9DD7-43EB-97BF-DA63076A697A}"
EndProject
Project("{FAE04EC0-301F-11D3-BF4B-00C04F79EFBC}") = "CSharpTest28", "CSharpTest28\CSharpTest28.csproj", "{4F208B00-35BC-4795-A935-0DEE6C527353}"
EndProject
Project("{FAE04EC0-301F-11D3-BF4B-00C04F79EFBC}") = "CSharpTest29", "CSharpTest29\CSharpTest29.csproj", "{2A6566EB-C3EE-4FAF-BEF2-D02F8200DF72}"
EndProject
Project("{FAE04EC0-301F-11D3-BF4B-00C04F79EFBC}") = "CSharpTest30", "CSharpTest30\CSharpTest30.csproj", "{19145B1A-8779-4A57-92D8-231D2233BC0C}"
EndProject
Global
	GlobalSection(SolutionConfigurationPlatforms) = preSolution
		Debug|Any CPU = Debug|Any CPU
		Release|Any CPU = Release|Any CPU
	EndGlobalSection
	GlobalSection(ProjectConfigurationPlatforms) = postSolution
		{686515F6-A2CD-4058-9522-468FDE014613}.Debug|Any CPU.ActiveCfg = Debug|Any CPU
		{686515F6-A2CD-4058-9522-468FDE014613}.Debug|Any CPU.Build.0 = Debug|Any CPU
		{686515F6-A2CD-4058-9522-468FDE014613}.Release|Any CPU.ActiveCfg = Release|Any CPU
		{686515F6-A2CD-4058-9522-468FDE014613}.Release|Any CPU.Build.0 = Release|Any CPU
		{42DF1CEA-7AF7-4BF4-AE76-D6D79E5418BD}.Debug|Any CPU.ActiveCfg = Debug|Any CPU
		{42DF1CEA-7AF7-4BF4-AE76-D6D79E5418BD}.Debug|Any CPU.Build.0 = Debug|Any CPU
		{42DF1CEA-7AF7-4BF4-AE76-D6D79E5418BD}.Release|Any CPU.ActiveCfg = Release|Any CPU
		{42DF1CEA-7AF7-4BF4-AE76-D6D79E5418BD}.Release|Any CPU.Build.0 = Release|Any CPU
		{FAFBCF61-2A0E-46A5-8F9C-E8538CC4F703}.Debug|Any CPU.ActiveCfg = Debug|Any CPU
		{FAFBCF61-2A0E-46A5-8F9C-E8538CC4F703}.Debug|Any CPU.Build.0 = Debug|Any CPU
		{FAFBCF61-2A0E-46A5-8F9C-E8538CC4F703}.Release|Any CPU.ActiveCfg = Release|Any CPU
		{FAFBCF61-2A0E-46A5-8F9C-E8538CC4F703}.Release|Any CPU.Build.0 = Release|Any CPU
		{363132E3-F72B-41EE-8ECF-C19CA545E19E}.Debug|Any CPU.ActiveCfg = Debug|Any CPU
		{363132E3-F72B-41EE-8ECF-C19CA545E19E}.Debug|Any CPU.Build.0 = Debug|Any CPU
		{363132E3-F72B-41EE-8ECF-C19CA545E19E}.Release|Any CPU.ActiveCfg = Release|Any CPU
		{363132E3-F72B-41EE-8ECF-C19CA545E19E}.Release|Any CPU.Build.0 = Release|Any CPU
		{E489E81D-D381-4E0E-B589-788D72C1BC49}.Debug|Any CPU.ActiveCfg = Debug|Any CPU
		{E489E81D-D381-4E0E-B589-788D72C1BC49}.Debug|Any CPU.Build.0 = Debug|Any CPU
		{E489E81D-D381-4E0E-B589-788D72C1BC49}.Release|Any CPU.ActiveCfg = Release|Any CPU
		{E489E81D-D381-4E0E-B589-788D72C1BC49}.Release|Any CPU.Build.0 = Release|Any CPU
		{78E44B7A-604C-4B50-AC9E-73CFE57493B8}.Debug|Any CPU.ActiveCfg = Debug|Any CPU
		{78E44B7A-604C-4B50-AC9E-73CFE57493B8}.Debug|Any CPU.Build.0 = Debug|Any CPU
		{78E44B7A-604C-4B50-AC9E-73CFE57493B8}.Release|Any CPU.ActiveCfg = Release|Any CPU
		{78E44B7A-604C-4B50-AC9E-73CFE57493B8}.Release|Any CPU.Build.0 = Release|Any CPU
		{97ADAEDE-D935-4D41-BB92-EE6D78995DF1}.Debug|Any CPU.ActiveCfg = Debug|Any CPU
		{97ADAEDE-D935-4D41-BB92-EE6D78995DF1}.Debug|Any CPU.Build.0 = Debug|Any CPU
		{97ADAEDE-D935-4D41-BB92-EE6D78995DF1}.Release|Any CPU.ActiveCfg = Release|Any CPU
		{97ADAEDE-D935-4D41-BB92-EE6D78995DF1}.Release|Any CPU.Build.0 = Release|Any CPU
		{36F5B4B4-070B-466D-B8B5-803971639A5A}.Debug|Any CPU.ActiveCfg = Debug|Any CPU
		{36F5B4B4-070B-466D-B8B5-803971639A5A}.Debug|Any CPU.Build.0 = Debug|Any CPU
		{36F5B4B4-070B-466D-B8B5-803971639A5A}.Release|Any CPU.ActiveCfg = Release|Any CPU
		{36F5B4B4-070B-466D-B8B5-803971639A5A}.Release|Any CPU.Build.0 = Release|Any CPU
		{20550C4D-890A-46CB-8860-F254E43A1E4A}.Debug|Any CPU.ActiveCfg = Debug|Any CPU
		{20550C4D-890A-46CB-8860-F254E43A1E4A}.Debug|Any CPU.Build.0 = Debug|Any CPU
		{20550C4D-890A-46CB-8860-F254E43A1E4A}.Release|Any CPU.ActiveCfg = Release|Any CPU
		{20550C4D-890A-46CB-8860-F254E43A1E4A}.Release|Any CPU.Build.0 = Release|Any CPU
		{31477F06-5EAC-4DCF-BD66-E1B850B9CA48}.Debug|Any CPU.ActiveCfg = Debug|Any CPU
		{31477F06-5EAC-4DCF-BD66-E1B850B9CA48}.Debug|Any CPU.Build.0 = Debug|Any CPU
		{31477F06-5EAC-4DCF-BD66-E1B850B9CA48}.Release|Any CPU.ActiveCfg = Release|Any CPU
		{31477F06-5EAC-4DCF-BD66-E1B850B9CA48}.Release|Any CPU.Build.0 = Release|Any CPU
		{E129F8C4-EF5B-4970-A2A7-680505881C83}.Debug|Any CPU.ActiveCfg = Debug|Any CPU
		{E129F8C4-EF5B-4970-A2A7-680505881C83}.Debug|Any CPU.Build.0 = Debug|Any CPU
		{E129F8C4-EF5B-4970-A2A7-680505881C83}.Release|Any CPU.ActiveCfg = Release|Any CPU
		{E129F8C4-EF5B-4970-A2A7-680505881C83}.Release|Any CPU.Build.0 = Release|Any CPU
		{E875C054-B626-4DE5-991D-ADBC4EEB0935}.Debug|Any CPU.ActiveCfg = Debug|Any CPU
		{E875C054-B626-4DE5-991D-ADBC4EEB0935}.Debug|Any CPU.Build.0 = Debug|Any CPU
		{E875C054-B626-4DE5-991D-ADBC4EEB0935}.Release|Any CPU.ActiveCfg = Release|Any CPU
		{E875C054-B626-4DE5-991D-ADBC4EEB0935}.Release|Any CPU.Build.0 = Release|Any CPU
		{81E0D6EB-70BA-49A1-A09F-B9F8DC0339D4}.Debug|Any CPU.ActiveCfg = Debug|Any CPU
		{81E0D6EB-70BA-49A1-A09F-B9F8DC0339D4}.Debug|Any CPU.Build.0 = Debug|Any CPU
		{81E0D6EB-70BA-49A1-A09F-B9F8DC0339D4}.Release|Any CPU.ActiveCfg = Release|Any CPU
		{81E0D6EB-70BA-49A1-A09F-B9F8DC0339D4}.Release|Any CPU.Build.0 = Release|Any CPU
		{4CBA2C90-6B35-458B-8EFA-92B1F8C96D2A}.Debug|Any CPU.ActiveCfg = Debug|Any CPU
		{4CBA2C90-6B35-458B-8EFA-92B1F8C96D2A}.Debug|Any CPU.Build.0 = Debug|Any CPU
		{4CBA2C90-6B35-458B-8EFA-92B1F8C96D2A}.Release|Any CPU.ActiveCfg = Release|Any CPU
		{4CBA2C90-6B35-458B-8EFA-92B1F8C96D2A}.Release|Any CPU.Build.0 = Release|Any CPU
		{E960A661-ED1A-4B6C-BCD0-B9039B750AC4}.Debug|Any CPU.ActiveCfg = Debug|Any CPU
		{E960A661-ED1A-4B6C-BCD0-B9039B750AC4}.Debug|Any CPU.Build.0 = Debug|Any CPU
		{E960A661-ED1A-4B6C-BCD0-B9039B750AC4}.Release|Any CPU.ActiveCfg = Release|Any CPU
		{E960A661-ED1A-4B6C-BCD0-B9039B750AC4}.Release|Any CPU.Build.0 = Release|Any CPU
		{BECDD535-E822-4BFD-9C19-FF965E3035F3}.Debug|Any CPU.ActiveCfg = Debug|Any CPU
		{BECDD535-E822-4BFD-9C19-FF965E3035F3}.Debug|Any CPU.Build.0 = Debug|Any CPU
		{BECDD535-E822-4BFD-9C19-FF965E3035F3}.Release|Any CPU.ActiveCfg = Release|Any CPU
		{BECDD535-E822-4BFD-9C19-FF965E3035F3}.Release|Any CPU.Build.0 = Release|Any CPU
		{9FBD6CFA-1990-4EFD-9A85-E9C4641AB1AF}.Debug|Any CPU.ActiveCfg = Debug|Any CPU
		{9FBD6CFA-1990-4EFD-9A85-E9C4641AB1AF}.Debug|Any CPU.Build.0 = Debug|Any CPU
		{9FBD6CFA-1990-4EFD-9A85-E9C4641AB1AF}.Release|Any CPU.ActiveCfg = Release|Any CPU
		{9FBD6CFA-1990-4EFD-9A85-E9C4641AB1AF}.Release|Any CPU.Build.0 = Release|Any CPU
		{B671F0DB-3780-495F-BC41-166879132FBF}.Debug|Any CPU.ActiveCfg = Debug|Any CPU
		{B671F0DB-3780-495F-BC41-166879132FBF}.Debug|Any CPU.Build.0 = Debug|Any CPU
		{B671F0DB-3780-495F-BC41-166879132FBF}.Release|Any CPU.ActiveCfg = Release|Any CPU
		{B671F0DB-3780-495F-BC41-166879132FBF}.Release|Any CPU.Build.0 = Release|Any CPU
		{E3288239-047D-475F-AA81-1BE34B4D6197}.Debug|Any CPU.ActiveCfg = Debug|Any CPU
		{E3288239-047D-475F-AA81-1BE34B4D6197}.Debug|Any CPU.Build.0 = Debug|Any CPU
		{E3288239-047D-475F-AA81-1BE34B4D6197}.Release|Any CPU.ActiveCfg = Release|Any CPU
		{E3288239-047D-475F-AA81-1BE34B4D6197}.Release|Any CPU.Build.0 = Release|Any CPU
		{6C6F4D69-B32E-4A5C-8BDC-4F36135A26FD}.Debug|Any CPU.ActiveCfg = Debug|Any CPU
		{6C6F4D69-B32E-4A5C-8BDC-4F36135A26FD}.Debug|Any CPU.Build.0 = Debug|Any CPU
		{6C6F4D69-B32E-4A5C-8BDC-4F36135A26FD}.Release|Any CPU.ActiveCfg = Release|Any CPU
		{6C6F4D69-B32E-4A5C-8BDC-4F36135A26FD}.Release|Any CPU.Build.0 = Release|Any CPU
		{27C8F1D4-64E8-46C1-9A75-40A2B05C9488}.Debug|Any CPU.ActiveCfg = Debug|Any CPU
		{27C8F1D4-64E8-46C1-9A75-40A2B05C9488}.Debug|Any CPU.Build.0 = Debug|Any CPU
		{27C8F1D4-64E8-46C1-9A75-40A2B05C9488}.Release|Any CPU.ActiveCfg = Release|Any CPU
		{27C8F1D4-64E8-46C1-9A75-40A2B05C9488}.Release|Any CPU.Build.0 = Release|Any CPU
		{0C7ADA65-B064-4863-8E48-B01AD04B8273}.Debug|Any CPU.ActiveCfg = Debug|Any CPU
		{0C7ADA65-B064-4863-8E48-B01AD04B8273}.Debug|Any CPU.Build.0 = Debug|Any CPU
		{0C7ADA65-B064-4863-8E48-B01AD04B8273}.Release|Any CPU.ActiveCfg = Release|Any CPU
		{0C7ADA65-B064-4863-8E48-B01AD04B8273}.Release|Any CPU.Build.0 = Release|Any CPU
		{AF02C4C5-950C-4E93-8239-66B80BC2BA24}.Debug|Any CPU.ActiveCfg = Debug|Any CPU
		{AF02C4C5-950C-4E93-8239-66B80BC2BA24}.Debug|Any CPU.Build.0 = Debug|Any CPU
		{AF02C4C5-950C-4E93-8239-66B80BC2BA24}.Release|Any CPU.ActiveCfg = Release|Any CPU
		{AF02C4C5-950C-4E93-8239-66B80BC2BA24}.Release|Any CPU.Build.0 = Release|Any CPU
		{17B2B843-70A4-4E0B-A988-8648E8957C81}.Debug|Any CPU.ActiveCfg = Debug|Any CPU
		{17B2B843-70A4-4E0B-A988-8648E8957C81}.Debug|Any CPU.Build.0 = Debug|Any CPU
		{17B2B843-70A4-4E0B-A988-8648E8957C81}.Release|Any CPU.ActiveCfg = Release|Any CPU
		{17B2B843-70A4-4E0B-A988-8648E8957C81}.Release|Any CPU.Build.0 = Release|Any CPU
		{2D00E96A-4437-45E2-BBC8-E6113EE32B07}.Debug|Any CPU.ActiveCfg = Debug|Any CPU
		{2D00E96A-4437-45E2-BBC8-E6113EE32B07}.Debug|Any CPU.Build.0 = Debug|Any CPU
		{2D00E96A-4437-45E2-BBC8-E6113EE32B07}.Release|Any CPU.ActiveCfg = Release|Any CPU
		{2D00E96A-4437-45E2-BBC8-E6113EE32B07}.Release|Any CPU.Build.0 = Release|Any CPU
		{45BEAA27-5BFF-40F1-BE78-81A655BB1174}.Debug|Any CPU.ActiveCfg = Debug|Any CPU
		{45BEAA27-5BFF-40F1-BE78-81A655BB1174}.Debug|Any CPU.Build.0 = Debug|Any CPU
		{45BEAA27-5BFF-40F1-BE78-81A655BB1174}.Release|Any CPU.ActiveCfg = Release|Any CPU
		{45BEAA27-5BFF-40F1-BE78-81A655BB1174}.Release|Any CPU.Build.0 = Release|Any CPU
		{418EFC9C-9DD7-43EB-97BF-DA63076A697A}.Debug|Any CPU.ActiveCfg = Debug|Any CPU
		{418EFC9C-9DD7-43EB-97BF-DA63076A697A}.Debug|Any CPU.Build.0 = Debug|Any CPU
		{418EFC9C-9DD7-43EB-97BF-DA63076A697A}.Release|Any CPU.ActiveCfg = Release|Any CPU
		{418EFC9C-9DD7-43EB-97BF-DA63076A697A}.Release|Any CPU.Build.0 = Release|Any CPU
		{4F208B00-35BC-4795-A935-0DEE6C527353}.Debug|Any CPU.ActiveCfg = Debug|Any CPU
		{4F208B00-35BC-4795-A935-0DEE6C527353}.Debug|Any CPU.Build.0 = Debug|Any CPU
		{4F208B00-35BC-4795-A935-0DEE6C527353}.Release|Any CPU.ActiveCfg = Release|Any CPU
		{4F208B00-35BC-4795-A935-0DEE6C527353}.Release|Any CPU.Build.0 = Release|Any CPU
		{2A6566EB-C3EE-4FAF-BEF2-D02F8200DF72}.Debug|Any CPU.ActiveCfg = Debug|Any CPU
		{2A6566EB-C3EE-4FAF-BEF2-D02F8200DF72}.Debug|Any CPU.Build.0 = Debug|Any CPU
		{2A6566EB-C3EE-4FAF-BEF2-D02F8200DF72}.Release|Any CPU.ActiveCfg = Release|Any CPU
		{2A6566EB-C3EE-4FAF-BEF2-D02F8200DF72}.Release|Any CPU.Build.0 = Release|Any CPU
		{19145B1A-8779-4A57-92D8-231D2233BC0C}.Debug|Any CPU.ActiveCfg = Debug|Any CPU
		{19145B1A-8779-4A57-92D8-231D2233BC0C}.Debug|Any CPU.Build.0 = Debug|Any CPU
		{19145B1A-8779-4A57-92D8-231D2233BC0C}.Release|Any CPU.ActiveCfg = Release|Any CPU
		{19145B1A-8779-4A57-92D8-231D2233BC0C}.Release|Any CPU.Build.0 = Release|Any CPU
	EndGlobalSection
	GlobalSection(SolutionProperties) = preSolution
		HideSolutionNode = FALSE
	EndGlobalSection
EndGlobal
