
Microsoft Visual Studio Solution File, Format Version 12.00
# Visual Studio 2012
Project("{F2A71F9B-5D33-465A-A702-920D77279786}") = "Sample_VS2012_FSharp_ConsoleApp_net45", "Sample_VS2012_FSharp_ConsoleApp_net45\Sample_VS2012_FSharp_ConsoleApp_net45.fsproj", "{B5B8C6FD-D77D-46E6-A9C5-5D78200668CC}"
EndProject
Global
	GlobalSection(SolutionConfigurationPlatforms) = preSolution
		Debug|Any CPU = Debug|Any CPU
		Release|Any CPU = Release|Any CPU
	EndGlobalSection
	GlobalSection(ProjectConfigurationPlatforms) = postSolution
		{B5B8C6FD-D77D-46E6-A9C5-5D78200668CC}.Debug|Any CPU.ActiveCfg = Debug|Any CPU
		{B5B8C6FD-D77D-46E6-A9C5-5D78200668CC}.Debug|Any CPU.Build.0 = Debug|Any CPU
		{B5B8C6FD-D77D-46E6-A9C5-5D78200668CC}.Release|Any CPU.ActiveCfg = Release|Any CPU
		{B5B8C6FD-D77D-46E6-A9C5-5D78200668CC}.Release|Any CPU.Build.0 = Release|Any CPU
	EndGlobalSection
	GlobalSection(SolutionProperties) = preSolution
		HideSolutionNode = FALSE
	EndGlobalSection
EndGlobal
